{
  "version": 4,
  "terraform_version": "0.12",
  "serial": 89,
  "lineage": "f595f9f1-9d2c-48c1-7ac1-82a3befb6d88",
  "outputs": {
    "kafka_broker_ids": {
      "value": [
        [
          "i-0ca0d39123917e617",
          "i-03f1a7d4431ff52d7",
          "i-0836bb8a670328f95",
          "i-0eb2baa34e86ee5cb",
          "i-003faad9cf29da3f9"
        ]
      ],
      "type": [
        "tuple",
        [
          [
            "tuple",
            [
              "string",
              "string",
              "string",
              "string",
              "string"
            ]
          ]
        ]
      ]
    },
    "kafka_broker_sg": {
      "value": "sg-0a0677b50097cbe12",
      "type": "string"
    },
    "kafka_lb_sg": {
      "value": "sg-0b40aeb0198032e2a",
      "type": "string"
    },
    "kafka_zookeeper_ids": {
      "value": [
        [
          "i-0d27ac19ec8b9f71c",
          "i-056f8e22cacc4859d",
          "i-0e22efb498d722cd9",
          "i-0830720007b4416d4",
          "i-05a3f6b453d16508e"
        ]
      ],
      "type": [
        "tuple",
        [
          [
            "tuple",
            [
              "string",
              "string",
              "string",
              "string",
              "string"
            ]
          ]
        ]
      ]
    }
  },
  "resources": [
    {
      "mode": "data",
      "type": "aws_availability_zones",
      "name": "available",
      "provider": "provider.aws",
      "instances": [
        {
          "schema_version": 0,
          "attributes": {
            "blacklisted_names": null,
            "blacklisted_zone_ids": null,
            "id": "2020-02-25 07:09:35.4097075 +0000 UTC",
            "names": [
              "eu-central-1a",
              "eu-central-1b",
              "eu-central-1c"
            ],
            "state": null,
            "zone_ids": [
              "euc1-az2",
              "euc1-az3",
              "euc1-az1"
            ]
          }
        }
      ]
    },
    {
      "mode": "data",
      "type": "aws_network_interface",
      "name": "cc_ifs",
      "each": "list",
      "provider": "provider.aws",
      "instances": [
        {
          "index_key": 0,
          "schema_version": 0,
          "attributes": {
            "association": null,
            "attachment": [
              {
                "attachment_id": "ela-attach-af7f0f8e",
                "device_index": 1,
                "instance_id": "",
                "instance_owner_id": ""
              }
            ],
            "availability_zone": "eu-central-1c",
            "description": "ELB net/kafka-controlcenter-lb/61f492f1abb766bd",
            "filter": null,
            "id": "eni-06883238dcc69d16f",
            "interface_type": "network_load_balancer",
            "ipv6_addresses": [],
            "mac_address": "0a:b4:34:bf:8c:aa",
            "owner_id": "375200909709",
            "private_dns_name": "ip-10-90-60-106.eu-central-1.compute.internal",
            "private_ip": "10.90.60.106",
            "private_ips": [
              "10.90.60.106"
            ],
            "requester_id": "619392343837",
            "security_groups": [],
            "subnet_id": "subnet-02c939986a0186bae",
            "tags": {
              "Confidentiality": "C3",
              "Environment": "PROD",
              "ManagedBy": "m.schueller@vodafone.com",
              "Project": "Solstice",
              "SecurityZone": "I-A",
              "TaggingVersion": "V2.4"
            },
            "vpc_id": "vpc-0f4be40686a77bf6f"
          }
        },
        {
          "index_key": 1,
          "schema_version": 0,
          "attributes": {
            "association": null,
            "attachment": [
              {
                "attachment_id": "ela-attach-057e4122",
                "device_index": 1,
                "instance_id": "",
                "instance_owner_id": ""
              }
            ],
            "availability_zone": "eu-central-1a",
            "description": "ELB net/kafka-controlcenter-lb/61f492f1abb766bd",
            "filter": null,
            "id": "eni-0ce2f0f852b481efd",
            "interface_type": "network_load_balancer",
            "ipv6_addresses": [],
            "mac_address": "02:16:5f:56:7d:80",
            "owner_id": "375200909709",
            "private_dns_name": "ip-10-90-0-195.eu-central-1.compute.internal",
            "private_ip": "10.90.0.195",
            "private_ips": [
              "10.90.0.195"
            ],
            "requester_id": "615402291668",
            "security_groups": [],
            "subnet_id": "subnet-0975cea45078aed61",
            "tags": {
              "Confidentiality": "C3",
              "Environment": "PROD",
              "ManagedBy": "m.schueller@vodafone.com",
              "Project": "Solstice",
              "SecurityZone": "I-A",
              "TaggingVersion": "V2.4"
            },
            "vpc_id": "vpc-0f4be40686a77bf6f"
          }
        },
        {
          "index_key": 2,
          "schema_version": 0,
          "attributes": {
            "association": null,
            "attachment": [
              {
                "attachment_id": "ela-attach-490b5b74",
                "device_index": 1,
                "instance_id": "",
                "instance_owner_id": ""
              }
            ],
            "availability_zone": "eu-central-1b",
            "description": "ELB net/kafka-controlcenter-lb/61f492f1abb766bd",
            "filter": null,
            "id": "eni-0e8bb6402447fe9e4",
            "interface_type": "network_load_balancer",
            "ipv6_addresses": [],
            "mac_address": "06:36:c7:22:48:f4",
            "owner_id": "375200909709",
            "private_dns_name": "ip-10-90-30-229.eu-central-1.compute.internal",
            "private_ip": "10.90.30.229",
            "private_ips": [
              "10.90.30.229"
            ],
            "requester_id": "258463531763",
            "security_groups": [],
            "subnet_id": "subnet-07c851afbb0ad8e73",
            "tags": {
              "Confidentiality": "C3",
              "Environment": "PROD",
              "ManagedBy": "m.schueller@vodafone.com",
              "Project": "Solstice",
              "SecurityZone": "I-A",
              "TaggingVersion": "V2.4"
            },
            "vpc_id": "vpc-0f4be40686a77bf6f"
          }
        }
      ]
    },
    {
      "mode": "data",
      "type": "aws_network_interface",
      "name": "ifs",
      "each": "list",
      "provider": "provider.aws",
      "instances": [
        {
          "index_key": 0,
          "schema_version": 0,
          "attributes": {
            "association": null,
            "attachment": [
              {
                "attachment_id": "ela-attach-98a3eebf",
                "device_index": 1,
                "instance_id": "",
                "instance_owner_id": ""
              }
            ],
            "availability_zone": "eu-central-1a",
            "description": "ELB net/kafka-broker-lb/30fcfe28f81ab7ac",
            "filter": null,
            "id": "eni-00151a8605f7a6927",
            "interface_type": "network_load_balancer",
            "ipv6_addresses": [],
            "mac_address": "02:9d:ea:4b:e7:62",
            "owner_id": "375200909709",
            "private_dns_name": "ip-10-90-0-101.eu-central-1.compute.internal",
            "private_ip": "10.90.0.101",
            "private_ips": [
              "10.90.0.101"
            ],
            "requester_id": "615402291668",
            "security_groups": [],
            "subnet_id": "subnet-0975cea45078aed61",
            "tags": {
              "Confidentiality": "C3",
              "Environment": "TEST",
              "ManagedBy": "m.schueller@vodafone.com",
              "Project": "Solstice",
              "SecurityZone": "I-A",
              "TaggingVersion": "V2.4"
            },
            "vpc_id": "vpc-0f4be40686a77bf6f"
          }
        },
        {
          "index_key": 1,
          "schema_version": 0,
          "attributes": {
            "association": null,
            "attachment": [
              {
                "attachment_id": "ela-attach-ca9007eb",
                "device_index": 1,
                "instance_id": "",
                "instance_owner_id": ""
              }
            ],
            "availability_zone": "eu-central-1c",
            "description": "ELB net/kafka-broker-lb/30fcfe28f81ab7ac",
            "filter": null,
            "id": "eni-0027f0440530d4d21",
            "interface_type": "network_load_balancer",
            "ipv6_addresses": [],
            "mac_address": "0a:3b:b2:d7:61:fe",
            "owner_id": "375200909709",
            "private_dns_name": "ip-10-90-60-225.eu-central-1.compute.internal",
            "private_ip": "10.90.60.225",
            "private_ips": [
              "10.90.60.225"
            ],
            "requester_id": "619392343837",
            "security_groups": [],
            "subnet_id": "subnet-02c939986a0186bae",
            "tags": {
              "Confidentiality": "C3",
              "Environment": "TEST",
              "ManagedBy": "m.schueller@vodafone.com",
              "Project": "Solstice",
              "SecurityZone": "I-A",
              "TaggingVersion": "V2.4"
            },
            "vpc_id": "vpc-0f4be40686a77bf6f"
          }
        },
        {
          "index_key": 2,
          "schema_version": 0,
          "attributes": {
            "association": null,
            "attachment": [
              {
                "attachment_id": "ela-attach-57ccae6a",
                "device_index": 1,
                "instance_id": "",
                "instance_owner_id": ""
              }
            ],
            "availability_zone": "eu-central-1b",
            "description": "ELB net/kafka-broker-lb/30fcfe28f81ab7ac",
            "filter": null,
            "id": "eni-05914af306187e92f",
            "interface_type": "network_load_balancer",
            "ipv6_addresses": [],
            "mac_address": "06:5d:67:91:86:80",
            "owner_id": "375200909709",
            "private_dns_name": "ip-10-90-30-96.eu-central-1.compute.internal",
            "private_ip": "10.90.30.96",
            "private_ips": [
              "10.90.30.96"
            ],
            "requester_id": "258463531763",
            "security_groups": [],
            "subnet_id": "subnet-07c851afbb0ad8e73",
            "tags": {
              "Confidentiality": "C3",
              "Environment": "TEST",
              "ManagedBy": "m.schueller@vodafone.com",
              "Project": "Solstice",
              "SecurityZone": "I-A",
              "TaggingVersion": "V2.4"
            },
            "vpc_id": "vpc-0f4be40686a77bf6f"
          }
        }
      ]
    },
    {
      "mode": "data",
      "type": "aws_network_interfaces",
      "name": "this",
      "provider": "provider.aws",
      "instances": [
        {
          "schema_version": 0,
          "attributes": {
            "filter": [
              {
                "name": "attachment.status",
                "values": [
                  "attached"
                ]
              },
              {
                "name": "description",
                "values": [
                  "ELB net/kafka-broker-lb/*"
                ]
              },
              {
                "name": "status",
                "values": [
                  "in-use"
                ]
              },
              {
                "name": "vpc-id",
                "values": [
                  "vpc-0f4be40686a77bf6f"
                ]
              }
            ],
            "id": "terraform-20200225070937691300000002",
            "ids": [
              "eni-00151a8605f7a6927",
              "eni-0027f0440530d4d21",
              "eni-05914af306187e92f"
            ],
            "tags": null
          }
        }
      ]
    },
    {
      "mode": "data",
      "type": "aws_network_interfaces",
      "name": "thisCC",
      "provider": "provider.aws",
      "instances": [
        {
          "schema_version": 0,
          "attributes": {
            "filter": [
              {
                "name": "attachment.status",
                "values": [
                  "attached"
                ]
              },
              {
                "name": "description",
                "values": [
                  "ELB net/kafka-controlcenter-lb/*"
                ]
              },
              {
                "name": "status",
                "values": [
                  "in-use"
                ]
              },
              {
                "name": "vpc-id",
                "values": [
                  "vpc-0f4be40686a77bf6f"
                ]
              }
            ],
            "id": "terraform-20200225070937674700000001",
            "ids": [
              "eni-06883238dcc69d16f",
              "eni-0ce2f0f852b481efd",
              "eni-0e8bb6402447fe9e4"
            ],
            "tags": null
          }
        }
      ]
    },
    {
      "mode": "data",
      "type": "aws_security_group",
      "name": "bastion_sg",
      "provider": "provider.aws",
      "instances": [
        {
          "schema_version": 0,
          "attributes": {
            "arn": "arn:aws:ec2:eu-central-1:375200909709:security-group/sg-0c995a3c65b1841ca",
            "description": "allow ssh inbound traffic",
            "filter": [
              {
                "name": "tag:Name",
                "values": [
                  "vfde-production-cim-eucentral1-sg-PROD-bastion-ec2-m2"
                ]
              }
            ],
            "id": "sg-0c995a3c65b1841ca",
            "name": "vfde-production-cim-eucentral1-sg-sbox-bastion-ec2-m2",
            "tags": {
              "BU": "LOCAL-MARKET",
              "BusinessService": "VFDE-AWS-PROD-CIM-DEV",
              "Confidentiality": "C2",
              "Environment": "PROD",
              "GeneratedBy": "Cloudfiction TF",
              "LMEntity": "VFDE",
              "ManagedBy": "TI-InfraAnalyse.Auftragseingang@Vodafone.com",
              "Name": "vfde-production-cim-eucentral1-sg-PROD-bastion-ec2-m2",
              "NetworkType": "M2",
              "PONumber": "PO1502454835",
              "Project": "CIM-Production",
              "SecurityZone": "I-A",
              "ServiceLevelUnit": "AWSDE-CIM",
              "TaggingVersion": "V2.2"
            },
            "vpc_id": "vpc-0f4be40686a77bf6f"
          }
        }
      ]
    },
    {
      "mode": "data",
      "type": "template_cloudinit_config",
      "name": "BaseConfig",
      "provider": "provider.template",
      "instances": [
        {
          "schema_version": 0,
          "attributes": {
            "base64_encode": false,
            "gzip": false,
            "id": "3284326032",
            "part": [
              {
                "content": "locale: en_US.UTF-8\r\nmanage_etc_hosts: false\r\npreserve_hostname: true\r\ntimezone: UTC\r\n\r\npackage_update: true\r\npackage_upgrade: true\r\npackages:\r\n  - bash-completion\r\n  - git\r\n  - https://dl.fedoraproject.org/pub/epel/epel-release-latest-7.noarch.rpm\r\n\r\noutput: {all: \"\u003e\u003e/var/log/cloud-init-output.log\"}\r\n\r\nfinal_message: \"System Boot (via CloudInit) is complete after $UPTIME seconds. Finished at $TIMESTAMP\"\r\n",
                "content_type": "text/cloud-config",
                "filename": "cloud_config.cfg",
                "merge_type": ""
              }
            ],
            "rendered": "Content-Type: multipart/mixed; boundary=\"MIMEBOUNDARY\"\nMIME-Version: 1.0\r\n\r\n--MIMEBOUNDARY\r\nContent-Disposition: attachment; filename=\"cloud_config.cfg\"\r\nContent-Transfer-Encoding: 7bit\r\nContent-Type: text/cloud-config\r\nMime-Version: 1.0\r\n\r\nlocale: en_US.UTF-8\r\nmanage_etc_hosts: false\r\npreserve_hostname: true\r\ntimezone: UTC\r\n\r\npackage_update: true\r\npackage_upgrade: true\r\npackages:\r\n  - bash-completion\r\n  - git\r\n  - https://dl.fedoraproject.org/pub/epel/epel-release-latest-7.noarch.rpm\r\n\r\noutput: {all: \"\u003e\u003e/var/log/cloud-init-output.log\"}\r\n\r\nfinal_message: \"System Boot (via CloudInit) is complete after $UPTIME seconds. Finished at $TIMESTAMP\"\r\n\r\n--MIMEBOUNDARY--\r\n"
          }
        }
      ]
    },
    {
      "mode": "data",
      "type": "template_file",
      "name": "BaseConfig",
      "provider": "provider.template",
      "instances": [
        {
          "schema_version": 0,
          "attributes": {
            "filename": null,
            "id": "45ac5c361ed5bd40ca086b3fe87756a84f5a15c3f8571a6bfab1bc7db45fd909",
            "rendered": "locale: en_US.UTF-8\r\nmanage_etc_hosts: false\r\npreserve_hostname: true\r\ntimezone: UTC\r\n\r\npackage_update: true\r\npackage_upgrade: true\r\npackages:\r\n  - bash-completion\r\n  - git\r\n  - https://dl.fedoraproject.org/pub/epel/epel-release-latest-7.noarch.rpm\r\n\r\noutput: {all: \"\u003e\u003e/var/log/cloud-init-output.log\"}\r\n\r\nfinal_message: \"System Boot (via CloudInit) is complete after $UPTIME seconds. Finished at $TIMESTAMP\"\r\n",
            "template": "locale: en_US.UTF-8\r\nmanage_etc_hosts: false\r\npreserve_hostname: true\r\ntimezone: UTC\r\n\r\npackage_update: true\r\npackage_upgrade: true\r\npackages:\r\n  - bash-completion\r\n  - git\r\n  - https://dl.fedoraproject.org/pub/epel/epel-release-latest-7.noarch.rpm\r\n\r\noutput: {all: \"\u003e\u003e/var/log/cloud-init-output.log\"}\r\n\r\nfinal_message: \"System Boot (via CloudInit) is complete after $UPTIME seconds. Finished at $TIMESTAMP\"\r\n",
            "vars": null
          }
        }
      ]
    },
    {
      "mode": "data",
      "type": "terraform_remote_state",
      "name": "core",
      "provider": "provider.terraform",
      "instances": [
        {
          "schema_version": 0,
          "attributes": {
            "backend": "s3",
            "config": {
              "value": {
                "bucket": "375200909709-terraformstates",
                "key": "core-init/state",
                "profile": "default",
                "region": "eu-central-1"
              },
              "type": [
                "object",
                {
                  "bucket": "string",
                  "key": "string",
                  "profile": "string",
                  "region": "string"
                }
              ]
            },
            "defaults": null,
            "outputs": {
              "value": {
                "Account_Name": "prod-vfde-bss-cim",
                "Account_Number": "375200909709",
                "Caller_ARN": "arn:aws:sts::375200909709:assumed-role/CF_OPER_FULL/1582188947627302200",
                "Current_Region": "eu-central-1",
                "internal_net": [
                  "subnet-0001cdce46dbe8043",
                  "subnet-0abaa969ba6827311",
                  "subnet-0e008cd254a8fdf87"
                ],
                "internal_net_cidr": [
                  "10.90.200.0/24",
                  "10.90.210.0/24",
                  "10.90.220.0/24"
                ],
                "priv_net": [
                  "subnet-0975cea45078aed61",
                  "subnet-07c851afbb0ad8e73",
                  "subnet-02c939986a0186bae"
                ],
                "priv_net_cidr": [
                  "10.90.0.0/24",
                  "10.90.30.0/24",
                  "10.90.60.0/24"
                ],
                "pub_net": [
                  "subnet-05aa0cc944b918e0f",
                  "subnet-0a26ef4fbcabdc7f2",
                  "subnet-02bcc25c32b914393"
                ],
                "pub_net_cidr": [
                  "10.90.100.0/24",
                  "10.90.130.0/24",
                  "10.90.160.0/24"
                ],
                "route53_int_zone": "Z02853041UHQFP3FDU0SJ",
                "vpc_id": "vpc-0f4be40686a77bf6f"
              },
              "type": [
                "object",
                {
                  "Account_Name": "string",
                  "Account_Number": "string",
                  "Caller_ARN": "string",
                  "Current_Region": "string",
                  "internal_net": [
                    "tuple",
                    [
                      "string",
                      "string",
                      "string"
                    ]
                  ],
                  "internal_net_cidr": [
                    "tuple",
                    [
                      "string",
                      "string",
                      "string"
                    ]
                  ],
                  "priv_net": [
                    "tuple",
                    [
                      "string",
                      "string",
                      "string"
                    ]
                  ],
                  "priv_net_cidr": [
                    "tuple",
                    [
                      "string",
                      "string",
                      "string"
                    ]
                  ],
                  "pub_net": [
                    "tuple",
                    [
                      "string",
                      "string",
                      "string"
                    ]
                  ],
                  "pub_net_cidr": [
                    "tuple",
                    [
                      "string",
                      "string",
                      "string"
                    ]
                  ],
                  "route53_int_zone": "string",
                  "vpc_id": "string"
                }
              ]
            },
            "workspace": "default"
          }
        }
      ]
    },
    {
      "mode": "data",
      "type": "terraform_remote_state",
      "name": "kafka-core",
      "provider": "provider.terraform",
      "instances": [
        {
          "schema_version": 0,
          "attributes": {
            "backend": "s3",
            "config": {
              "value": {
                "bucket": "375200909709-terraformstates",
                "key": "cim_prd/cim_kafka_core.tfstate",
                "profile": "default",
                "region": "eu-central-1"
              },
              "type": [
                "object",
                {
                  "bucket": "string",
                  "key": "string",
                  "profile": "string",
                  "region": "string"
                }
              ]
            },
            "defaults": null,
            "outputs": {
              "value": {
                "K2ViewStudio-listener-tg": {
                  "arn": "arn:aws:elasticloadbalancing:eu-central-1:375200909709:targetgroup/K2ViewStudio-lb-tg/bb41127ecf79c9f9",
                  "arn_suffix": "targetgroup/K2ViewStudio-lb-tg/bb41127ecf79c9f9",
                  "deregistration_delay": 300,
                  "health_check": [
                    {
                      "enabled": true,
                      "healthy_threshold": 3,
                      "interval": 30,
                      "matcher": "",
                      "path": "",
                      "port": "traffic-port",
                      "protocol": "TCP",
                      "timeout": 10,
                      "unhealthy_threshold": 3
                    }
                  ],
                  "id": "arn:aws:elasticloadbalancing:eu-central-1:375200909709:targetgroup/K2ViewStudio-lb-tg/bb41127ecf79c9f9",
                  "lambda_multi_value_headers_enabled": false,
                  "name": "K2ViewStudio-lb-tg",
                  "name_prefix": null,
                  "port": 3389,
                  "protocol": "TCP",
                  "proxy_protocol_v2": false,
                  "slow_start": 0,
                  "stickiness": [],
                  "tags": {
                    "AWSregion": "eucentral1",
                    "AutoTurnOFF": "No",
                    "BU": "LOCAL-MARKET",
                    "BusinessService": "VFDE-AWS-BSS-CIM-CDH-PROD",
                    "CodeRepo": "https://deployvip.dc-ratingen.de:8080/bitbucket/scm/sol/basicenvironment.git",
                    "Component": "CDH-PRD",
                    "Confidentiality": "C3",
                    "Environment": "PROD",
                    "GeneratedBy": "CIM CDH System Team - Terraform",
                    "LMEntity": "VFDE",
                    "LocalMarket": "VFDE",
                    "ManagedBy": "m.schueller@vodafone.com",
                    "Name": "K2ViewStudio-LB-TG",
                    "NetworkType": "M",
                    "POnumber": "PO1502033755",
                    "Project": "CIM-CDH",
                    "SecurityZone": "I-A",
                    "Service": "K2ViewStudio-LB",
                    "ServiceLevelUnit": "AWSDE-CIMCDH:PROD-APPLICATION",
                    "StartTime": "0500",
                    "StopTime": "1600",
                    "TaggingVersion": "V2.4"
                  },
                  "target_type": "ip",
                  "vpc_id": "vpc-0f4be40686a77bf6f"
                },
                "kafka-broker-lb": {
                  "access_logs": [
                    {
                      "bucket": "",
                      "enabled": false,
                      "prefix": ""
                    }
                  ],
                  "arn": "arn:aws:elasticloadbalancing:eu-central-1:375200909709:loadbalancer/net/kafka-broker-lb/30fcfe28f81ab7ac",
                  "arn_suffix": "net/kafka-broker-lb/30fcfe28f81ab7ac",
                  "dns_name": "kafka-broker-lb-30fcfe28f81ab7ac.elb.eu-central-1.amazonaws.com",
                  "enable_cross_zone_load_balancing": true,
                  "enable_deletion_protection": false,
                  "enable_http2": null,
                  "id": "arn:aws:elasticloadbalancing:eu-central-1:375200909709:loadbalancer/net/kafka-broker-lb/30fcfe28f81ab7ac",
                  "idle_timeout": null,
                  "internal": true,
                  "ip_address_type": "ipv4",
                  "load_balancer_type": "network",
                  "name": "kafka-broker-lb",
                  "name_prefix": null,
                  "security_groups": [],
                  "subnet_mapping": [
                    {
                      "allocation_id": "",
                      "subnet_id": "subnet-02c939986a0186bae"
                    },
                    {
                      "allocation_id": "",
                      "subnet_id": "subnet-07c851afbb0ad8e73"
                    },
                    {
                      "allocation_id": "",
                      "subnet_id": "subnet-0975cea45078aed61"
                    }
                  ],
                  "subnets": [
                    "subnet-02c939986a0186bae",
                    "subnet-07c851afbb0ad8e73",
                    "subnet-0975cea45078aed61"
                  ],
                  "tags": {
                    "AWSregion": "eucentral1",
                    "AutoTurnOFF": "No",
                    "BU": "LOCAL-MARKET",
                    "BusinessService": "VFDE-AWS-BSS-CIM-CDH-PROD",
                    "CodeRepo": "https://deployvip.dc-ratingen.de:8080/bitbucket/scm/sol/basicenvironment.git",
                    "Component": "CDH-PRD",
                    "Confidentiality": "C3",
                    "Environment": "PROD",
                    "GeneratedBy": "CIM CDH System Team - Terraform",
                    "LMEntity": "VFDE",
                    "LocalMarket": "VFDE",
                    "ManagedBy": "m.schueller@vodafone.com",
                    "Name": "peering-nlb-kafka",
                    "NetworkType": "M",
                    "POnumber": "PO1502033755",
                    "Project": "CIM-CDH",
                    "SecurityZone": "I-A",
                    "Service": "Kafka-LB",
                    "ServiceLevelUnit": "AWSDE-CIMCDH:PROD-APPLICATION",
                    "StartTime": "0500",
                    "StopTime": "1600",
                    "TaggingVersion": "V2.4"
                  },
                  "timeouts": null,
                  "vpc_id": "vpc-0f4be40686a77bf6f",
                  "zone_id": "Z3F0SRJ5LGBH90"
                },
                "kafka-broker-sd-tg": {
                  "arn": "arn:aws:elasticloadbalancing:eu-central-1:375200909709:targetgroup/kafka-broker-lb-sd/1b97b7c2e0a293ba",
                  "arn_suffix": "targetgroup/kafka-broker-lb-sd/1b97b7c2e0a293ba",
                  "deregistration_delay": 300,
                  "health_check": [
                    {
                      "enabled": true,
                      "healthy_threshold": 3,
                      "interval": 30,
                      "matcher": "",
                      "path": "",
                      "port": "traffic-port",
                      "protocol": "TCP",
                      "timeout": 10,
                      "unhealthy_threshold": 3
                    }
                  ],
                  "id": "arn:aws:elasticloadbalancing:eu-central-1:375200909709:targetgroup/kafka-broker-lb-sd/1b97b7c2e0a293ba",
                  "lambda_multi_value_headers_enabled": false,
                  "name": "kafka-broker-lb-sd",
                  "name_prefix": null,
                  "port": 9000,
                  "protocol": "TCP",
                  "proxy_protocol_v2": false,
                  "slow_start": 0,
                  "stickiness": [],
                  "tags": {
                    "AWSregion": "eucentral1",
                    "AutoTurnOFF": "No",
                    "BU": "LOCAL-MARKET",
                    "BusinessService": "VFDE-AWS-BSS-CIM-CDH-PROD",
                    "CodeRepo": "https://deployvip.dc-ratingen.de:8080/bitbucket/scm/sol/basicenvironment.git",
                    "Component": "CDH-PRD",
                    "Confidentiality": "C3",
                    "Environment": "PROD",
                    "GeneratedBy": "CIM CDH System Team - Terraform",
                    "LMEntity": "VFDE",
                    "LocalMarket": "VFDE",
                    "ManagedBy": "m.schueller@vodafone.com",
                    "Name": "Kafka-LB-SD-TG",
                    "NetworkType": "M",
                    "POnumber": "PO1502033755",
                    "Project": "CIM-CDH",
                    "SecurityZone": "I-A",
                    "Service": "Kafka-LB",
                    "ServiceLevelUnit": "AWSDE-CIMCDH:PROD-APPLICATION",
                    "StartTime": "0500",
                    "StopTime": "1600",
                    "TaggingVersion": "V2.4"
                  },
                  "target_type": "instance",
                  "vpc_id": "vpc-0f4be40686a77bf6f"
                },
                "kafka-cc-sd-tg": {
                  "arn": "arn:aws:elasticloadbalancing:eu-central-1:375200909709:targetgroup/kafka-controlcenter-lb-tg/2ca3e9373008113b",
                  "arn_suffix": "targetgroup/kafka-controlcenter-lb-tg/2ca3e9373008113b",
                  "deregistration_delay": 300,
                  "health_check": [
                    {
                      "enabled": true,
                      "healthy_threshold": 3,
                      "interval": 30,
                      "matcher": "",
                      "path": "",
                      "port": "traffic-port",
                      "protocol": "TCP",
                      "timeout": 10,
                      "unhealthy_threshold": 3
                    }
                  ],
                  "id": "arn:aws:elasticloadbalancing:eu-central-1:375200909709:targetgroup/kafka-controlcenter-lb-tg/2ca3e9373008113b",
                  "lambda_multi_value_headers_enabled": false,
                  "name": "kafka-controlcenter-lb-tg",
                  "name_prefix": null,
                  "port": 9021,
                  "protocol": "TCP",
                  "proxy_protocol_v2": false,
                  "slow_start": 0,
                  "stickiness": [],
                  "tags": {
                    "AWSregion": "eucentral1",
                    "AutoTurnOFF": "No",
                    "BU": "LOCAL-MARKET",
                    "BusinessService": "VFDE-AWS-BSS-CIM-CDH-PROD",
                    "CodeRepo": "https://deployvip.dc-ratingen.de:8080/bitbucket/scm/sol/basicenvironment.git",
                    "Component": "CDH-PRD",
                    "Confidentiality": "C3",
                    "Environment": "PROD",
                    "GeneratedBy": "CIM CDH System Team - Terraform",
                    "LMEntity": "VFDE",
                    "LocalMarket": "VFDE",
                    "ManagedBy": "m.schueller@vodafone.com",
                    "Name": "Kafka-CC-LB-TG",
                    "NetworkType": "M",
                    "POnumber": "PO1502033755",
                    "Project": "CIM-CDH",
                    "SecurityZone": "I-A",
                    "Service": "Kafka-CC-LB",
                    "ServiceLevelUnit": "AWSDE-CIMCDH:PROD-APPLICATION",
                    "StartTime": "0500",
                    "StopTime": "1600",
                    "TaggingVersion": "V2.4"
                  },
                  "target_type": "ip",
                  "vpc_id": "vpc-0f4be40686a77bf6f"
                },
                "kafka_broker_base_port": 9001,
                "kafka_broker_tg_arn": [
                  "arn:aws:elasticloadbalancing:eu-central-1:375200909709:targetgroup/kafka-broker-9001/8a5a512e9e6e0186",
                  "arn:aws:elasticloadbalancing:eu-central-1:375200909709:targetgroup/kafka-broker-9002/e0a7fcc7d6fb8d67",
                  "arn:aws:elasticloadbalancing:eu-central-1:375200909709:targetgroup/kafka-broker-9003/44176f55c81d8562",
                  "arn:aws:elasticloadbalancing:eu-central-1:375200909709:targetgroup/kafka-broker-9004/93eebf65e481e561",
                  "arn:aws:elasticloadbalancing:eu-central-1:375200909709:targetgroup/kafka-broker-9005/b77e0f644b380df2"
                ],
                "kafka_cc_lb": {
                  "access_logs": [
                    {
                      "bucket": "",
                      "enabled": false,
                      "prefix": ""
                    }
                  ],
                  "arn": "arn:aws:elasticloadbalancing:eu-central-1:375200909709:loadbalancer/net/kafka-controlcenter-lb/61f492f1abb766bd",
                  "arn_suffix": "net/kafka-controlcenter-lb/61f492f1abb766bd",
                  "dns_name": "kafka-controlcenter-lb-61f492f1abb766bd.elb.eu-central-1.amazonaws.com",
                  "enable_cross_zone_load_balancing": true,
                  "enable_deletion_protection": false,
                  "enable_http2": null,
                  "id": "arn:aws:elasticloadbalancing:eu-central-1:375200909709:loadbalancer/net/kafka-controlcenter-lb/61f492f1abb766bd",
                  "idle_timeout": null,
                  "internal": true,
                  "ip_address_type": "ipv4",
                  "load_balancer_type": "network",
                  "name": "kafka-controlcenter-lb",
                  "name_prefix": null,
                  "security_groups": [],
                  "subnet_mapping": [
                    {
                      "allocation_id": "",
                      "subnet_id": "subnet-02c939986a0186bae"
                    },
                    {
                      "allocation_id": "",
                      "subnet_id": "subnet-07c851afbb0ad8e73"
                    },
                    {
                      "allocation_id": "",
                      "subnet_id": "subnet-0975cea45078aed61"
                    }
                  ],
                  "subnets": [
                    "subnet-02c939986a0186bae",
                    "subnet-07c851afbb0ad8e73",
                    "subnet-0975cea45078aed61"
                  ],
                  "tags": {
                    "AWSregion": "eucentral1",
                    "AutoTurnOFF": "No",
                    "BU": "LOCAL-MARKET",
                    "BusinessService": "VFDE-AWS-BSS-CIM-CDH-PROD",
                    "CodeRepo": "https://deployvip.dc-ratingen.de:8080/bitbucket/scm/sol/basicenvironment.git",
                    "Component": "CDH-PRD",
                    "Confidentiality": "C3",
                    "Environment": "PROD",
                    "GeneratedBy": "CIM CDH System Team - Terraform",
                    "LMEntity": "VFDE",
                    "LocalMarket": "VFDE",
                    "ManagedBy": "m.schueller@vodafone.com",
                    "Name": "peering-nlb-kafka-cc",
                    "NetworkType": "M",
                    "POnumber": "PO1502033755",
                    "Project": "CIM-CDH",
                    "SecurityZone": "I-A",
                    "Service": "Kafka-CC-LB",
                    "ServiceLevelUnit": "AWSDE-CIMCDH:PROD-APPLICATION",
                    "StartTime": "0500",
                    "StopTime": "1600",
                    "TaggingVersion": "V2.4"
                  },
                  "timeouts": null,
                  "vpc_id": "vpc-0f4be40686a77bf6f",
                  "zone_id": "Z3F0SRJ5LGBH90"
                },
                "kafka_cc_tg_arn": "arn:aws:elasticloadbalancing:eu-central-1:375200909709:targetgroup/kafka-controlcenter-lb-tg/2ca3e9373008113b",
                "kafka_connect_tg_arn": "arn:aws:elasticloadbalancing:eu-central-1:375200909709:targetgroup/kafka-connect/aaa9bb06503516d7",
                "schema_registry_tg_arn": "arn:aws:elasticloadbalancing:eu-central-1:375200909709:targetgroup/schema-registry/acff22c4e23922cf"
              },
              "type": [
                "object",
                {
                  "K2ViewStudio-listener-tg": [
                    "object",
                    {
                      "arn": "string",
                      "arn_suffix": "string",
                      "deregistration_delay": "number",
                      "health_check": [
                        "list",
                        [
                          "object",
                          {
                            "enabled": "bool",
                            "healthy_threshold": "number",
                            "interval": "number",
                            "matcher": "string",
                            "path": "string",
                            "port": "string",
                            "protocol": "string",
                            "timeout": "number",
                            "unhealthy_threshold": "number"
                          }
                        ]
                      ],
                      "id": "string",
                      "lambda_multi_value_headers_enabled": "bool",
                      "name": "string",
                      "name_prefix": "string",
                      "port": "number",
                      "protocol": "string",
                      "proxy_protocol_v2": "bool",
                      "slow_start": "number",
                      "stickiness": [
                        "list",
                        [
                          "object",
                          {
                            "cookie_duration": "number",
                            "enabled": "bool",
                            "type": "string"
                          }
                        ]
                      ],
                      "tags": [
                        "map",
                        "string"
                      ],
                      "target_type": "string",
                      "vpc_id": "string"
                    }
                  ],
                  "kafka-broker-lb": [
                    "object",
                    {
                      "access_logs": [
                        "list",
                        [
                          "object",
                          {
                            "bucket": "string",
                            "enabled": "bool",
                            "prefix": "string"
                          }
                        ]
                      ],
                      "arn": "string",
                      "arn_suffix": "string",
                      "dns_name": "string",
                      "enable_cross_zone_load_balancing": "bool",
                      "enable_deletion_protection": "bool",
                      "enable_http2": "bool",
                      "id": "string",
                      "idle_timeout": "number",
                      "internal": "bool",
                      "ip_address_type": "string",
                      "load_balancer_type": "string",
                      "name": "string",
                      "name_prefix": "string",
                      "security_groups": [
                        "set",
                        "string"
                      ],
                      "subnet_mapping": [
                        "set",
                        [
                          "object",
                          {
                            "allocation_id": "string",
                            "subnet_id": "string"
                          }
                        ]
                      ],
                      "subnets": [
                        "set",
                        "string"
                      ],
                      "tags": [
                        "map",
                        "string"
                      ],
                      "timeouts": [
                        "object",
                        {
                          "create": "string",
                          "delete": "string",
                          "update": "string"
                        }
                      ],
                      "vpc_id": "string",
                      "zone_id": "string"
                    }
                  ],
                  "kafka-broker-sd-tg": [
                    "object",
                    {
                      "arn": "string",
                      "arn_suffix": "string",
                      "deregistration_delay": "number",
                      "health_check": [
                        "list",
                        [
                          "object",
                          {
                            "enabled": "bool",
                            "healthy_threshold": "number",
                            "interval": "number",
                            "matcher": "string",
                            "path": "string",
                            "port": "string",
                            "protocol": "string",
                            "timeout": "number",
                            "unhealthy_threshold": "number"
                          }
                        ]
                      ],
                      "id": "string",
                      "lambda_multi_value_headers_enabled": "bool",
                      "name": "string",
                      "name_prefix": "string",
                      "port": "number",
                      "protocol": "string",
                      "proxy_protocol_v2": "bool",
                      "slow_start": "number",
                      "stickiness": [
                        "list",
                        [
                          "object",
                          {
                            "cookie_duration": "number",
                            "enabled": "bool",
                            "type": "string"
                          }
                        ]
                      ],
                      "tags": [
                        "map",
                        "string"
                      ],
                      "target_type": "string",
                      "vpc_id": "string"
                    }
                  ],
                  "kafka-cc-sd-tg": [
                    "object",
                    {
                      "arn": "string",
                      "arn_suffix": "string",
                      "deregistration_delay": "number",
                      "health_check": [
                        "list",
                        [
                          "object",
                          {
                            "enabled": "bool",
                            "healthy_threshold": "number",
                            "interval": "number",
                            "matcher": "string",
                            "path": "string",
                            "port": "string",
                            "protocol": "string",
                            "timeout": "number",
                            "unhealthy_threshold": "number"
                          }
                        ]
                      ],
                      "id": "string",
                      "lambda_multi_value_headers_enabled": "bool",
                      "name": "string",
                      "name_prefix": "string",
                      "port": "number",
                      "protocol": "string",
                      "proxy_protocol_v2": "bool",
                      "slow_start": "number",
                      "stickiness": [
                        "list",
                        [
                          "object",
                          {
                            "cookie_duration": "number",
                            "enabled": "bool",
                            "type": "string"
                          }
                        ]
                      ],
                      "tags": [
                        "map",
                        "string"
                      ],
                      "target_type": "string",
                      "vpc_id": "string"
                    }
                  ],
                  "kafka_broker_base_port": "number",
                  "kafka_broker_tg_arn": [
                    "tuple",
                    [
                      "string",
                      "string",
                      "string",
                      "string",
                      "string"
                    ]
                  ],
                  "kafka_cc_lb": [
                    "object",
                    {
                      "access_logs": [
                        "list",
                        [
                          "object",
                          {
                            "bucket": "string",
                            "enabled": "bool",
                            "prefix": "string"
                          }
                        ]
                      ],
                      "arn": "string",
                      "arn_suffix": "string",
                      "dns_name": "string",
                      "enable_cross_zone_load_balancing": "bool",
                      "enable_deletion_protection": "bool",
                      "enable_http2": "bool",
                      "id": "string",
                      "idle_timeout": "number",
                      "internal": "bool",
                      "ip_address_type": "string",
                      "load_balancer_type": "string",
                      "name": "string",
                      "name_prefix": "string",
                      "security_groups": [
                        "set",
                        "string"
                      ],
                      "subnet_mapping": [
                        "set",
                        [
                          "object",
                          {
                            "allocation_id": "string",
                            "subnet_id": "string"
                          }
                        ]
                      ],
                      "subnets": [
                        "set",
                        "string"
                      ],
                      "tags": [
                        "map",
                        "string"
                      ],
                      "timeouts": [
                        "object",
                        {
                          "create": "string",
                          "delete": "string",
                          "update": "string"
                        }
                      ],
                      "vpc_id": "string",
                      "zone_id": "string"
                    }
                  ],
                  "kafka_cc_tg_arn": "string",
                  "kafka_connect_tg_arn": "string",
                  "schema_registry_tg_arn": "string"
                }
              ]
            },
            "workspace": "default"
          }
        }
      ]
    },
    {
      "module": "module.kafka",
      "mode": "managed",
      "type": "aws_alb_target_group_attachment",
      "name": "broker_lb",
      "each": "list",
      "provider": "provider.aws",
      "instances": [
        {
          "index_key": 0,
          "schema_version": 0,
          "attributes": {
            "availability_zone": null,
            "id": "arn:aws:elasticloadbalancing:eu-central-1:375200909709:targetgroup/kafka-broker-9001/8a5a512e9e6e0186-2020021410473714410000000b",
            "port": 9001,
            "target_group_arn": "arn:aws:elasticloadbalancing:eu-central-1:375200909709:targetgroup/kafka-broker-9001/8a5a512e9e6e0186",
            "target_id": "i-0ca0d39123917e617"
          },
          "private": "bnVsbA==",
          "dependencies": [
            "aws_iam_instance_profile.ec2-iam-kafka-ssm-profile",
            "aws_iam_role.iam-ssm-kafka-host-role",
            "module.kafka.aws_instance.kafka",
            "module.kafka.aws_security_group.kafka"
          ]
        },
        {
          "index_key": 1,
          "schema_version": 0,
          "attributes": {
            "availability_zone": null,
            "id": "arn:aws:elasticloadbalancing:eu-central-1:375200909709:targetgroup/kafka-broker-9002/e0a7fcc7d6fb8d67-20200214104737537300000011",
            "port": 9002,
            "target_group_arn": "arn:aws:elasticloadbalancing:eu-central-1:375200909709:targetgroup/kafka-broker-9002/e0a7fcc7d6fb8d67",
            "target_id": "i-03f1a7d4431ff52d7"
          },
          "private": "bnVsbA==",
          "dependencies": [
            "aws_iam_instance_profile.ec2-iam-kafka-ssm-profile",
            "aws_iam_role.iam-ssm-kafka-host-role",
            "module.kafka.aws_instance.kafka",
            "module.kafka.aws_security_group.kafka"
          ]
        },
        {
          "index_key": 2,
          "schema_version": 0,
          "attributes": {
            "availability_zone": null,
            "id": "arn:aws:elasticloadbalancing:eu-central-1:375200909709:targetgroup/kafka-broker-9003/44176f55c81d8562-2020021410473711720000000a",
            "port": 9003,
            "target_group_arn": "arn:aws:elasticloadbalancing:eu-central-1:375200909709:targetgroup/kafka-broker-9003/44176f55c81d8562",
            "target_id": "i-0836bb8a670328f95"
          },
          "private": "bnVsbA==",
          "dependencies": [
            "aws_iam_instance_profile.ec2-iam-kafka-ssm-profile",
            "aws_iam_role.iam-ssm-kafka-host-role",
            "module.kafka.aws_instance.kafka",
            "module.kafka.aws_security_group.kafka"
          ]
        },
        {
          "index_key": 3,
          "schema_version": 0,
          "attributes": {
            "availability_zone": null,
            "id": "arn:aws:elasticloadbalancing:eu-central-1:375200909709:targetgroup/kafka-broker-9004/93eebf65e481e561-20200214104737617100000012",
            "port": 9004,
            "target_group_arn": "arn:aws:elasticloadbalancing:eu-central-1:375200909709:targetgroup/kafka-broker-9004/93eebf65e481e561",
            "target_id": "i-0eb2baa34e86ee5cb"
          },
          "private": "bnVsbA==",
          "dependencies": [
            "aws_iam_instance_profile.ec2-iam-kafka-ssm-profile",
            "aws_iam_role.iam-ssm-kafka-host-role",
            "module.kafka.aws_instance.kafka",
            "module.kafka.aws_security_group.kafka"
          ]
        },
        {
          "index_key": 4,
          "schema_version": 0,
          "attributes": {
            "availability_zone": null,
            "id": "arn:aws:elasticloadbalancing:eu-central-1:375200909709:targetgroup/kafka-broker-9005/b77e0f644b380df2-2020021410473720700000000c",
            "port": 9005,
            "target_group_arn": "arn:aws:elasticloadbalancing:eu-central-1:375200909709:targetgroup/kafka-broker-9005/b77e0f644b380df2",
            "target_id": "i-003faad9cf29da3f9"
          },
          "private": "bnVsbA==",
          "dependencies": [
            "aws_iam_instance_profile.ec2-iam-kafka-ssm-profile",
            "aws_iam_role.iam-ssm-kafka-host-role",
            "module.kafka.aws_instance.kafka",
            "module.kafka.aws_security_group.kafka"
          ]
        }
      ]
    },
    {
      "module": "module.kafka",
      "mode": "managed",
      "type": "aws_alb_target_group_attachment",
      "name": "broker_lb_sd",
      "each": "list",
      "provider": "provider.aws",
      "instances": [
        {
          "index_key": 0,
          "schema_version": 0,
          "attributes": {
            "availability_zone": null,
            "id": "arn:aws:elasticloadbalancing:eu-central-1:375200909709:targetgroup/kafka-broker-lb-sd/1b97b7c2e0a293ba-20200219134122408400000001",
            "port": 9001,
            "target_group_arn": "arn:aws:elasticloadbalancing:eu-central-1:375200909709:targetgroup/kafka-broker-lb-sd/1b97b7c2e0a293ba",
            "target_id": "i-0ca0d39123917e617"
          },
          "private": "bnVsbA==",
          "dependencies": [
            "module.kafka.aws_instance.kafka"
          ]
        },
        {
          "index_key": 1,
          "schema_version": 0,
          "attributes": {
            "availability_zone": null,
            "id": "arn:aws:elasticloadbalancing:eu-central-1:375200909709:targetgroup/kafka-broker-lb-sd/1b97b7c2e0a293ba-20200219134122425500000002",
            "port": 9002,
            "target_group_arn": "arn:aws:elasticloadbalancing:eu-central-1:375200909709:targetgroup/kafka-broker-lb-sd/1b97b7c2e0a293ba",
            "target_id": "i-03f1a7d4431ff52d7"
          },
          "private": "bnVsbA==",
          "dependencies": [
            "module.kafka.aws_instance.kafka"
          ]
        },
        {
          "index_key": 2,
          "schema_version": 0,
          "attributes": {
            "availability_zone": null,
            "id": "arn:aws:elasticloadbalancing:eu-central-1:375200909709:targetgroup/kafka-broker-lb-sd/1b97b7c2e0a293ba-20200219134122469600000004",
            "port": 9003,
            "target_group_arn": "arn:aws:elasticloadbalancing:eu-central-1:375200909709:targetgroup/kafka-broker-lb-sd/1b97b7c2e0a293ba",
            "target_id": "i-0836bb8a670328f95"
          },
          "private": "bnVsbA==",
          "dependencies": [
            "module.kafka.aws_instance.kafka"
          ]
        },
        {
          "index_key": 3,
          "schema_version": 0,
          "attributes": {
            "availability_zone": null,
            "id": "arn:aws:elasticloadbalancing:eu-central-1:375200909709:targetgroup/kafka-broker-lb-sd/1b97b7c2e0a293ba-20200219134427167200000002",
            "port": 9004,
            "target_group_arn": "arn:aws:elasticloadbalancing:eu-central-1:375200909709:targetgroup/kafka-broker-lb-sd/1b97b7c2e0a293ba",
            "target_id": "i-0eb2baa34e86ee5cb"
          },
          "private": "bnVsbA==",
          "dependencies": [
            "module.kafka.aws_instance.kafka"
          ]
        },
        {
          "index_key": 4,
          "schema_version": 0,
          "attributes": {
            "availability_zone": null,
            "id": "arn:aws:elasticloadbalancing:eu-central-1:375200909709:targetgroup/kafka-broker-lb-sd/1b97b7c2e0a293ba-20200219134427098900000001",
            "port": 9005,
            "target_group_arn": "arn:aws:elasticloadbalancing:eu-central-1:375200909709:targetgroup/kafka-broker-lb-sd/1b97b7c2e0a293ba",
            "target_id": "i-003faad9cf29da3f9"
          },
          "private": "bnVsbA==",
          "dependencies": [
            "module.kafka.aws_instance.kafka"
          ]
        }
      ]
    },
    {
      "module": "module.kafka",
      "mode": "managed",
      "type": "aws_ebs_volume",
      "name": "ebs-kafka-broker-data",
      "each": "list",
      "provider": "provider.aws",
      "instances": [
        {
          "index_key": 0,
          "schema_version": 0,
          "attributes": {
            "arn": "arn:aws:ec2:eu-central-1:375200909709:volume/vol-0cfbc9bc7e340a0f8",
            "availability_zone": "eu-central-1a",
            "encrypted": true,
            "id": "vol-0cfbc9bc7e340a0f8",
            "iops": 0,
            "kms_key_id": "arn:aws:kms:eu-central-1:375200909709:key/81f33f51-3faa-4d18-8bc2-6bb170e7c7c0",
            "size": 4096,
            "snapshot_id": "",
            "tags": {
              "AWSregion": "eucentral1",
              "AutoTurnOFF": "No",
              "BU": "LOCAL-MARKET",
              "BusinessService": "VFDE-AWS-BSS-CIM-CDH-PROD",
              "CodeRepo": "https://deployvip.dc-ratingen.de:8080/bitbucket/scm/sol/k2view_infra.git",
              "Component": "CDH-PRD",
              "ComponentType": "Kafka",
              "Confidentiality": "C3",
              "Environment": "PROD",
              "GeneratedBy": "CIM CDH System Team - Terraform",
              "LMEntity": "VFDE",
              "LocalMarket": "VFDE",
              "ManagedBy": "m.schueller@vodafone.com",
              "NetworkType": "IA",
              "POnumber": "PO1502033755",
              "Patch Group": "RHEL-PRD",
              "Project": "CIM-CDH",
              "SecurityZone": "A",
              "ServiceLevelUnit": "AWSDE-CIM_CDH:PROD",
              "StartTime": "0500",
              "StopTime": "1600",
              "TaggingVersion": "V2.4"
            },
            "type": "st1"
          },
          "private": "bnVsbA==",
          "dependencies": [
            "aws_iam_instance_profile.ec2-iam-kafka-ssm-profile",
            "module.kafka.aws_instance.kafka",
            "module.kafka.aws_kms_key.kafka_broker_kms",
            "module.kafka.aws_security_group.kafka"
          ]
        },
        {
          "index_key": 1,
          "schema_version": 0,
          "attributes": {
            "arn": "arn:aws:ec2:eu-central-1:375200909709:volume/vol-079b6439fd9f2f366",
            "availability_zone": "eu-central-1b",
            "encrypted": true,
            "id": "vol-079b6439fd9f2f366",
            "iops": 0,
            "kms_key_id": "arn:aws:kms:eu-central-1:375200909709:key/81f33f51-3faa-4d18-8bc2-6bb170e7c7c0",
            "size": 4096,
            "snapshot_id": "",
            "tags": {
              "AWSregion": "eucentral1",
              "AutoTurnOFF": "No",
              "BU": "LOCAL-MARKET",
              "BusinessService": "VFDE-AWS-BSS-CIM-CDH-PROD",
              "CodeRepo": "https://deployvip.dc-ratingen.de:8080/bitbucket/scm/sol/k2view_infra.git",
              "Component": "CDH-PRD",
              "ComponentType": "Kafka",
              "Confidentiality": "C3",
              "Environment": "PROD",
              "GeneratedBy": "CIM CDH System Team - Terraform",
              "LMEntity": "VFDE",
              "LocalMarket": "VFDE",
              "ManagedBy": "m.schueller@vodafone.com",
              "NetworkType": "IA",
              "POnumber": "PO1502033755",
              "Patch Group": "RHEL-PRD",
              "Project": "CIM-CDH",
              "SecurityZone": "A",
              "ServiceLevelUnit": "AWSDE-CIM_CDH:PROD",
              "StartTime": "0500",
              "StopTime": "1600",
              "TaggingVersion": "V2.4"
            },
            "type": "st1"
          },
          "private": "bnVsbA==",
          "dependencies": [
            "aws_iam_instance_profile.ec2-iam-kafka-ssm-profile",
            "aws_iam_role.iam-ssm-kafka-host-role",
            "module.kafka.aws_instance.kafka",
            "module.kafka.aws_kms_key.kafka_broker_kms",
            "module.kafka.aws_security_group.kafka"
          ]
        },
        {
          "index_key": 2,
          "schema_version": 0,
          "attributes": {
            "arn": "arn:aws:ec2:eu-central-1:375200909709:volume/vol-0d8e89b17b10c4d7e",
            "availability_zone": "eu-central-1c",
            "encrypted": true,
            "id": "vol-0d8e89b17b10c4d7e",
            "iops": 0,
            "kms_key_id": "arn:aws:kms:eu-central-1:375200909709:key/81f33f51-3faa-4d18-8bc2-6bb170e7c7c0",
            "size": 4096,
            "snapshot_id": "",
            "tags": {
              "AWSregion": "eucentral1",
              "AutoTurnOFF": "No",
              "BU": "LOCAL-MARKET",
              "BusinessService": "VFDE-AWS-BSS-CIM-CDH-PROD",
              "CodeRepo": "https://deployvip.dc-ratingen.de:8080/bitbucket/scm/sol/k2view_infra.git",
              "Component": "CDH-PRD",
              "ComponentType": "Kafka",
              "Confidentiality": "C3",
              "Environment": "PROD",
              "GeneratedBy": "CIM CDH System Team - Terraform",
              "LMEntity": "VFDE",
              "LocalMarket": "VFDE",
              "ManagedBy": "m.schueller@vodafone.com",
              "NetworkType": "IA",
              "POnumber": "PO1502033755",
              "Patch Group": "RHEL-PRD",
              "Project": "CIM-CDH",
              "SecurityZone": "A",
              "ServiceLevelUnit": "AWSDE-CIM_CDH:PROD",
              "StartTime": "0500",
              "StopTime": "1600",
              "TaggingVersion": "V2.4"
            },
            "type": "st1"
          },
          "private": "bnVsbA==",
          "dependencies": [
            "aws_iam_instance_profile.ec2-iam-kafka-ssm-profile",
            "module.kafka.aws_instance.kafka",
            "module.kafka.aws_kms_key.kafka_broker_kms",
            "module.kafka.aws_security_group.kafka"
          ]
        },
        {
          "index_key": 3,
          "schema_version": 0,
          "attributes": {
            "arn": "arn:aws:ec2:eu-central-1:375200909709:volume/vol-0ee0a8b6ec506da83",
            "availability_zone": "eu-central-1a",
            "encrypted": true,
            "id": "vol-0ee0a8b6ec506da83",
            "iops": 0,
            "kms_key_id": "arn:aws:kms:eu-central-1:375200909709:key/81f33f51-3faa-4d18-8bc2-6bb170e7c7c0",
            "size": 4096,
            "snapshot_id": "",
            "tags": {
              "AWSregion": "eucentral1",
              "AutoTurnOFF": "No",
              "BU": "LOCAL-MARKET",
              "BusinessService": "VFDE-AWS-BSS-CIM-CDH-PROD",
              "CodeRepo": "https://deployvip.dc-ratingen.de:8080/bitbucket/scm/sol/k2view_infra.git",
              "Component": "CDH-PRD",
              "ComponentType": "Kafka",
              "Confidentiality": "C3",
              "Environment": "PROD",
              "GeneratedBy": "CIM CDH System Team - Terraform",
              "LMEntity": "VFDE",
              "LocalMarket": "VFDE",
              "ManagedBy": "m.schueller@vodafone.com",
              "NetworkType": "IA",
              "POnumber": "PO1502033755",
              "Patch Group": "RHEL-PRD",
              "Project": "CIM-CDH",
              "SecurityZone": "A",
              "ServiceLevelUnit": "AWSDE-CIM_CDH:PROD",
              "StartTime": "0500",
              "StopTime": "1600",
              "TaggingVersion": "V2.4"
            },
            "type": "st1"
          },
          "private": "bnVsbA==",
          "dependencies": [
            "aws_iam_instance_profile.ec2-iam-kafka-ssm-profile",
            "module.kafka.aws_instance.kafka",
            "module.kafka.aws_kms_key.kafka_broker_kms",
            "module.kafka.aws_security_group.kafka"
          ]
        },
        {
          "index_key": 4,
          "schema_version": 0,
          "attributes": {
            "arn": "arn:aws:ec2:eu-central-1:375200909709:volume/vol-06e611fcd668f7e56",
            "availability_zone": "eu-central-1b",
            "encrypted": true,
            "id": "vol-06e611fcd668f7e56",
            "iops": 0,
            "kms_key_id": "arn:aws:kms:eu-central-1:375200909709:key/81f33f51-3faa-4d18-8bc2-6bb170e7c7c0",
            "size": 4096,
            "snapshot_id": "",
            "tags": {
              "AWSregion": "eucentral1",
              "AutoTurnOFF": "No",
              "BU": "LOCAL-MARKET",
              "BusinessService": "VFDE-AWS-BSS-CIM-CDH-PROD",
              "CodeRepo": "https://deployvip.dc-ratingen.de:8080/bitbucket/scm/sol/k2view_infra.git",
              "Component": "CDH-PRD",
              "ComponentType": "Kafka",
              "Confidentiality": "C3",
              "Environment": "PROD",
              "GeneratedBy": "CIM CDH System Team - Terraform",
              "LMEntity": "VFDE",
              "LocalMarket": "VFDE",
              "ManagedBy": "m.schueller@vodafone.com",
              "NetworkType": "IA",
              "POnumber": "PO1502033755",
              "Patch Group": "RHEL-PRD",
              "Project": "CIM-CDH",
              "SecurityZone": "A",
              "ServiceLevelUnit": "AWSDE-CIM_CDH:PROD",
              "StartTime": "0500",
              "StopTime": "1600",
              "TaggingVersion": "V2.4"
            },
            "type": "st1"
          },
          "private": "bnVsbA==",
          "dependencies": [
            "aws_iam_instance_profile.ec2-iam-kafka-ssm-profile",
            "aws_iam_role.iam-ssm-kafka-host-role",
            "module.kafka.aws_instance.kafka",
            "module.kafka.aws_kms_key.kafka_broker_kms",
            "module.kafka.aws_security_group.kafka"
          ]
        }
      ]
    },
    {
      "module": "module.zookeeper",
      "mode": "managed",
      "type": "aws_ebs_volume",
      "name": "ebs-zookeeper-data",
      "each": "list",
      "provider": "provider.aws",
      "instances": [
        {
          "index_key": 0,
          "schema_version": 0,
          "attributes": {
            "arn": "arn:aws:ec2:eu-central-1:375200909709:volume/vol-053b53bfaeb255fd1",
            "availability_zone": "eu-central-1a",
            "encrypted": true,
            "id": "vol-053b53bfaeb255fd1",
            "iops": 200,
            "kms_key_id": "arn:aws:kms:eu-central-1:375200909709:key/0f4abd81-c9ee-4c53-9660-73f00ceabd1a",
            "size": 64,
            "snapshot_id": "",
            "tags": {
              "AWSregion": "eucentral1",
              "AutoTurnOFF": "No",
              "BU": "LOCAL-MARKET",
              "BusinessService": "VFDE-AWS-BSS-CIM-CDH-PROD",
              "CodeRepo": "https://deployvip.dc-ratingen.de:8080/bitbucket/scm/sol/k2view_infra.git",
              "Component": "CDH-PRD",
              "ComponentType": "Kafka",
              "Confidentiality": "C3",
              "Environment": "PROD",
              "GeneratedBy": "CIM CDH System Team - Terraform",
              "LMEntity": "VFDE",
              "LocalMarket": "VFDE",
              "ManagedBy": "m.schueller@vodafone.com",
              "NetworkType": "IA",
              "POnumber": "PO1502033755",
              "Patch Group": "RHEL-PRD",
              "Project": "CIM-CDH",
              "SecurityZone": "A",
              "ServiceLevelUnit": "AWSDE-CIM_CDH:PROD",
              "StartTime": "0500",
              "StopTime": "1600",
              "TaggingVersion": "V2.4"
            },
            "type": "io1"
          },
          "private": "bnVsbA==",
          "dependencies": [
            "module.zookeeper.aws_instance.zookeeper",
            "module.zookeeper.aws_kms_key.kafka_zookeeper_kms"
          ]
        },
        {
          "index_key": 1,
          "schema_version": 0,
          "attributes": {
            "arn": "arn:aws:ec2:eu-central-1:375200909709:volume/vol-0016aa233d718423d",
            "availability_zone": "eu-central-1b",
            "encrypted": true,
            "id": "vol-0016aa233d718423d",
            "iops": 200,
            "kms_key_id": "arn:aws:kms:eu-central-1:375200909709:key/0f4abd81-c9ee-4c53-9660-73f00ceabd1a",
            "size": 64,
            "snapshot_id": "",
            "tags": {
              "AWSregion": "eucentral1",
              "AutoTurnOFF": "No",
              "BU": "LOCAL-MARKET",
              "BusinessService": "VFDE-AWS-BSS-CIM-CDH-PROD",
              "CodeRepo": "https://deployvip.dc-ratingen.de:8080/bitbucket/scm/sol/k2view_infra.git",
              "Component": "CDH-PRD",
              "ComponentType": "Kafka",
              "Confidentiality": "C3",
              "Environment": "PROD",
              "GeneratedBy": "CIM CDH System Team - Terraform",
              "LMEntity": "VFDE",
              "LocalMarket": "VFDE",
              "ManagedBy": "m.schueller@vodafone.com",
              "NetworkType": "IA",
              "POnumber": "PO1502033755",
              "Patch Group": "RHEL-PRD",
              "Project": "CIM-CDH",
              "SecurityZone": "A",
              "ServiceLevelUnit": "AWSDE-CIM_CDH:PROD",
              "StartTime": "0500",
              "StopTime": "1600",
              "TaggingVersion": "V2.4"
            },
            "type": "io1"
          },
          "private": "bnVsbA==",
          "dependencies": [
            "module.zookeeper.aws_instance.zookeeper",
            "module.zookeeper.aws_kms_key.kafka_zookeeper_kms"
          ]
        },
        {
          "index_key": 2,
          "schema_version": 0,
          "attributes": {
            "arn": "arn:aws:ec2:eu-central-1:375200909709:volume/vol-0219d22d3ca67ec51",
            "availability_zone": "eu-central-1c",
            "encrypted": true,
            "id": "vol-0219d22d3ca67ec51",
            "iops": 200,
            "kms_key_id": "arn:aws:kms:eu-central-1:375200909709:key/0f4abd81-c9ee-4c53-9660-73f00ceabd1a",
            "size": 64,
            "snapshot_id": "",
            "tags": {
              "AWSregion": "eucentral1",
              "AutoTurnOFF": "No",
              "BU": "LOCAL-MARKET",
              "BusinessService": "VFDE-AWS-BSS-CIM-CDH-PROD",
              "CodeRepo": "https://deployvip.dc-ratingen.de:8080/bitbucket/scm/sol/k2view_infra.git",
              "Component": "CDH-PRD",
              "ComponentType": "Kafka",
              "Confidentiality": "C3",
              "Environment": "PROD",
              "GeneratedBy": "CIM CDH System Team - Terraform",
              "LMEntity": "VFDE",
              "LocalMarket": "VFDE",
              "ManagedBy": "m.schueller@vodafone.com",
              "NetworkType": "IA",
              "POnumber": "PO1502033755",
              "Patch Group": "RHEL-PRD",
              "Project": "CIM-CDH",
              "SecurityZone": "A",
              "ServiceLevelUnit": "AWSDE-CIM_CDH:PROD",
              "StartTime": "0500",
              "StopTime": "1600",
              "TaggingVersion": "V2.4"
            },
            "type": "io1"
          },
          "private": "bnVsbA==",
          "dependencies": [
            "module.zookeeper.aws_instance.zookeeper",
            "module.zookeeper.aws_kms_key.kafka_zookeeper_kms"
          ]
        },
        {
          "index_key": 3,
          "schema_version": 0,
          "attributes": {
            "arn": "arn:aws:ec2:eu-central-1:375200909709:volume/vol-0b69a36ae45b34c10",
            "availability_zone": "eu-central-1a",
            "encrypted": true,
            "id": "vol-0b69a36ae45b34c10",
            "iops": 200,
            "kms_key_id": "arn:aws:kms:eu-central-1:375200909709:key/0f4abd81-c9ee-4c53-9660-73f00ceabd1a",
            "size": 64,
            "snapshot_id": "",
            "tags": {
              "AWSregion": "eucentral1",
              "AutoTurnOFF": "No",
              "BU": "LOCAL-MARKET",
              "BusinessService": "VFDE-AWS-BSS-CIM-CDH-PROD",
              "CodeRepo": "https://deployvip.dc-ratingen.de:8080/bitbucket/scm/sol/k2view_infra.git",
              "Component": "CDH-PRD",
              "ComponentType": "Kafka",
              "Confidentiality": "C3",
              "Environment": "PROD",
              "GeneratedBy": "CIM CDH System Team - Terraform",
              "LMEntity": "VFDE",
              "LocalMarket": "VFDE",
              "ManagedBy": "m.schueller@vodafone.com",
              "NetworkType": "IA",
              "POnumber": "PO1502033755",
              "Patch Group": "RHEL-PRD",
              "Project": "CIM-CDH",
              "SecurityZone": "A",
              "ServiceLevelUnit": "AWSDE-CIM_CDH:PROD",
              "StartTime": "0500",
              "StopTime": "1600",
              "TaggingVersion": "V2.4"
            },
            "type": "io1"
          },
          "private": "bnVsbA==",
          "dependencies": [
            "module.zookeeper.aws_instance.zookeeper",
            "module.zookeeper.aws_kms_key.kafka_zookeeper_kms"
          ]
        },
        {
          "index_key": 4,
          "schema_version": 0,
          "attributes": {
            "arn": "arn:aws:ec2:eu-central-1:375200909709:volume/vol-0d3523b349cb5dc7a",
            "availability_zone": "eu-central-1b",
            "encrypted": true,
            "id": "vol-0d3523b349cb5dc7a",
            "iops": 200,
            "kms_key_id": "arn:aws:kms:eu-central-1:375200909709:key/0f4abd81-c9ee-4c53-9660-73f00ceabd1a",
            "size": 64,
            "snapshot_id": "",
            "tags": {
              "AWSregion": "eucentral1",
              "AutoTurnOFF": "No",
              "BU": "LOCAL-MARKET",
              "BusinessService": "VFDE-AWS-BSS-CIM-CDH-PROD",
              "CodeRepo": "https://deployvip.dc-ratingen.de:8080/bitbucket/scm/sol/k2view_infra.git",
              "Component": "CDH-PRD",
              "ComponentType": "Kafka",
              "Confidentiality": "C3",
              "Environment": "PROD",
              "GeneratedBy": "CIM CDH System Team - Terraform",
              "LMEntity": "VFDE",
              "LocalMarket": "VFDE",
              "ManagedBy": "m.schueller@vodafone.com",
              "NetworkType": "IA",
              "POnumber": "PO1502033755",
              "Patch Group": "RHEL-PRD",
              "Project": "CIM-CDH",
              "SecurityZone": "A",
              "ServiceLevelUnit": "AWSDE-CIM_CDH:PROD",
              "StartTime": "0500",
              "StopTime": "1600",
              "TaggingVersion": "V2.4"
            },
            "type": "io1"
          },
          "private": "bnVsbA==",
          "dependencies": [
            "module.zookeeper.aws_instance.zookeeper",
            "module.zookeeper.aws_kms_key.kafka_zookeeper_kms"
          ]
        }
      ]
    },
    {
      "mode": "managed",
      "type": "aws_iam_instance_profile",
      "name": "ec2-iam-kafka-ssm-profile",
      "provider": "provider.aws",
      "instances": [
        {
          "schema_version": 0,
          "attributes": {
            "arn": "arn:aws:iam::375200909709:instance-profile/ec2-iam-kafka-ssm-profile",
            "create_date": "2020-02-14T10:46:43Z",
            "id": "ec2-iam-kafka-ssm-profile",
            "name": "ec2-iam-kafka-ssm-profile",
            "name_prefix": null,
            "path": "/",
            "role": "iam-ssm-kafka-host-role",
            "roles": [
              "iam-ssm-kafka-host-role"
            ],
            "unique_id": "AIPAVOW5XRGGQQ7PMEN3Z"
          },
          "private": "bnVsbA==",
          "dependencies": [
            "aws_iam_role.iam-ssm-kafka-host-role"
          ]
        }
      ]
    },
    {
      "mode": "managed",
      "type": "aws_iam_role",
      "name": "iam-ssm-kafka-host-role",
      "provider": "provider.aws",
      "instances": [
        {
          "schema_version": 0,
          "attributes": {
            "arn": "arn:aws:iam::375200909709:role/iam-ssm-kafka-host-role",
            "assume_role_policy": "{\"Version\":\"2012-10-17\",\"Statement\":[{\"Sid\":\"\",\"Effect\":\"Allow\",\"Principal\":{\"Service\":\"ec2.amazonaws.com\"},\"Action\":\"sts:AssumeRole\"}]}",
            "create_date": "2020-02-14T10:46:41Z",
            "description": "Host Role to enable Systems Manager",
            "force_detach_policies": false,
            "id": "iam-ssm-kafka-host-role",
            "max_session_duration": 3600,
            "name": "iam-ssm-kafka-host-role",
            "name_prefix": null,
            "path": "/",
            "permissions_boundary": null,
            "tags": {},
            "unique_id": "AROAVOW5XRGG4LCF42DFU"
          },
          "private": "bnVsbA=="
        }
      ]
    },
    {
      "mode": "managed",
      "type": "aws_iam_role_policy_attachment",
      "name": "ec2-iam-ssm-kafka-host-role-attach",
      "provider": "provider.aws",
      "instances": [
        {
          "schema_version": 0,
          "attributes": {
            "id": "iam-ssm-kafka-host-role-20200214104643555400000004",
            "policy_arn": "arn:aws:iam::aws:policy/AmazonSSMManagedInstanceCore",
            "role": "iam-ssm-kafka-host-role"
          },
          "private": "bnVsbA==",
          "dependencies": [
            "aws_iam_role.iam-ssm-kafka-host-role"
          ]
        }
      ]
    },
    {
      "mode": "managed",
      "type": "aws_iam_role_policy_attachment",
      "name": "ec2-iam-ssm-kafka-host-role-attach_1",
      "provider": "provider.aws",
      "instances": [
        {
          "schema_version": 0,
          "attributes": {
            "id": "iam-ssm-kafka-host-role-20200214104643525700000003",
            "policy_arn": "arn:aws:iam::aws:policy/service-role/AmazonSSMAutomationRole",
            "role": "iam-ssm-kafka-host-role"
          },
          "private": "bnVsbA==",
          "dependencies": [
            "aws_iam_role.iam-ssm-kafka-host-role"
          ]
        }
      ]
    },
    {
      "mode": "managed",
      "type": "aws_iam_role_policy_attachment",
      "name": "ec2-iam-ssm-kafka-host-role-attach_2",
      "provider": "provider.aws",
      "instances": [
        {
          "schema_version": 0,
          "attributes": {
            "id": "iam-ssm-kafka-host-role-20200214104643330000000002",
            "policy_arn": "arn:aws:iam::aws:policy/AmazonS3FullAccess",
            "role": "iam-ssm-kafka-host-role"
          },
          "private": "bnVsbA==",
          "dependencies": [
            "aws_iam_role.iam-ssm-kafka-host-role"
          ]
        }
      ]
    },
    {
      "mode": "managed",
      "type": "aws_iam_role_policy_attachment",
      "name": "ec2-iam-ssm-kafka-host-role-attach_3",
      "provider": "provider.aws",
      "instances": [
        {
          "schema_version": 0,
          "attributes": {
            "id": "iam-ssm-kafka-host-role-20200219134122824500000006",
            "policy_arn": "arn:aws:iam::aws:policy/CloudWatchAgentServerPolicy",
            "role": "iam-ssm-kafka-host-role"
          },
          "private": "bnVsbA==",
          "dependencies": [
            "aws_iam_role.iam-ssm-kafka-host-role"
          ]
        }
      ]
    },
    {
      "module": "module.control_center",
      "mode": "managed",
      "type": "aws_instance",
      "name": "control_center",
      "each": "list",
      "provider": "provider.aws",
      "instances": [
        {
          "index_key": 0,
          "schema_version": 1,
          "attributes": {
            "ami": "ami-048fe90d7e4906069",
            "arn": "arn:aws:ec2:eu-central-1:375200909709:instance/i-09bec836c1702383d",
            "associate_public_ip_address": false,
            "availability_zone": "eu-central-1a",
            "cpu_core_count": 2,
            "cpu_threads_per_core": 1,
            "credit_specification": [
              {
                "cpu_credits": "standard"
              }
            ],
            "disable_api_termination": false,
            "ebs_block_device": [],
            "ebs_optimized": false,
            "ephemeral_block_device": [],
            "get_password_data": false,
            "host_id": null,
            "iam_instance_profile": "ec2-iam-kafka-ssm-profile",
            "id": "i-09bec836c1702383d",
            "instance_initiated_shutdown_behavior": null,
            "instance_state": "running",
            "instance_type": "t2.medium",
            "ipv6_address_count": 0,
            "ipv6_addresses": [],
            "key_name": "CIM_CDH_KAFKA_KEY",
            "monitoring": false,
            "network_interface": [],
            "network_interface_id": null,
            "password_data": "",
            "placement_group": "",
            "primary_network_interface_id": "eni-0ef76f3217a7c6088",
            "private_dns": "ip-10-90-0-108.eu-central-1.compute.internal",
            "private_ip": "10.90.0.108",
            "public_dns": "",
            "public_ip": "",
            "root_block_device": [
              {
                "delete_on_termination": true,
                "encrypted": false,
                "iops": 3000,
                "kms_key_id": "",
                "volume_id": "vol-09eb11665b9b6647e",
                "volume_size": 1000,
                "volume_type": "gp2"
              }
            ],
            "security_groups": [],
            "source_dest_check": true,
            "subnet_id": "subnet-0975cea45078aed61",
            "tags": {
              "AWSregion": "eucentral1",
              "AutoTurnOFF": "No",
              "BU": "LOCAL-MARKET",
              "BusinessService": "VFDE-AWS-BSS-CIM-CDH-PROD",
              "CodeRepo": "https://deployvip.dc-ratingen.de:8080/bitbucket/scm/sol/k2view_infra.git",
              "Component": "VFDE-CIM_CDH",
              "ComponentType": "Kafka",
              "Confidentiality": "C3",
              "Environment": "PROD",
              "GeneratedBy": "CIM CDH System Team - Terraform",
              "LMEntity": "VFDE",
              "LocalMarket": "VFDE",
              "ManagedBy": "m.schueller@vodafone.com",
              "Name": "VFDE-CIM_CDH-eu-central-1-ec2-PROD-kafka-control-center-001",
              "NetworkType": "IA",
              "POnumber": "PO1502033755",
              "Patch Group": "RHEL-PRD",
              "Project": "CIM-CDH",
              "Role": "ECR_Admin",
              "SSM_Ansible": "kafka-control-center",
              "SecurityZone": "A",
              "Service": "kafka-control-center",
              "ServiceLevelUnit": "AWSDE-CIM_CDH:PROD",
              "StartTime": "0500",
              "StopTime": "1600",
              "TaggingVersion": "V2.4",
              "TiMonitoring": "kafka_controlCenter"
            },
            "tenancy": "default",
            "timeouts": null,
            "user_data": null,
            "user_data_base64": null,
            "volume_tags": {
              "AWSregion": "eucentral1",
              "AutoTurnOFF": "No",
              "BU": "LOCAL-MARKET",
              "BusinessService": "VFDE-AWS-BSS-CIM-CDH-PROD",
              "CodeRepo": "https://deployvip.dc-ratingen.de:8080/bitbucket/scm/sol/k2view_infra.git",
              "Component": "CDH-PRD",
              "ComponentType": "Kafka",
              "Confidentiality": "C3",
              "Environment": "PROD",
              "GeneratedBy": "CIM CDH System Team - Terraform",
              "LMEntity": "VFDE",
              "LocalMarket": "VFDE",
              "ManagedBy": "m.schueller@vodafone.com",
              "NetworkType": "IA",
              "POnumber": "PO1502033755",
              "Patch Group": "RHEL-PRD",
              "Project": "CIM-CDH",
              "SecurityZone": "A",
              "ServiceLevelUnit": "AWSDE-CIM_CDH:PROD",
              "StartTime": "0500",
              "StopTime": "1600",
              "TaggingVersion": "V2.4"
            },
            "vpc_security_group_ids": [
              "sg-03a7250fccb2c71fc"
            ]
          },
          "private": "eyJlMmJmYjczMC1lY2FhLTExZTYtOGY4OC0zNDM2M2JjN2M0YzAiOnsiY3JlYXRlIjo2MDAwMDAwMDAwMDAsImRlbGV0ZSI6MTIwMDAwMDAwMDAwMCwidXBkYXRlIjo2MDAwMDAwMDAwMDB9LCJzY2hlbWFfdmVyc2lvbiI6IjEifQ==",
          "dependencies": [
            "aws_iam_instance_profile.ec2-iam-kafka-ssm-profile",
            "module.control_center.aws_security_group.control_center"
          ]
        }
      ]
    },
    {
      "module": "module.kafka",
      "mode": "managed",
      "type": "aws_instance",
      "name": "kafka",
      "each": "list",
      "provider": "provider.aws",
      "instances": [
        {
          "index_key": 0,
          "schema_version": 1,
          "attributes": {
            "ami": "ami-048fe90d7e4906069",
            "arn": "arn:aws:ec2:eu-central-1:375200909709:instance/i-0ca0d39123917e617",
            "associate_public_ip_address": false,
            "availability_zone": "eu-central-1a",
            "cpu_core_count": 4,
            "cpu_threads_per_core": 2,
            "credit_specification": [],
            "disable_api_termination": false,
            "ebs_block_device": [
              {
                "delete_on_termination": false,
                "device_name": "/dev/sdf",
                "encrypted": true,
                "iops": 0,
                "kms_key_id": "arn:aws:kms:eu-central-1:375200909709:key/81f33f51-3faa-4d18-8bc2-6bb170e7c7c0",
                "snapshot_id": "",
                "volume_id": "vol-0cfbc9bc7e340a0f8",
                "volume_size": 4096,
                "volume_type": "st1"
              }
            ],
            "ebs_optimized": false,
            "ephemeral_block_device": [],
            "get_password_data": false,
            "host_id": null,
            "iam_instance_profile": "ec2-iam-kafka-ssm-profile",
            "id": "i-0ca0d39123917e617",
            "instance_initiated_shutdown_behavior": null,
            "instance_state": "running",
            "instance_type": "m5.2xlarge",
            "ipv6_address_count": 0,
            "ipv6_addresses": [],
            "key_name": "CIM_CDH_KAFKA_KEY",
            "monitoring": false,
            "network_interface": [],
            "network_interface_id": null,
            "password_data": "",
            "placement_group": "",
            "primary_network_interface_id": "eni-0e750652bd459bd19",
            "private_dns": "ip-10-90-0-130.eu-central-1.compute.internal",
            "private_ip": "10.90.0.130",
            "public_dns": "",
            "public_ip": "",
            "root_block_device": [
              {
                "delete_on_termination": true,
                "encrypted": false,
                "iops": 3000,
                "kms_key_id": "",
                "volume_id": "vol-0b9d37bdbe23de934",
                "volume_size": 1000,
                "volume_type": "gp2"
              }
            ],
            "security_groups": [],
            "source_dest_check": true,
            "subnet_id": "subnet-0975cea45078aed61",
            "tags": {
              "AWSregion": "eucentral1",
              "AutoTurnOFF": "No",
              "BU": "LOCAL-MARKET",
              "BusinessService": "VFDE-AWS-BSS-CIM-CDH-PROD",
              "CodeRepo": "https://deployvip.dc-ratingen.de:8080/bitbucket/scm/sol/k2view_infra.git",
              "Component": "VFDE-CIM_CDH",
              "ComponentType": "Kafka",
              "Confidentiality": "C3",
              "Environment": "PROD",
              "GeneratedBy": "CIM CDH System Team - Terraform",
              "LMEntity": "VFDE",
              "LocalMarket": "VFDE",
              "ManagedBy": "m.schueller@vodafone.com",
              "Name": "VFDE-CIM_CDH-eu-central-1-ec2-PROD-kafka-broker-001",
              "NetworkType": "IA",
              "POnumber": "PO1502033755",
              "Patch Group": "RHEL-PRD",
              "Project": "CIM-CDH",
              "Role": "ECR_Admin",
              "SSM_Ansible": "kafka-broker",
              "SecurityZone": "A",
              "Service": "kafka-broker",
              "ServiceLevelUnit": "AWSDE-CIM_CDH:PROD",
              "StartTime": "0500",
              "StopTime": "1600",
              "TaggingVersion": "V2.4",
              "TiMonitoring": "kafka_broker"
            },
            "tenancy": "default",
            "timeouts": null,
            "user_data": null,
            "user_data_base64": null,
            "volume_tags": {
              "AWSregion": "eucentral1",
              "AutoTurnOFF": "No",
              "BU": "LOCAL-MARKET",
              "BusinessService": "VFDE-AWS-BSS-CIM-CDH-PROD",
              "CodeRepo": "https://deployvip.dc-ratingen.de:8080/bitbucket/scm/sol/k2view_infra.git",
              "Component": "CDH-PRD",
              "ComponentType": "Kafka",
              "Confidentiality": "C3",
              "Environment": "PROD",
              "GeneratedBy": "CIM CDH System Team - Terraform",
              "LMEntity": "VFDE",
              "LocalMarket": "VFDE",
              "ManagedBy": "m.schueller@vodafone.com",
              "NetworkType": "IA",
              "POnumber": "PO1502033755",
              "Patch Group": "RHEL-PRD",
              "Project": "CIM-CDH",
              "SecurityZone": "A",
              "ServiceLevelUnit": "AWSDE-CIM_CDH:PROD",
              "StartTime": "0500",
              "StopTime": "1600",
              "TaggingVersion": "V2.4"
            },
            "vpc_security_group_ids": [
              "sg-0a0677b50097cbe12"
            ]
          },
          "private": "eyJlMmJmYjczMC1lY2FhLTExZTYtOGY4OC0zNDM2M2JjN2M0YzAiOnsiY3JlYXRlIjo2MDAwMDAwMDAwMDAsImRlbGV0ZSI6MTIwMDAwMDAwMDAwMCwidXBkYXRlIjo2MDAwMDAwMDAwMDB9LCJzY2hlbWFfdmVyc2lvbiI6IjEifQ==",
          "dependencies": [
            "aws_iam_instance_profile.ec2-iam-kafka-ssm-profile",
            "module.kafka.aws_security_group.kafka"
          ]
        },
        {
          "index_key": 1,
          "schema_version": 1,
          "attributes": {
            "ami": "ami-048fe90d7e4906069",
            "arn": "arn:aws:ec2:eu-central-1:375200909709:instance/i-03f1a7d4431ff52d7",
            "associate_public_ip_address": false,
            "availability_zone": "eu-central-1b",
            "cpu_core_count": 4,
            "cpu_threads_per_core": 2,
            "credit_specification": [],
            "disable_api_termination": false,
            "ebs_block_device": [
              {
                "delete_on_termination": false,
                "device_name": "/dev/sdf",
                "encrypted": true,
                "iops": 0,
                "kms_key_id": "arn:aws:kms:eu-central-1:375200909709:key/81f33f51-3faa-4d18-8bc2-6bb170e7c7c0",
                "snapshot_id": "",
                "volume_id": "vol-079b6439fd9f2f366",
                "volume_size": 4096,
                "volume_type": "st1"
              }
            ],
            "ebs_optimized": false,
            "ephemeral_block_device": [],
            "get_password_data": false,
            "host_id": null,
            "iam_instance_profile": "ec2-iam-kafka-ssm-profile",
            "id": "i-03f1a7d4431ff52d7",
            "instance_initiated_shutdown_behavior": null,
            "instance_state": "running",
            "instance_type": "m5.2xlarge",
            "ipv6_address_count": 0,
            "ipv6_addresses": [],
            "key_name": "CIM_CDH_KAFKA_KEY",
            "monitoring": false,
            "network_interface": [],
            "network_interface_id": null,
            "password_data": "",
            "placement_group": "",
            "primary_network_interface_id": "eni-037ba8fe7ea6b02f3",
            "private_dns": "ip-10-90-30-180.eu-central-1.compute.internal",
            "private_ip": "10.90.30.180",
            "public_dns": "",
            "public_ip": "",
            "root_block_device": [
              {
                "delete_on_termination": true,
                "encrypted": false,
                "iops": 3000,
                "kms_key_id": "",
                "volume_id": "vol-093fd236cc8e013c8",
                "volume_size": 1000,
                "volume_type": "gp2"
              }
            ],
            "security_groups": [],
            "source_dest_check": true,
            "subnet_id": "subnet-07c851afbb0ad8e73",
            "tags": {
              "AWSregion": "eucentral1",
              "AutoTurnOFF": "No",
              "BU": "LOCAL-MARKET",
              "BusinessService": "VFDE-AWS-BSS-CIM-CDH-PROD",
              "CodeRepo": "https://deployvip.dc-ratingen.de:8080/bitbucket/scm/sol/k2view_infra.git",
              "Component": "VFDE-CIM_CDH",
              "ComponentType": "Kafka",
              "Confidentiality": "C3",
              "Environment": "PROD",
              "GeneratedBy": "CIM CDH System Team - Terraform",
              "LMEntity": "VFDE",
              "LocalMarket": "VFDE",
              "ManagedBy": "m.schueller@vodafone.com",
              "Name": "VFDE-CIM_CDH-eu-central-1-ec2-PROD-kafka-broker-002",
              "NetworkType": "IA",
              "POnumber": "PO1502033755",
              "Patch Group": "RHEL-PRD",
              "Project": "CIM-CDH",
              "Role": "ECR_Admin",
              "SSM_Ansible": "kafka-broker",
              "SecurityZone": "A",
              "Service": "kafka-broker",
              "ServiceLevelUnit": "AWSDE-CIM_CDH:PROD",
              "StartTime": "0500",
              "StopTime": "1600",
              "TaggingVersion": "V2.4",
              "TiMonitoring": "kafka_broker"
            },
            "tenancy": "default",
            "timeouts": null,
            "user_data": null,
            "user_data_base64": null,
            "volume_tags": {
              "AWSregion": "eucentral1",
              "AutoTurnOFF": "No",
              "BU": "LOCAL-MARKET",
              "BusinessService": "VFDE-AWS-BSS-CIM-CDH-PROD",
              "CodeRepo": "https://deployvip.dc-ratingen.de:8080/bitbucket/scm/sol/k2view_infra.git",
              "Component": "CDH-PRD",
              "ComponentType": "Kafka",
              "Confidentiality": "C3",
              "Environment": "PROD",
              "GeneratedBy": "CIM CDH System Team - Terraform",
              "LMEntity": "VFDE",
              "LocalMarket": "VFDE",
              "ManagedBy": "m.schueller@vodafone.com",
              "NetworkType": "IA",
              "POnumber": "PO1502033755",
              "Patch Group": "RHEL-PRD",
              "Project": "CIM-CDH",
              "SecurityZone": "A",
              "ServiceLevelUnit": "AWSDE-CIM_CDH:PROD",
              "StartTime": "0500",
              "StopTime": "1600",
              "TaggingVersion": "V2.4"
            },
            "vpc_security_group_ids": [
              "sg-0a0677b50097cbe12"
            ]
          },
          "private": "eyJlMmJmYjczMC1lY2FhLTExZTYtOGY4OC0zNDM2M2JjN2M0YzAiOnsiY3JlYXRlIjo2MDAwMDAwMDAwMDAsImRlbGV0ZSI6MTIwMDAwMDAwMDAwMCwidXBkYXRlIjo2MDAwMDAwMDAwMDB9LCJzY2hlbWFfdmVyc2lvbiI6IjEifQ==",
          "dependencies": [
            "aws_iam_instance_profile.ec2-iam-kafka-ssm-profile",
            "module.kafka.aws_security_group.kafka"
          ]
        },
        {
          "index_key": 2,
          "schema_version": 1,
          "attributes": {
            "ami": "ami-048fe90d7e4906069",
            "arn": "arn:aws:ec2:eu-central-1:375200909709:instance/i-0836bb8a670328f95",
            "associate_public_ip_address": false,
            "availability_zone": "eu-central-1c",
            "cpu_core_count": 4,
            "cpu_threads_per_core": 2,
            "credit_specification": [],
            "disable_api_termination": false,
            "ebs_block_device": [
              {
                "delete_on_termination": false,
                "device_name": "/dev/sdf",
                "encrypted": true,
                "iops": 0,
                "kms_key_id": "arn:aws:kms:eu-central-1:375200909709:key/81f33f51-3faa-4d18-8bc2-6bb170e7c7c0",
                "snapshot_id": "",
                "volume_id": "vol-0d8e89b17b10c4d7e",
                "volume_size": 4096,
                "volume_type": "st1"
              }
            ],
            "ebs_optimized": false,
            "ephemeral_block_device": [],
            "get_password_data": false,
            "host_id": null,
            "iam_instance_profile": "ec2-iam-kafka-ssm-profile",
            "id": "i-0836bb8a670328f95",
            "instance_initiated_shutdown_behavior": null,
            "instance_state": "running",
            "instance_type": "m5.2xlarge",
            "ipv6_address_count": 0,
            "ipv6_addresses": [],
            "key_name": "CIM_CDH_KAFKA_KEY",
            "monitoring": false,
            "network_interface": [],
            "network_interface_id": null,
            "password_data": "",
            "placement_group": "",
            "primary_network_interface_id": "eni-0a65ffa79feb48646",
            "private_dns": "ip-10-90-60-36.eu-central-1.compute.internal",
            "private_ip": "10.90.60.36",
            "public_dns": "",
            "public_ip": "",
            "root_block_device": [
              {
                "delete_on_termination": true,
                "encrypted": false,
                "iops": 3000,
                "kms_key_id": "",
                "volume_id": "vol-043ab45c96f1dbf0a",
                "volume_size": 1000,
                "volume_type": "gp2"
              }
            ],
            "security_groups": [],
            "source_dest_check": true,
            "subnet_id": "subnet-02c939986a0186bae",
            "tags": {
              "AWSregion": "eucentral1",
              "AutoTurnOFF": "No",
              "BU": "LOCAL-MARKET",
              "BusinessService": "VFDE-AWS-BSS-CIM-CDH-PROD",
              "CodeRepo": "https://deployvip.dc-ratingen.de:8080/bitbucket/scm/sol/k2view_infra.git",
              "Component": "VFDE-CIM_CDH",
              "ComponentType": "Kafka",
              "Confidentiality": "C3",
              "Environment": "PROD",
              "GeneratedBy": "CIM CDH System Team - Terraform",
              "LMEntity": "VFDE",
              "LocalMarket": "VFDE",
              "ManagedBy": "m.schueller@vodafone.com",
              "Name": "VFDE-CIM_CDH-eu-central-1-ec2-PROD-kafka-broker-003",
              "NetworkType": "IA",
              "POnumber": "PO1502033755",
              "Patch Group": "RHEL-PRD",
              "Project": "CIM-CDH",
              "Role": "ECR_Admin",
              "SSM_Ansible": "kafka-broker",
              "SecurityZone": "A",
              "Service": "kafka-broker",
              "ServiceLevelUnit": "AWSDE-CIM_CDH:PROD",
              "StartTime": "0500",
              "StopTime": "1600",
              "TaggingVersion": "V2.4",
              "TiMonitoring": "kafka_broker"
            },
            "tenancy": "default",
            "timeouts": null,
            "user_data": null,
            "user_data_base64": null,
            "volume_tags": {
              "AWSregion": "eucentral1",
              "AutoTurnOFF": "No",
              "BU": "LOCAL-MARKET",
              "BusinessService": "VFDE-AWS-BSS-CIM-CDH-PROD",
              "CodeRepo": "https://deployvip.dc-ratingen.de:8080/bitbucket/scm/sol/k2view_infra.git",
              "Component": "CDH-PRD",
              "ComponentType": "Kafka",
              "Confidentiality": "C3",
              "Environment": "PROD",
              "GeneratedBy": "CIM CDH System Team - Terraform",
              "LMEntity": "VFDE",
              "LocalMarket": "VFDE",
              "ManagedBy": "m.schueller@vodafone.com",
              "NetworkType": "IA",
              "POnumber": "PO1502033755",
              "Patch Group": "RHEL-PRD",
              "Project": "CIM-CDH",
              "SecurityZone": "A",
              "ServiceLevelUnit": "AWSDE-CIM_CDH:PROD",
              "StartTime": "0500",
              "StopTime": "1600",
              "TaggingVersion": "V2.4"
            },
            "vpc_security_group_ids": [
              "sg-0a0677b50097cbe12"
            ]
          },
          "private": "eyJlMmJmYjczMC1lY2FhLTExZTYtOGY4OC0zNDM2M2JjN2M0YzAiOnsiY3JlYXRlIjo2MDAwMDAwMDAwMDAsImRlbGV0ZSI6MTIwMDAwMDAwMDAwMCwidXBkYXRlIjo2MDAwMDAwMDAwMDB9LCJzY2hlbWFfdmVyc2lvbiI6IjEifQ==",
          "dependencies": [
            "aws_iam_instance_profile.ec2-iam-kafka-ssm-profile",
            "module.kafka.aws_security_group.kafka"
          ]
        },
        {
          "index_key": 3,
          "schema_version": 1,
          "attributes": {
            "ami": "ami-048fe90d7e4906069",
            "arn": "arn:aws:ec2:eu-central-1:375200909709:instance/i-0eb2baa34e86ee5cb",
            "associate_public_ip_address": false,
            "availability_zone": "eu-central-1a",
            "cpu_core_count": 4,
            "cpu_threads_per_core": 2,
            "credit_specification": [],
            "disable_api_termination": false,
            "ebs_block_device": [
              {
                "delete_on_termination": false,
                "device_name": "/dev/sdf",
                "encrypted": true,
                "iops": 0,
                "kms_key_id": "arn:aws:kms:eu-central-1:375200909709:key/81f33f51-3faa-4d18-8bc2-6bb170e7c7c0",
                "snapshot_id": "",
                "volume_id": "vol-0ee0a8b6ec506da83",
                "volume_size": 4096,
                "volume_type": "st1"
              }
            ],
            "ebs_optimized": false,
            "ephemeral_block_device": [],
            "get_password_data": false,
            "host_id": null,
            "iam_instance_profile": "ec2-iam-kafka-ssm-profile",
            "id": "i-0eb2baa34e86ee5cb",
            "instance_initiated_shutdown_behavior": null,
            "instance_state": "running",
            "instance_type": "m5.2xlarge",
            "ipv6_address_count": 0,
            "ipv6_addresses": [],
            "key_name": "CIM_CDH_KAFKA_KEY",
            "monitoring": false,
            "network_interface": [],
            "network_interface_id": null,
            "password_data": "",
            "placement_group": "",
            "primary_network_interface_id": "eni-0bd13e3db3c1f33f9",
            "private_dns": "ip-10-90-0-220.eu-central-1.compute.internal",
            "private_ip": "10.90.0.220",
            "public_dns": "",
            "public_ip": "",
            "root_block_device": [
              {
                "delete_on_termination": true,
                "encrypted": false,
                "iops": 3000,
                "kms_key_id": "",
                "volume_id": "vol-038d35b0e9a5f64b0",
                "volume_size": 1000,
                "volume_type": "gp2"
              }
            ],
            "security_groups": [],
            "source_dest_check": true,
            "subnet_id": "subnet-0975cea45078aed61",
            "tags": {
              "AWSregion": "eucentral1",
              "AutoTurnOFF": "No",
              "BU": "LOCAL-MARKET",
              "BusinessService": "VFDE-AWS-BSS-CIM-CDH-PROD",
              "CodeRepo": "https://deployvip.dc-ratingen.de:8080/bitbucket/scm/sol/k2view_infra.git",
              "Component": "VFDE-CIM_CDH",
              "ComponentType": "Kafka",
              "Confidentiality": "C3",
              "Environment": "PROD",
              "GeneratedBy": "CIM CDH System Team - Terraform",
              "LMEntity": "VFDE",
              "LocalMarket": "VFDE",
              "ManagedBy": "m.schueller@vodafone.com",
              "Name": "VFDE-CIM_CDH-eu-central-1-ec2-PROD-kafka-broker-004",
              "NetworkType": "IA",
              "POnumber": "PO1502033755",
              "Patch Group": "RHEL-PRD",
              "Project": "CIM-CDH",
              "Role": "ECR_Admin",
              "SSM_Ansible": "kafka-broker",
              "SecurityZone": "A",
              "Service": "kafka-broker",
              "ServiceLevelUnit": "AWSDE-CIM_CDH:PROD",
              "StartTime": "0500",
              "StopTime": "1600",
              "TaggingVersion": "V2.4",
              "TiMonitoring": "kafka_broker"
            },
            "tenancy": "default",
            "timeouts": null,
            "user_data": null,
            "user_data_base64": null,
            "volume_tags": {
              "AWSregion": "eucentral1",
              "AutoTurnOFF": "No",
              "BU": "LOCAL-MARKET",
              "BusinessService": "VFDE-AWS-BSS-CIM-CDH-PROD",
              "CodeRepo": "https://deployvip.dc-ratingen.de:8080/bitbucket/scm/sol/k2view_infra.git",
              "Component": "CDH-PRD",
              "ComponentType": "Kafka",
              "Confidentiality": "C3",
              "Environment": "PROD",
              "GeneratedBy": "CIM CDH System Team - Terraform",
              "LMEntity": "VFDE",
              "LocalMarket": "VFDE",
              "ManagedBy": "m.schueller@vodafone.com",
              "NetworkType": "IA",
              "POnumber": "PO1502033755",
              "Patch Group": "RHEL-PRD",
              "Project": "CIM-CDH",
              "SecurityZone": "A",
              "ServiceLevelUnit": "AWSDE-CIM_CDH:PROD",
              "StartTime": "0500",
              "StopTime": "1600",
              "TaggingVersion": "V2.4"
            },
            "vpc_security_group_ids": [
              "sg-0a0677b50097cbe12"
            ]
          },
          "private": "eyJlMmJmYjczMC1lY2FhLTExZTYtOGY4OC0zNDM2M2JjN2M0YzAiOnsiY3JlYXRlIjo2MDAwMDAwMDAwMDAsImRlbGV0ZSI6MTIwMDAwMDAwMDAwMCwidXBkYXRlIjo2MDAwMDAwMDAwMDB9LCJzY2hlbWFfdmVyc2lvbiI6IjEifQ==",
          "dependencies": [
            "aws_iam_instance_profile.ec2-iam-kafka-ssm-profile",
            "module.kafka.aws_security_group.kafka"
          ]
        },
        {
          "index_key": 4,
          "schema_version": 1,
          "attributes": {
            "ami": "ami-048fe90d7e4906069",
            "arn": "arn:aws:ec2:eu-central-1:375200909709:instance/i-003faad9cf29da3f9",
            "associate_public_ip_address": false,
            "availability_zone": "eu-central-1b",
            "cpu_core_count": 4,
            "cpu_threads_per_core": 2,
            "credit_specification": [],
            "disable_api_termination": false,
            "ebs_block_device": [
              {
                "delete_on_termination": false,
                "device_name": "/dev/sdf",
                "encrypted": true,
                "iops": 0,
                "kms_key_id": "arn:aws:kms:eu-central-1:375200909709:key/81f33f51-3faa-4d18-8bc2-6bb170e7c7c0",
                "snapshot_id": "",
                "volume_id": "vol-06e611fcd668f7e56",
                "volume_size": 4096,
                "volume_type": "st1"
              }
            ],
            "ebs_optimized": false,
            "ephemeral_block_device": [],
            "get_password_data": false,
            "host_id": null,
            "iam_instance_profile": "ec2-iam-kafka-ssm-profile",
            "id": "i-003faad9cf29da3f9",
            "instance_initiated_shutdown_behavior": null,
            "instance_state": "running",
            "instance_type": "m5.2xlarge",
            "ipv6_address_count": 0,
            "ipv6_addresses": [],
            "key_name": "CIM_CDH_KAFKA_KEY",
            "monitoring": false,
            "network_interface": [],
            "network_interface_id": null,
            "password_data": "",
            "placement_group": "",
            "primary_network_interface_id": "eni-05a335348d578144d",
            "private_dns": "ip-10-90-30-25.eu-central-1.compute.internal",
            "private_ip": "10.90.30.25",
            "public_dns": "",
            "public_ip": "",
            "root_block_device": [
              {
                "delete_on_termination": true,
                "encrypted": false,
                "iops": 3000,
                "kms_key_id": "",
                "volume_id": "vol-09ad1d21ee496abdd",
                "volume_size": 1000,
                "volume_type": "gp2"
              }
            ],
            "security_groups": [],
            "source_dest_check": true,
            "subnet_id": "subnet-07c851afbb0ad8e73",
            "tags": {
              "AWSregion": "eucentral1",
              "AutoTurnOFF": "No",
              "BU": "LOCAL-MARKET",
              "BusinessService": "VFDE-AWS-BSS-CIM-CDH-PROD",
              "CodeRepo": "https://deployvip.dc-ratingen.de:8080/bitbucket/scm/sol/k2view_infra.git",
              "Component": "VFDE-CIM_CDH",
              "ComponentType": "Kafka",
              "Confidentiality": "C3",
              "Environment": "PROD",
              "GeneratedBy": "CIM CDH System Team - Terraform",
              "LMEntity": "VFDE",
              "LocalMarket": "VFDE",
              "ManagedBy": "m.schueller@vodafone.com",
              "Name": "VFDE-CIM_CDH-eu-central-1-ec2-PROD-kafka-broker-005",
              "NetworkType": "IA",
              "POnumber": "PO1502033755",
              "Patch Group": "RHEL-PRD",
              "Project": "CIM-CDH",
              "Role": "ECR_Admin",
              "SSM_Ansible": "kafka-broker",
              "SecurityZone": "A",
              "Service": "kafka-broker",
              "ServiceLevelUnit": "AWSDE-CIM_CDH:PROD",
              "StartTime": "0500",
              "StopTime": "1600",
              "TaggingVersion": "V2.4",
              "TiMonitoring": "kafka_broker"
            },
            "tenancy": "default",
            "timeouts": null,
            "user_data": null,
            "user_data_base64": null,
            "volume_tags": {
              "AWSregion": "eucentral1",
              "AutoTurnOFF": "No",
              "BU": "LOCAL-MARKET",
              "BusinessService": "VFDE-AWS-BSS-CIM-CDH-PROD",
              "CodeRepo": "https://deployvip.dc-ratingen.de:8080/bitbucket/scm/sol/k2view_infra.git",
              "Component": "CDH-PRD",
              "ComponentType": "Kafka",
              "Confidentiality": "C3",
              "Environment": "PROD",
              "GeneratedBy": "CIM CDH System Team - Terraform",
              "LMEntity": "VFDE",
              "LocalMarket": "VFDE",
              "ManagedBy": "m.schueller@vodafone.com",
              "NetworkType": "IA",
              "POnumber": "PO1502033755",
              "Patch Group": "RHEL-PRD",
              "Project": "CIM-CDH",
              "SecurityZone": "A",
              "ServiceLevelUnit": "AWSDE-CIM_CDH:PROD",
              "StartTime": "0500",
              "StopTime": "1600",
              "TaggingVersion": "V2.4"
            },
            "vpc_security_group_ids": [
              "sg-0a0677b50097cbe12"
            ]
          },
          "private": "eyJlMmJmYjczMC1lY2FhLTExZTYtOGY4OC0zNDM2M2JjN2M0YzAiOnsiY3JlYXRlIjo2MDAwMDAwMDAwMDAsImRlbGV0ZSI6MTIwMDAwMDAwMDAwMCwidXBkYXRlIjo2MDAwMDAwMDAwMDB9LCJzY2hlbWFfdmVyc2lvbiI6IjEifQ==",
          "dependencies": [
            "aws_iam_instance_profile.ec2-iam-kafka-ssm-profile",
            "module.kafka.aws_security_group.kafka"
          ]
        }
      ]
    },
    {
      "module": "module.kafka_connect",
      "mode": "managed",
      "type": "aws_instance",
      "name": "kafka_connect",
      "each": "list",
      "provider": "provider.aws",
      "instances": [
        {
          "index_key": 0,
          "schema_version": 1,
          "attributes": {
            "ami": "ami-048fe90d7e4906069",
            "arn": "arn:aws:ec2:eu-central-1:375200909709:instance/i-0378ead0e13364293",
            "associate_public_ip_address": false,
            "availability_zone": "eu-central-1a",
            "cpu_core_count": 2,
            "cpu_threads_per_core": 1,
            "credit_specification": [
              {
                "cpu_credits": "standard"
              }
            ],
            "disable_api_termination": false,
            "ebs_block_device": [],
            "ebs_optimized": false,
            "ephemeral_block_device": [],
            "get_password_data": false,
            "host_id": null,
            "iam_instance_profile": "ec2-iam-kafka-ssm-profile",
            "id": "i-0378ead0e13364293",
            "instance_initiated_shutdown_behavior": null,
            "instance_state": "running",
            "instance_type": "t2.medium",
            "ipv6_address_count": 0,
            "ipv6_addresses": [],
            "key_name": "CIM_CDH_KAFKA_KEY",
            "monitoring": false,
            "network_interface": [],
            "network_interface_id": null,
            "password_data": "",
            "placement_group": "",
            "primary_network_interface_id": "eni-03278485cf5049fba",
            "private_dns": "ip-10-90-0-146.eu-central-1.compute.internal",
            "private_ip": "10.90.0.146",
            "public_dns": "",
            "public_ip": "",
            "root_block_device": [
              {
                "delete_on_termination": true,
                "encrypted": false,
                "iops": 3000,
                "kms_key_id": "",
                "volume_id": "vol-0f4f8d1a58ad3e6b3",
                "volume_size": 1000,
                "volume_type": "gp2"
              }
            ],
            "security_groups": [],
            "source_dest_check": true,
            "subnet_id": "subnet-0975cea45078aed61",
            "tags": {
              "AWSregion": "eucentral1",
              "AutoTurnOFF": "No",
              "BU": "LOCAL-MARKET",
              "BusinessService": "VFDE-AWS-BSS-CIM-CDH-PROD",
              "CodeRepo": "https://deployvip.dc-ratingen.de:8080/bitbucket/scm/sol/k2view_infra.git",
              "Component": "VFDE-CIM_CDH",
              "ComponentType": "Kafka",
              "Confidentiality": "C3",
              "Environment": "PROD",
              "GeneratedBy": "CIM CDH System Team - Terraform",
              "LMEntity": "VFDE",
              "LocalMarket": "VFDE",
              "ManagedBy": "m.schueller@vodafone.com",
              "Name": "VFDE-CIM_CDH-eu-central-1-ec2-PROD-kafka-connect-001",
              "NetworkType": "IA",
              "POnumber": "PO1502033755",
              "Patch Group": "RHEL-PRD",
              "Project": "CIM-CDH",
              "Role": "ECR_Admin",
              "SSM_Ansible": "kafka-connect",
              "SecurityZone": "A",
              "Service": "kafka-connect",
              "ServiceLevelUnit": "AWSDE-CIM_CDH:PROD",
              "StartTime": "0500",
              "StopTime": "1600",
              "TaggingVersion": "V2.4",
              "TiMonitoring": "kafka_connect"
            },
            "tenancy": "default",
            "timeouts": null,
            "user_data": null,
            "user_data_base64": null,
            "volume_tags": {
              "AWSregion": "eucentral1",
              "AutoTurnOFF": "No",
              "BU": "LOCAL-MARKET",
              "BusinessService": "VFDE-AWS-BSS-CIM-CDH-PROD",
              "CodeRepo": "https://deployvip.dc-ratingen.de:8080/bitbucket/scm/sol/k2view_infra.git",
              "Component": "CDH-PRD",
              "ComponentType": "Kafka",
              "Confidentiality": "C3",
              "Environment": "PROD",
              "GeneratedBy": "CIM CDH System Team - Terraform",
              "LMEntity": "VFDE",
              "LocalMarket": "VFDE",
              "ManagedBy": "m.schueller@vodafone.com",
              "NetworkType": "IA",
              "POnumber": "PO1502033755",
              "Patch Group": "RHEL-PRD",
              "Project": "CIM-CDH",
              "SecurityZone": "A",
              "ServiceLevelUnit": "AWSDE-CIM_CDH:PROD",
              "StartTime": "0500",
              "StopTime": "1600",
              "TaggingVersion": "V2.4"
            },
            "vpc_security_group_ids": [
              "sg-0cd108f2b83d73453"
            ]
          },
          "private": "eyJlMmJmYjczMC1lY2FhLTExZTYtOGY4OC0zNDM2M2JjN2M0YzAiOnsiY3JlYXRlIjo2MDAwMDAwMDAwMDAsImRlbGV0ZSI6MTIwMDAwMDAwMDAwMCwidXBkYXRlIjo2MDAwMDAwMDAwMDB9LCJzY2hlbWFfdmVyc2lvbiI6IjEifQ==",
          "dependencies": [
            "aws_iam_instance_profile.ec2-iam-kafka-ssm-profile",
            "module.kafka_connect.aws_security_group.kafka_connect"
          ]
        },
        {
          "index_key": 1,
          "schema_version": 1,
          "attributes": {
            "ami": "ami-048fe90d7e4906069",
            "arn": "arn:aws:ec2:eu-central-1:375200909709:instance/i-0c7510422e6ad2ec3",
            "associate_public_ip_address": false,
            "availability_zone": "eu-central-1b",
            "cpu_core_count": 2,
            "cpu_threads_per_core": 1,
            "credit_specification": [
              {
                "cpu_credits": "standard"
              }
            ],
            "disable_api_termination": false,
            "ebs_block_device": [],
            "ebs_optimized": false,
            "ephemeral_block_device": [],
            "get_password_data": false,
            "host_id": null,
            "iam_instance_profile": "ec2-iam-kafka-ssm-profile",
            "id": "i-0c7510422e6ad2ec3",
            "instance_initiated_shutdown_behavior": null,
            "instance_state": "running",
            "instance_type": "t2.medium",
            "ipv6_address_count": 0,
            "ipv6_addresses": [],
            "key_name": "CIM_CDH_KAFKA_KEY",
            "monitoring": false,
            "network_interface": [],
            "network_interface_id": null,
            "password_data": "",
            "placement_group": "",
            "primary_network_interface_id": "eni-0a551266d0e0efb69",
            "private_dns": "ip-10-90-30-76.eu-central-1.compute.internal",
            "private_ip": "10.90.30.76",
            "public_dns": "",
            "public_ip": "",
            "root_block_device": [
              {
                "delete_on_termination": true,
                "encrypted": false,
                "iops": 3000,
                "kms_key_id": "",
                "volume_id": "vol-034fd521bc3e0f38b",
                "volume_size": 1000,
                "volume_type": "gp2"
              }
            ],
            "security_groups": [],
            "source_dest_check": true,
            "subnet_id": "subnet-07c851afbb0ad8e73",
            "tags": {
              "AWSregion": "eucentral1",
              "AutoTurnOFF": "No",
              "BU": "LOCAL-MARKET",
              "BusinessService": "VFDE-AWS-BSS-CIM-CDH-PROD",
              "CodeRepo": "https://deployvip.dc-ratingen.de:8080/bitbucket/scm/sol/k2view_infra.git",
              "Component": "VFDE-CIM_CDH",
              "ComponentType": "Kafka",
              "Confidentiality": "C3",
              "Environment": "PROD",
              "GeneratedBy": "CIM CDH System Team - Terraform",
              "LMEntity": "VFDE",
              "LocalMarket": "VFDE",
              "ManagedBy": "m.schueller@vodafone.com",
              "Name": "VFDE-CIM_CDH-eu-central-1-ec2-PROD-kafka-connect-002",
              "NetworkType": "IA",
              "POnumber": "PO1502033755",
              "Patch Group": "RHEL-PRD",
              "Project": "CIM-CDH",
              "Role": "ECR_Admin",
              "SSM_Ansible": "kafka-connect",
              "SecurityZone": "A",
              "Service": "kafka-connect",
              "ServiceLevelUnit": "AWSDE-CIM_CDH:PROD",
              "StartTime": "0500",
              "StopTime": "1600",
              "TaggingVersion": "V2.4",
              "TiMonitoring": "kafka_connect"
            },
            "tenancy": "default",
            "timeouts": null,
            "user_data": null,
            "user_data_base64": null,
            "volume_tags": {
              "AWSregion": "eucentral1",
              "AutoTurnOFF": "No",
              "BU": "LOCAL-MARKET",
              "BusinessService": "VFDE-AWS-BSS-CIM-CDH-PROD",
              "CodeRepo": "https://deployvip.dc-ratingen.de:8080/bitbucket/scm/sol/k2view_infra.git",
              "Component": "CDH-PRD",
              "ComponentType": "Kafka",
              "Confidentiality": "C3",
              "Environment": "PROD",
              "GeneratedBy": "CIM CDH System Team - Terraform",
              "LMEntity": "VFDE",
              "LocalMarket": "VFDE",
              "ManagedBy": "m.schueller@vodafone.com",
              "NetworkType": "IA",
              "POnumber": "PO1502033755",
              "Patch Group": "RHEL-PRD",
              "Project": "CIM-CDH",
              "SecurityZone": "A",
              "ServiceLevelUnit": "AWSDE-CIM_CDH:PROD",
              "StartTime": "0500",
              "StopTime": "1600",
              "TaggingVersion": "V2.4"
            },
            "vpc_security_group_ids": [
              "sg-0cd108f2b83d73453"
            ]
          },
          "private": "eyJlMmJmYjczMC1lY2FhLTExZTYtOGY4OC0zNDM2M2JjN2M0YzAiOnsiY3JlYXRlIjo2MDAwMDAwMDAwMDAsImRlbGV0ZSI6MTIwMDAwMDAwMDAwMCwidXBkYXRlIjo2MDAwMDAwMDAwMDB9LCJzY2hlbWFfdmVyc2lvbiI6IjEifQ==",
          "dependencies": [
            "aws_iam_instance_profile.ec2-iam-kafka-ssm-profile",
            "module.kafka_connect.aws_security_group.kafka_connect"
          ]
        }
      ]
    },
    {
      "module": "module.schema_registry",
      "mode": "managed",
      "type": "aws_instance",
      "name": "schema_registry",
      "each": "list",
      "provider": "provider.aws",
      "instances": [
        {
          "index_key": 0,
          "schema_version": 1,
          "attributes": {
            "ami": "ami-048fe90d7e4906069",
            "arn": "arn:aws:ec2:eu-central-1:375200909709:instance/i-060788dd32c8511d5",
            "associate_public_ip_address": false,
            "availability_zone": "eu-central-1a",
            "cpu_core_count": 2,
            "cpu_threads_per_core": 1,
            "credit_specification": [
              {
                "cpu_credits": "standard"
              }
            ],
            "disable_api_termination": false,
            "ebs_block_device": [],
            "ebs_optimized": false,
            "ephemeral_block_device": [],
            "get_password_data": false,
            "host_id": null,
            "iam_instance_profile": "ec2-iam-kafka-ssm-profile",
            "id": "i-060788dd32c8511d5",
            "instance_initiated_shutdown_behavior": null,
            "instance_state": "running",
            "instance_type": "t2.medium",
            "ipv6_address_count": 0,
            "ipv6_addresses": [],
            "key_name": "CIM_CDH_KAFKA_KEY",
            "monitoring": false,
            "network_interface": [],
            "network_interface_id": null,
            "password_data": "",
            "placement_group": "",
            "primary_network_interface_id": "eni-0abbe5730c1f541de",
            "private_dns": "ip-10-90-0-74.eu-central-1.compute.internal",
            "private_ip": "10.90.0.74",
            "public_dns": "",
            "public_ip": "",
            "root_block_device": [
              {
                "delete_on_termination": true,
                "encrypted": false,
                "iops": 3000,
                "kms_key_id": "",
                "volume_id": "vol-0317105687fc72ae0",
                "volume_size": 1000,
                "volume_type": "gp2"
              }
            ],
            "security_groups": [],
            "source_dest_check": true,
            "subnet_id": "subnet-0975cea45078aed61",
            "tags": {
              "AWSregion": "eucentral1",
              "AutoTurnOFF": "No",
              "BU": "LOCAL-MARKET",
              "BusinessService": "VFDE-AWS-BSS-CIM-CDH-PROD",
              "CodeRepo": "https://deployvip.dc-ratingen.de:8080/bitbucket/scm/sol/k2view_infra.git",
              "Component": "VFDE-CIM_CDH",
              "ComponentType": "Kafka",
              "Confidentiality": "C3",
              "Environment": "PROD",
              "GeneratedBy": "CIM CDH System Team - Terraform",
              "LMEntity": "VFDE",
              "LocalMarket": "VFDE",
              "ManagedBy": "m.schueller@vodafone.com",
              "Name": "VFDE-CIM_CDH-eu-central-1-ec2-PROD-kafka-schema-registry-001",
              "NetworkType": "IA",
              "POnumber": "PO1502033755",
              "Patch Group": "RHEL-PRD",
              "Project": "CIM-CDH",
              "Role": "ECR_Admin",
              "SSM_Ansible": "kafka-schema-registry",
              "SecurityZone": "A",
              "Service": "kafka-schema-registry",
              "ServiceLevelUnit": "AWSDE-CIM_CDH:PROD",
              "StartTime": "0500",
              "StopTime": "1600",
              "TaggingVersion": "V2.4",
              "TiMonitoring": "kafka_schemaRegistry"
            },
            "tenancy": "default",
            "timeouts": null,
            "user_data": null,
            "user_data_base64": null,
            "volume_tags": {
              "AWSregion": "eucentral1",
              "AutoTurnOFF": "No",
              "BU": "LOCAL-MARKET",
              "BusinessService": "VFDE-AWS-BSS-CIM-CDH-PROD",
              "CodeRepo": "https://deployvip.dc-ratingen.de:8080/bitbucket/scm/sol/k2view_infra.git",
              "Component": "CDH-PRD",
              "ComponentType": "Kafka",
              "Confidentiality": "C3",
              "Environment": "PROD",
              "GeneratedBy": "CIM CDH System Team - Terraform",
              "LMEntity": "VFDE",
              "LocalMarket": "VFDE",
              "ManagedBy": "m.schueller@vodafone.com",
              "NetworkType": "IA",
              "POnumber": "PO1502033755",
              "Patch Group": "RHEL-PRD",
              "Project": "CIM-CDH",
              "SecurityZone": "A",
              "ServiceLevelUnit": "AWSDE-CIM_CDH:PROD",
              "StartTime": "0500",
              "StopTime": "1600",
              "TaggingVersion": "V2.4"
            },
            "vpc_security_group_ids": [
              "sg-00b5985ee49a015b1"
            ]
          },
          "private": "eyJlMmJmYjczMC1lY2FhLTExZTYtOGY4OC0zNDM2M2JjN2M0YzAiOnsiY3JlYXRlIjo2MDAwMDAwMDAwMDAsImRlbGV0ZSI6MTIwMDAwMDAwMDAwMCwidXBkYXRlIjo2MDAwMDAwMDAwMDB9LCJzY2hlbWFfdmVyc2lvbiI6IjEifQ==",
          "dependencies": [
            "aws_iam_instance_profile.ec2-iam-kafka-ssm-profile",
            "module.schema_registry.aws_security_group.schema_registry"
          ]
        },
        {
          "index_key": 1,
          "schema_version": 1,
          "attributes": {
            "ami": "ami-048fe90d7e4906069",
            "arn": "arn:aws:ec2:eu-central-1:375200909709:instance/i-0a7e906055e2f2baa",
            "associate_public_ip_address": false,
            "availability_zone": "eu-central-1b",
            "cpu_core_count": 2,
            "cpu_threads_per_core": 1,
            "credit_specification": [
              {
                "cpu_credits": "standard"
              }
            ],
            "disable_api_termination": false,
            "ebs_block_device": [],
            "ebs_optimized": false,
            "ephemeral_block_device": [],
            "get_password_data": false,
            "host_id": null,
            "iam_instance_profile": "ec2-iam-kafka-ssm-profile",
            "id": "i-0a7e906055e2f2baa",
            "instance_initiated_shutdown_behavior": null,
            "instance_state": "running",
            "instance_type": "t2.medium",
            "ipv6_address_count": 0,
            "ipv6_addresses": [],
            "key_name": "CIM_CDH_KAFKA_KEY",
            "monitoring": false,
            "network_interface": [],
            "network_interface_id": null,
            "password_data": "",
            "placement_group": "",
            "primary_network_interface_id": "eni-0208ff53c5c2fa0f9",
            "private_dns": "ip-10-90-30-44.eu-central-1.compute.internal",
            "private_ip": "10.90.30.44",
            "public_dns": "",
            "public_ip": "",
            "root_block_device": [
              {
                "delete_on_termination": true,
                "encrypted": false,
                "iops": 3000,
                "kms_key_id": "",
                "volume_id": "vol-087c17a916b746330",
                "volume_size": 1000,
                "volume_type": "gp2"
              }
            ],
            "security_groups": [],
            "source_dest_check": true,
            "subnet_id": "subnet-07c851afbb0ad8e73",
            "tags": {
              "AWSregion": "eucentral1",
              "AutoTurnOFF": "No",
              "BU": "LOCAL-MARKET",
              "BusinessService": "VFDE-AWS-BSS-CIM-CDH-PROD",
              "CodeRepo": "https://deployvip.dc-ratingen.de:8080/bitbucket/scm/sol/k2view_infra.git",
              "Component": "VFDE-CIM_CDH",
              "ComponentType": "Kafka",
              "Confidentiality": "C3",
              "Environment": "PROD",
              "GeneratedBy": "CIM CDH System Team - Terraform",
              "LMEntity": "VFDE",
              "LocalMarket": "VFDE",
              "ManagedBy": "m.schueller@vodafone.com",
              "Name": "VFDE-CIM_CDH-eu-central-1-ec2-PROD-kafka-schema-registry-002",
              "NetworkType": "IA",
              "POnumber": "PO1502033755",
              "Patch Group": "RHEL-PRD",
              "Project": "CIM-CDH",
              "Role": "ECR_Admin",
              "SSM_Ansible": "kafka-schema-registry",
              "SecurityZone": "A",
              "Service": "kafka-schema-registry",
              "ServiceLevelUnit": "AWSDE-CIM_CDH:PROD",
              "StartTime": "0500",
              "StopTime": "1600",
              "TaggingVersion": "V2.4",
              "TiMonitoring": "kafka_schemaRegistry"
            },
            "tenancy": "default",
            "timeouts": null,
            "user_data": null,
            "user_data_base64": null,
            "volume_tags": {
              "AWSregion": "eucentral1",
              "AutoTurnOFF": "No",
              "BU": "LOCAL-MARKET",
              "BusinessService": "VFDE-AWS-BSS-CIM-CDH-PROD",
              "CodeRepo": "https://deployvip.dc-ratingen.de:8080/bitbucket/scm/sol/k2view_infra.git",
              "Component": "CDH-PRD",
              "ComponentType": "Kafka",
              "Confidentiality": "C3",
              "Environment": "PROD",
              "GeneratedBy": "CIM CDH System Team - Terraform",
              "LMEntity": "VFDE",
              "LocalMarket": "VFDE",
              "ManagedBy": "m.schueller@vodafone.com",
              "NetworkType": "IA",
              "POnumber": "PO1502033755",
              "Patch Group": "RHEL-PRD",
              "Project": "CIM-CDH",
              "SecurityZone": "A",
              "ServiceLevelUnit": "AWSDE-CIM_CDH:PROD",
              "StartTime": "0500",
              "StopTime": "1600",
              "TaggingVersion": "V2.4"
            },
            "vpc_security_group_ids": [
              "sg-00b5985ee49a015b1"
            ]
          },
          "private": "eyJlMmJmYjczMC1lY2FhLTExZTYtOGY4OC0zNDM2M2JjN2M0YzAiOnsiY3JlYXRlIjo2MDAwMDAwMDAwMDAsImRlbGV0ZSI6MTIwMDAwMDAwMDAwMCwidXBkYXRlIjo2MDAwMDAwMDAwMDB9LCJzY2hlbWFfdmVyc2lvbiI6IjEifQ==",
          "dependencies": [
            "aws_iam_instance_profile.ec2-iam-kafka-ssm-profile",
            "module.schema_registry.aws_security_group.schema_registry"
          ]
        },
        {
          "index_key": 2,
          "schema_version": 1,
          "attributes": {
            "ami": "ami-048fe90d7e4906069",
            "arn": "arn:aws:ec2:eu-central-1:375200909709:instance/i-0b9c61593b2ff8bba",
            "associate_public_ip_address": false,
            "availability_zone": "eu-central-1c",
            "cpu_core_count": 2,
            "cpu_threads_per_core": 1,
            "credit_specification": [
              {
                "cpu_credits": "standard"
              }
            ],
            "disable_api_termination": false,
            "ebs_block_device": [],
            "ebs_optimized": false,
            "ephemeral_block_device": [],
            "get_password_data": false,
            "host_id": null,
            "iam_instance_profile": "ec2-iam-kafka-ssm-profile",
            "id": "i-0b9c61593b2ff8bba",
            "instance_initiated_shutdown_behavior": null,
            "instance_state": "running",
            "instance_type": "t2.medium",
            "ipv6_address_count": 0,
            "ipv6_addresses": [],
            "key_name": "CIM_CDH_KAFKA_KEY",
            "monitoring": false,
            "network_interface": [],
            "network_interface_id": null,
            "password_data": "",
            "placement_group": "",
            "primary_network_interface_id": "eni-0b8a631ab3d093076",
            "private_dns": "ip-10-90-60-231.eu-central-1.compute.internal",
            "private_ip": "10.90.60.231",
            "public_dns": "",
            "public_ip": "",
            "root_block_device": [
              {
                "delete_on_termination": true,
                "encrypted": false,
                "iops": 3000,
                "kms_key_id": "",
                "volume_id": "vol-01e6339665da3c437",
                "volume_size": 1000,
                "volume_type": "gp2"
              }
            ],
            "security_groups": [],
            "source_dest_check": true,
            "subnet_id": "subnet-02c939986a0186bae",
            "tags": {
              "AWSregion": "eucentral1",
              "AutoTurnOFF": "No",
              "BU": "LOCAL-MARKET",
              "BusinessService": "VFDE-AWS-BSS-CIM-CDH-PROD",
              "CodeRepo": "https://deployvip.dc-ratingen.de:8080/bitbucket/scm/sol/k2view_infra.git",
              "Component": "VFDE-CIM_CDH",
              "ComponentType": "Kafka",
              "Confidentiality": "C3",
              "Environment": "PROD",
              "GeneratedBy": "CIM CDH System Team - Terraform",
              "LMEntity": "VFDE",
              "LocalMarket": "VFDE",
              "ManagedBy": "m.schueller@vodafone.com",
              "Name": "VFDE-CIM_CDH-eu-central-1-ec2-PROD-kafka-schema-registry-003",
              "NetworkType": "IA",
              "POnumber": "PO1502033755",
              "Patch Group": "RHEL-PRD",
              "Project": "CIM-CDH",
              "Role": "ECR_Admin",
              "SSM_Ansible": "kafka-schema-registry",
              "SecurityZone": "A",
              "Service": "kafka-schema-registry",
              "ServiceLevelUnit": "AWSDE-CIM_CDH:PROD",
              "StartTime": "0500",
              "StopTime": "1600",
              "TaggingVersion": "V2.4",
              "TiMonitoring": "kafka_schemaRegistry"
            },
            "tenancy": "default",
            "timeouts": null,
            "user_data": null,
            "user_data_base64": null,
            "volume_tags": {
              "AWSregion": "eucentral1",
              "AutoTurnOFF": "No",
              "BU": "LOCAL-MARKET",
              "BusinessService": "VFDE-AWS-BSS-CIM-CDH-PROD",
              "CodeRepo": "https://deployvip.dc-ratingen.de:8080/bitbucket/scm/sol/k2view_infra.git",
              "Component": "CDH-PRD",
              "ComponentType": "Kafka",
              "Confidentiality": "C3",
              "Environment": "PROD",
              "GeneratedBy": "CIM CDH System Team - Terraform",
              "LMEntity": "VFDE",
              "LocalMarket": "VFDE",
              "ManagedBy": "m.schueller@vodafone.com",
              "NetworkType": "IA",
              "POnumber": "PO1502033755",
              "Patch Group": "RHEL-PRD",
              "Project": "CIM-CDH",
              "SecurityZone": "A",
              "ServiceLevelUnit": "AWSDE-CIM_CDH:PROD",
              "StartTime": "0500",
              "StopTime": "1600",
              "TaggingVersion": "V2.4"
            },
            "vpc_security_group_ids": [
              "sg-00b5985ee49a015b1"
            ]
          },
          "private": "eyJlMmJmYjczMC1lY2FhLTExZTYtOGY4OC0zNDM2M2JjN2M0YzAiOnsiY3JlYXRlIjo2MDAwMDAwMDAwMDAsImRlbGV0ZSI6MTIwMDAwMDAwMDAwMCwidXBkYXRlIjo2MDAwMDAwMDAwMDB9LCJzY2hlbWFfdmVyc2lvbiI6IjEifQ==",
          "dependencies": [
            "aws_iam_instance_profile.ec2-iam-kafka-ssm-profile",
            "module.schema_registry.aws_security_group.schema_registry"
          ]
        },
        {
          "index_key": 3,
          "schema_version": 1,
          "attributes": {
            "ami": "ami-048fe90d7e4906069",
            "arn": "arn:aws:ec2:eu-central-1:375200909709:instance/i-025abf7575477b2b6",
            "associate_public_ip_address": false,
            "availability_zone": "eu-central-1a",
            "cpu_core_count": 2,
            "cpu_threads_per_core": 1,
            "credit_specification": [
              {
                "cpu_credits": "standard"
              }
            ],
            "disable_api_termination": false,
            "ebs_block_device": [],
            "ebs_optimized": false,
            "ephemeral_block_device": [],
            "get_password_data": false,
            "host_id": null,
            "iam_instance_profile": "ec2-iam-kafka-ssm-profile",
            "id": "i-025abf7575477b2b6",
            "instance_initiated_shutdown_behavior": null,
            "instance_state": "running",
            "instance_type": "t2.medium",
            "ipv6_address_count": 0,
            "ipv6_addresses": [],
            "key_name": "CIM_CDH_KAFKA_KEY",
            "monitoring": false,
            "network_interface": [],
            "network_interface_id": null,
            "password_data": "",
            "placement_group": "",
            "primary_network_interface_id": "eni-09ef204da51f85418",
            "private_dns": "ip-10-90-0-31.eu-central-1.compute.internal",
            "private_ip": "10.90.0.31",
            "public_dns": "",
            "public_ip": "",
            "root_block_device": [
              {
                "delete_on_termination": true,
                "encrypted": false,
                "iops": 3000,
                "kms_key_id": "",
                "volume_id": "vol-0d6a90b24df28a5d5",
                "volume_size": 1000,
                "volume_type": "gp2"
              }
            ],
            "security_groups": [],
            "source_dest_check": true,
            "subnet_id": "subnet-0975cea45078aed61",
            "tags": {
              "AWSregion": "eucentral1",
              "AutoTurnOFF": "No",
              "BU": "LOCAL-MARKET",
              "BusinessService": "VFDE-AWS-BSS-CIM-CDH-PROD",
              "CodeRepo": "https://deployvip.dc-ratingen.de:8080/bitbucket/scm/sol/k2view_infra.git",
              "Component": "VFDE-CIM_CDH",
              "ComponentType": "Kafka",
              "Confidentiality": "C3",
              "Environment": "PROD",
              "GeneratedBy": "CIM CDH System Team - Terraform",
              "LMEntity": "VFDE",
              "LocalMarket": "VFDE",
              "ManagedBy": "m.schueller@vodafone.com",
              "Name": "VFDE-CIM_CDH-eu-central-1-ec2-PROD-kafka-schema-registry-004",
              "NetworkType": "IA",
              "POnumber": "PO1502033755",
              "Patch Group": "RHEL-PRD",
              "Project": "CIM-CDH",
              "Role": "ECR_Admin",
              "SSM_Ansible": "kafka-schema-registry",
              "SecurityZone": "A",
              "Service": "kafka-schema-registry",
              "ServiceLevelUnit": "AWSDE-CIM_CDH:PROD",
              "StartTime": "0500",
              "StopTime": "1600",
              "TaggingVersion": "V2.4",
              "TiMonitoring": "kafka_schemaRegistry"
            },
            "tenancy": "default",
            "timeouts": null,
            "user_data": null,
            "user_data_base64": null,
            "volume_tags": {
              "AWSregion": "eucentral1",
              "AutoTurnOFF": "No",
              "BU": "LOCAL-MARKET",
              "BusinessService": "VFDE-AWS-BSS-CIM-CDH-PROD",
              "CodeRepo": "https://deployvip.dc-ratingen.de:8080/bitbucket/scm/sol/k2view_infra.git",
              "Component": "CDH-PRD",
              "ComponentType": "Kafka",
              "Confidentiality": "C3",
              "Environment": "PROD",
              "GeneratedBy": "CIM CDH System Team - Terraform",
              "LMEntity": "VFDE",
              "LocalMarket": "VFDE",
              "ManagedBy": "m.schueller@vodafone.com",
              "NetworkType": "IA",
              "POnumber": "PO1502033755",
              "Patch Group": "RHEL-PRD",
              "Project": "CIM-CDH",
              "SecurityZone": "A",
              "ServiceLevelUnit": "AWSDE-CIM_CDH:PROD",
              "StartTime": "0500",
              "StopTime": "1600",
              "TaggingVersion": "V2.4"
            },
            "vpc_security_group_ids": [
              "sg-00b5985ee49a015b1"
            ]
          },
          "private": "eyJlMmJmYjczMC1lY2FhLTExZTYtOGY4OC0zNDM2M2JjN2M0YzAiOnsiY3JlYXRlIjo2MDAwMDAwMDAwMDAsImRlbGV0ZSI6MTIwMDAwMDAwMDAwMCwidXBkYXRlIjo2MDAwMDAwMDAwMDB9LCJzY2hlbWFfdmVyc2lvbiI6IjEifQ==",
          "dependencies": [
            "aws_iam_instance_profile.ec2-iam-kafka-ssm-profile",
            "module.schema_registry.aws_security_group.schema_registry"
          ]
        }
      ]
    },
    {
      "module": "module.zookeeper",
      "mode": "managed",
      "type": "aws_instance",
      "name": "zookeeper",
      "each": "list",
      "provider": "provider.aws",
      "instances": [
        {
          "index_key": 0,
          "schema_version": 1,
          "attributes": {
            "ami": "ami-048fe90d7e4906069",
            "arn": "arn:aws:ec2:eu-central-1:375200909709:instance/i-0d27ac19ec8b9f71c",
            "associate_public_ip_address": false,
            "availability_zone": "eu-central-1a",
            "cpu_core_count": 2,
            "cpu_threads_per_core": 1,
            "credit_specification": [
              {
                "cpu_credits": "standard"
              }
            ],
            "disable_api_termination": false,
            "ebs_block_device": [
              {
                "delete_on_termination": false,
                "device_name": "/dev/sdf",
                "encrypted": true,
                "iops": 200,
                "kms_key_id": "arn:aws:kms:eu-central-1:375200909709:key/0f4abd81-c9ee-4c53-9660-73f00ceabd1a",
                "snapshot_id": "",
                "volume_id": "vol-053b53bfaeb255fd1",
                "volume_size": 64,
                "volume_type": "io1"
              }
            ],
            "ebs_optimized": false,
            "ephemeral_block_device": [],
            "get_password_data": false,
            "host_id": null,
            "iam_instance_profile": "ec2-iam-kafka-ssm-profile",
            "id": "i-0d27ac19ec8b9f71c",
            "instance_initiated_shutdown_behavior": null,
            "instance_state": "running",
            "instance_type": "t2.medium",
            "ipv6_address_count": 0,
            "ipv6_addresses": [],
            "key_name": "CIM_CDH_KAFKA_KEY",
            "monitoring": false,
            "network_interface": [],
            "network_interface_id": null,
            "password_data": "",
            "placement_group": "",
            "primary_network_interface_id": "eni-0ebdacab3fe3e17b4",
            "private_dns": "ip-10-90-0-194.eu-central-1.compute.internal",
            "private_ip": "10.90.0.194",
            "public_dns": "",
            "public_ip": "",
            "root_block_device": [
              {
                "delete_on_termination": true,
                "encrypted": false,
                "iops": 3000,
                "kms_key_id": "",
                "volume_id": "vol-026dc549abf747951",
                "volume_size": 1000,
                "volume_type": "gp2"
              }
            ],
            "security_groups": [],
            "source_dest_check": true,
            "subnet_id": "subnet-0975cea45078aed61",
            "tags": {
              "AWSregion": "eucentral1",
              "AutoTurnOFF": "No",
              "BU": "LOCAL-MARKET",
              "BusinessService": "VFDE-AWS-BSS-CIM-CDH-PROD",
              "CodeRepo": "https://deployvip.dc-ratingen.de:8080/bitbucket/scm/sol/k2view_infra.git",
              "Component": "VFDE-CIM_CDH",
              "ComponentType": "Kafka",
              "Confidentiality": "C3",
              "Environment": "PROD",
              "GeneratedBy": "CIM CDH System Team - Terraform",
              "LMEntity": "VFDE",
              "LocalMarket": "VFDE",
              "ManagedBy": "m.schueller@vodafone.com",
              "Name": "VFDE-CIM_CDH-eu-central-1-ec2-PROD-kafka-zookeeper-001",
              "NetworkType": "IA",
              "POnumber": "PO1502033755",
              "Patch Group": "RHEL-PRD",
              "Project": "CIM-CDH",
              "Role": "ECR_Admin",
              "SSM_Ansible": "kafka-zookeeper",
              "SecurityZone": "A",
              "Service": "kafka-zookeeper",
              "ServiceLevelUnit": "AWSDE-CIM_CDH:PROD",
              "StartTime": "0500",
              "StopTime": "1600",
              "TaggingVersion": "V2.4",
              "TiMonitoring": "kafka_zookeeper"
            },
            "tenancy": "default",
            "timeouts": null,
            "user_data": null,
            "user_data_base64": null,
            "volume_tags": {
              "AWSregion": "eucentral1",
              "AutoTurnOFF": "No",
              "BU": "LOCAL-MARKET",
              "BusinessService": "VFDE-AWS-BSS-CIM-CDH-PROD",
              "CodeRepo": "https://deployvip.dc-ratingen.de:8080/bitbucket/scm/sol/k2view_infra.git",
              "Component": "CDH-PRD",
              "ComponentType": "Kafka",
              "Confidentiality": "C3",
              "Environment": "PROD",
              "GeneratedBy": "CIM CDH System Team - Terraform",
              "LMEntity": "VFDE",
              "LocalMarket": "VFDE",
              "ManagedBy": "m.schueller@vodafone.com",
              "NetworkType": "IA",
              "POnumber": "PO1502033755",
              "Patch Group": "RHEL-PRD",
              "Project": "CIM-CDH",
              "SecurityZone": "A",
              "ServiceLevelUnit": "AWSDE-CIM_CDH:PROD",
              "StartTime": "0500",
              "StopTime": "1600",
              "TaggingVersion": "V2.4"
            },
            "vpc_security_group_ids": [
              "sg-0b5c0a53c8b0c0d61"
            ]
          },
          "private": "eyJlMmJmYjczMC1lY2FhLTExZTYtOGY4OC0zNDM2M2JjN2M0YzAiOnsiY3JlYXRlIjo2MDAwMDAwMDAwMDAsImRlbGV0ZSI6MTIwMDAwMDAwMDAwMCwidXBkYXRlIjo2MDAwMDAwMDAwMDB9LCJzY2hlbWFfdmVyc2lvbiI6IjEifQ==",
          "dependencies": [
            "aws_iam_instance_profile.ec2-iam-kafka-ssm-profile",
            "module.zookeeper.aws_security_group.zookeeper"
          ]
        },
        {
          "index_key": 1,
          "schema_version": 1,
          "attributes": {
            "ami": "ami-048fe90d7e4906069",
            "arn": "arn:aws:ec2:eu-central-1:375200909709:instance/i-056f8e22cacc4859d",
            "associate_public_ip_address": false,
            "availability_zone": "eu-central-1b",
            "cpu_core_count": 2,
            "cpu_threads_per_core": 1,
            "credit_specification": [
              {
                "cpu_credits": "standard"
              }
            ],
            "disable_api_termination": false,
            "ebs_block_device": [
              {
                "delete_on_termination": false,
                "device_name": "/dev/sdf",
                "encrypted": true,
                "iops": 200,
                "kms_key_id": "arn:aws:kms:eu-central-1:375200909709:key/0f4abd81-c9ee-4c53-9660-73f00ceabd1a",
                "snapshot_id": "",
                "volume_id": "vol-0016aa233d718423d",
                "volume_size": 64,
                "volume_type": "io1"
              }
            ],
            "ebs_optimized": false,
            "ephemeral_block_device": [],
            "get_password_data": false,
            "host_id": null,
            "iam_instance_profile": "ec2-iam-kafka-ssm-profile",
            "id": "i-056f8e22cacc4859d",
            "instance_initiated_shutdown_behavior": null,
            "instance_state": "running",
            "instance_type": "t2.medium",
            "ipv6_address_count": 0,
            "ipv6_addresses": [],
            "key_name": "CIM_CDH_KAFKA_KEY",
            "monitoring": false,
            "network_interface": [],
            "network_interface_id": null,
            "password_data": "",
            "placement_group": "",
            "primary_network_interface_id": "eni-033297d55282934ea",
            "private_dns": "ip-10-90-30-24.eu-central-1.compute.internal",
            "private_ip": "10.90.30.24",
            "public_dns": "",
            "public_ip": "",
            "root_block_device": [
              {
                "delete_on_termination": true,
                "encrypted": false,
                "iops": 3000,
                "kms_key_id": "",
                "volume_id": "vol-0e5295ff899b9f6f9",
                "volume_size": 1000,
                "volume_type": "gp2"
              }
            ],
            "security_groups": [],
            "source_dest_check": true,
            "subnet_id": "subnet-07c851afbb0ad8e73",
            "tags": {
              "AWSregion": "eucentral1",
              "AutoTurnOFF": "No",
              "BU": "LOCAL-MARKET",
              "BusinessService": "VFDE-AWS-BSS-CIM-CDH-PROD",
              "CodeRepo": "https://deployvip.dc-ratingen.de:8080/bitbucket/scm/sol/k2view_infra.git",
              "Component": "VFDE-CIM_CDH",
              "ComponentType": "Kafka",
              "Confidentiality": "C3",
              "Environment": "PROD",
              "GeneratedBy": "CIM CDH System Team - Terraform",
              "LMEntity": "VFDE",
              "LocalMarket": "VFDE",
              "ManagedBy": "m.schueller@vodafone.com",
              "Name": "VFDE-CIM_CDH-eu-central-1-ec2-PROD-kafka-zookeeper-002",
              "NetworkType": "IA",
              "POnumber": "PO1502033755",
              "Patch Group": "RHEL-PRD",
              "Project": "CIM-CDH",
              "Role": "ECR_Admin",
              "SSM_Ansible": "kafka-zookeeper",
              "SecurityZone": "A",
              "Service": "kafka-zookeeper",
              "ServiceLevelUnit": "AWSDE-CIM_CDH:PROD",
              "StartTime": "0500",
              "StopTime": "1600",
              "TaggingVersion": "V2.4",
              "TiMonitoring": "kafka_zookeeper"
            },
            "tenancy": "default",
            "timeouts": null,
            "user_data": null,
            "user_data_base64": null,
            "volume_tags": {
              "AWSregion": "eucentral1",
              "AutoTurnOFF": "No",
              "BU": "LOCAL-MARKET",
              "BusinessService": "VFDE-AWS-BSS-CIM-CDH-PROD",
              "CodeRepo": "https://deployvip.dc-ratingen.de:8080/bitbucket/scm/sol/k2view_infra.git",
              "Component": "CDH-PRD",
              "ComponentType": "Kafka",
              "Confidentiality": "C3",
              "Environment": "PROD",
              "GeneratedBy": "CIM CDH System Team - Terraform",
              "LMEntity": "VFDE",
              "LocalMarket": "VFDE",
              "ManagedBy": "m.schueller@vodafone.com",
              "NetworkType": "IA",
              "POnumber": "PO1502033755",
              "Patch Group": "RHEL-PRD",
              "Project": "CIM-CDH",
              "SecurityZone": "A",
              "ServiceLevelUnit": "AWSDE-CIM_CDH:PROD",
              "StartTime": "0500",
              "StopTime": "1600",
              "TaggingVersion": "V2.4"
            },
            "vpc_security_group_ids": [
              "sg-0b5c0a53c8b0c0d61"
            ]
          },
          "private": "eyJlMmJmYjczMC1lY2FhLTExZTYtOGY4OC0zNDM2M2JjN2M0YzAiOnsiY3JlYXRlIjo2MDAwMDAwMDAwMDAsImRlbGV0ZSI6MTIwMDAwMDAwMDAwMCwidXBkYXRlIjo2MDAwMDAwMDAwMDB9LCJzY2hlbWFfdmVyc2lvbiI6IjEifQ==",
          "dependencies": [
            "aws_iam_instance_profile.ec2-iam-kafka-ssm-profile",
            "module.zookeeper.aws_security_group.zookeeper"
          ]
        },
        {
          "index_key": 2,
          "schema_version": 1,
          "attributes": {
            "ami": "ami-048fe90d7e4906069",
            "arn": "arn:aws:ec2:eu-central-1:375200909709:instance/i-0e22efb498d722cd9",
            "associate_public_ip_address": false,
            "availability_zone": "eu-central-1c",
            "cpu_core_count": 2,
            "cpu_threads_per_core": 1,
            "credit_specification": [
              {
                "cpu_credits": "standard"
              }
            ],
            "disable_api_termination": false,
            "ebs_block_device": [
              {
                "delete_on_termination": false,
                "device_name": "/dev/sdf",
                "encrypted": true,
                "iops": 200,
                "kms_key_id": "arn:aws:kms:eu-central-1:375200909709:key/0f4abd81-c9ee-4c53-9660-73f00ceabd1a",
                "snapshot_id": "",
                "volume_id": "vol-0219d22d3ca67ec51",
                "volume_size": 64,
                "volume_type": "io1"
              }
            ],
            "ebs_optimized": false,
            "ephemeral_block_device": [],
            "get_password_data": false,
            "host_id": null,
            "iam_instance_profile": "ec2-iam-kafka-ssm-profile",
            "id": "i-0e22efb498d722cd9",
            "instance_initiated_shutdown_behavior": null,
            "instance_state": "running",
            "instance_type": "t2.medium",
            "ipv6_address_count": 0,
            "ipv6_addresses": [],
            "key_name": "CIM_CDH_KAFKA_KEY",
            "monitoring": false,
            "network_interface": [],
            "network_interface_id": null,
            "password_data": "",
            "placement_group": "",
            "primary_network_interface_id": "eni-0c33f11bba8dd78d7",
            "private_dns": "ip-10-90-60-137.eu-central-1.compute.internal",
            "private_ip": "10.90.60.137",
            "public_dns": "",
            "public_ip": "",
            "root_block_device": [
              {
                "delete_on_termination": true,
                "encrypted": false,
                "iops": 3000,
                "kms_key_id": "",
                "volume_id": "vol-0a917299e0a82cf93",
                "volume_size": 1000,
                "volume_type": "gp2"
              }
            ],
            "security_groups": [],
            "source_dest_check": true,
            "subnet_id": "subnet-02c939986a0186bae",
            "tags": {
              "AWSregion": "eucentral1",
              "AutoTurnOFF": "No",
              "BU": "LOCAL-MARKET",
              "BusinessService": "VFDE-AWS-BSS-CIM-CDH-PROD",
              "CodeRepo": "https://deployvip.dc-ratingen.de:8080/bitbucket/scm/sol/k2view_infra.git",
              "Component": "VFDE-CIM_CDH",
              "ComponentType": "Kafka",
              "Confidentiality": "C3",
              "Environment": "PROD",
              "GeneratedBy": "CIM CDH System Team - Terraform",
              "LMEntity": "VFDE",
              "LocalMarket": "VFDE",
              "ManagedBy": "m.schueller@vodafone.com",
              "Name": "VFDE-CIM_CDH-eu-central-1-ec2-PROD-kafka-zookeeper-003",
              "NetworkType": "IA",
              "POnumber": "PO1502033755",
              "Patch Group": "RHEL-PRD",
              "Project": "CIM-CDH",
              "Role": "ECR_Admin",
              "SSM_Ansible": "kafka-zookeeper",
              "SecurityZone": "A",
              "Service": "kafka-zookeeper",
              "ServiceLevelUnit": "AWSDE-CIM_CDH:PROD",
              "StartTime": "0500",
              "StopTime": "1600",
              "TaggingVersion": "V2.4",
              "TiMonitoring": "kafka_zookeeper"
            },
            "tenancy": "default",
            "timeouts": null,
            "user_data": null,
            "user_data_base64": null,
            "volume_tags": {
              "AWSregion": "eucentral1",
              "AutoTurnOFF": "No",
              "BU": "LOCAL-MARKET",
              "BusinessService": "VFDE-AWS-BSS-CIM-CDH-PROD",
              "CodeRepo": "https://deployvip.dc-ratingen.de:8080/bitbucket/scm/sol/k2view_infra.git",
              "Component": "CDH-PRD",
              "ComponentType": "Kafka",
              "Confidentiality": "C3",
              "Environment": "PROD",
              "GeneratedBy": "CIM CDH System Team - Terraform",
              "LMEntity": "VFDE",
              "LocalMarket": "VFDE",
              "ManagedBy": "m.schueller@vodafone.com",
              "NetworkType": "IA",
              "POnumber": "PO1502033755",
              "Patch Group": "RHEL-PRD",
              "Project": "CIM-CDH",
              "SecurityZone": "A",
              "ServiceLevelUnit": "AWSDE-CIM_CDH:PROD",
              "StartTime": "0500",
              "StopTime": "1600",
              "TaggingVersion": "V2.4"
            },
            "vpc_security_group_ids": [
              "sg-0b5c0a53c8b0c0d61"
            ]
          },
          "private": "eyJlMmJmYjczMC1lY2FhLTExZTYtOGY4OC0zNDM2M2JjN2M0YzAiOnsiY3JlYXRlIjo2MDAwMDAwMDAwMDAsImRlbGV0ZSI6MTIwMDAwMDAwMDAwMCwidXBkYXRlIjo2MDAwMDAwMDAwMDB9LCJzY2hlbWFfdmVyc2lvbiI6IjEifQ==",
          "dependencies": [
            "aws_iam_instance_profile.ec2-iam-kafka-ssm-profile",
            "module.zookeeper.aws_security_group.zookeeper"
          ]
        },
        {
          "index_key": 3,
          "schema_version": 1,
          "attributes": {
            "ami": "ami-048fe90d7e4906069",
            "arn": "arn:aws:ec2:eu-central-1:375200909709:instance/i-0830720007b4416d4",
            "associate_public_ip_address": false,
            "availability_zone": "eu-central-1a",
            "cpu_core_count": 2,
            "cpu_threads_per_core": 1,
            "credit_specification": [
              {
                "cpu_credits": "standard"
              }
            ],
            "disable_api_termination": false,
            "ebs_block_device": [
              {
                "delete_on_termination": false,
                "device_name": "/dev/sdf",
                "encrypted": true,
                "iops": 200,
                "kms_key_id": "arn:aws:kms:eu-central-1:375200909709:key/0f4abd81-c9ee-4c53-9660-73f00ceabd1a",
                "snapshot_id": "",
                "volume_id": "vol-0b69a36ae45b34c10",
                "volume_size": 64,
                "volume_type": "io1"
              }
            ],
            "ebs_optimized": false,
            "ephemeral_block_device": [],
            "get_password_data": false,
            "host_id": null,
            "iam_instance_profile": "ec2-iam-kafka-ssm-profile",
            "id": "i-0830720007b4416d4",
            "instance_initiated_shutdown_behavior": null,
            "instance_state": "running",
            "instance_type": "t2.medium",
            "ipv6_address_count": 0,
            "ipv6_addresses": [],
            "key_name": "CIM_CDH_KAFKA_KEY",
            "monitoring": false,
            "network_interface": [],
            "network_interface_id": null,
            "password_data": "",
            "placement_group": "",
            "primary_network_interface_id": "eni-0a3442b20c81cb99c",
            "private_dns": "ip-10-90-0-185.eu-central-1.compute.internal",
            "private_ip": "10.90.0.185",
            "public_dns": "",
            "public_ip": "",
            "root_block_device": [
              {
                "delete_on_termination": true,
                "encrypted": false,
                "iops": 3000,
                "kms_key_id": "",
                "volume_id": "vol-05867e6431a849234",
                "volume_size": 1000,
                "volume_type": "gp2"
              }
            ],
            "security_groups": [],
            "source_dest_check": true,
            "subnet_id": "subnet-0975cea45078aed61",
            "tags": {
              "AWSregion": "eucentral1",
              "AutoTurnOFF": "No",
              "BU": "LOCAL-MARKET",
              "BusinessService": "VFDE-AWS-BSS-CIM-CDH-PROD",
              "CodeRepo": "https://deployvip.dc-ratingen.de:8080/bitbucket/scm/sol/k2view_infra.git",
              "Component": "VFDE-CIM_CDH",
              "ComponentType": "Kafka",
              "Confidentiality": "C3",
              "Environment": "PROD",
              "GeneratedBy": "CIM CDH System Team - Terraform",
              "LMEntity": "VFDE",
              "LocalMarket": "VFDE",
              "ManagedBy": "m.schueller@vodafone.com",
              "Name": "VFDE-CIM_CDH-eu-central-1-ec2-PROD-kafka-zookeeper-004",
              "NetworkType": "IA",
              "POnumber": "PO1502033755",
              "Patch Group": "RHEL-PRD",
              "Project": "CIM-CDH",
              "Role": "ECR_Admin",
              "SSM_Ansible": "kafka-zookeeper",
              "SecurityZone": "A",
              "Service": "kafka-zookeeper",
              "ServiceLevelUnit": "AWSDE-CIM_CDH:PROD",
              "StartTime": "0500",
              "StopTime": "1600",
              "TaggingVersion": "V2.4",
              "TiMonitoring": "kafka_zookeeper"
            },
            "tenancy": "default",
            "timeouts": null,
            "user_data": null,
            "user_data_base64": null,
            "volume_tags": {
              "AWSregion": "eucentral1",
              "AutoTurnOFF": "No",
              "BU": "LOCAL-MARKET",
              "BusinessService": "VFDE-AWS-BSS-CIM-CDH-PROD",
              "CodeRepo": "https://deployvip.dc-ratingen.de:8080/bitbucket/scm/sol/k2view_infra.git",
              "Component": "CDH-PRD",
              "ComponentType": "Kafka",
              "Confidentiality": "C3",
              "Environment": "PROD",
              "GeneratedBy": "CIM CDH System Team - Terraform",
              "LMEntity": "VFDE",
              "LocalMarket": "VFDE",
              "ManagedBy": "m.schueller@vodafone.com",
              "NetworkType": "IA",
              "POnumber": "PO1502033755",
              "Patch Group": "RHEL-PRD",
              "Project": "CIM-CDH",
              "SecurityZone": "A",
              "ServiceLevelUnit": "AWSDE-CIM_CDH:PROD",
              "StartTime": "0500",
              "StopTime": "1600",
              "TaggingVersion": "V2.4"
            },
            "vpc_security_group_ids": [
              "sg-0b5c0a53c8b0c0d61"
            ]
          },
          "private": "eyJlMmJmYjczMC1lY2FhLTExZTYtOGY4OC0zNDM2M2JjN2M0YzAiOnsiY3JlYXRlIjo2MDAwMDAwMDAwMDAsImRlbGV0ZSI6MTIwMDAwMDAwMDAwMCwidXBkYXRlIjo2MDAwMDAwMDAwMDB9LCJzY2hlbWFfdmVyc2lvbiI6IjEifQ==",
          "dependencies": [
            "aws_iam_instance_profile.ec2-iam-kafka-ssm-profile",
            "module.zookeeper.aws_security_group.zookeeper"
          ]
        },
        {
          "index_key": 4,
          "schema_version": 1,
          "attributes": {
            "ami": "ami-048fe90d7e4906069",
            "arn": "arn:aws:ec2:eu-central-1:375200909709:instance/i-05a3f6b453d16508e",
            "associate_public_ip_address": false,
            "availability_zone": "eu-central-1b",
            "cpu_core_count": 2,
            "cpu_threads_per_core": 1,
            "credit_specification": [
              {
                "cpu_credits": "standard"
              }
            ],
            "disable_api_termination": false,
            "ebs_block_device": [
              {
                "delete_on_termination": false,
                "device_name": "/dev/sdf",
                "encrypted": true,
                "iops": 200,
                "kms_key_id": "arn:aws:kms:eu-central-1:375200909709:key/0f4abd81-c9ee-4c53-9660-73f00ceabd1a",
                "snapshot_id": "",
                "volume_id": "vol-0d3523b349cb5dc7a",
                "volume_size": 64,
                "volume_type": "io1"
              }
            ],
            "ebs_optimized": false,
            "ephemeral_block_device": [],
            "get_password_data": false,
            "host_id": null,
            "iam_instance_profile": "ec2-iam-kafka-ssm-profile",
            "id": "i-05a3f6b453d16508e",
            "instance_initiated_shutdown_behavior": null,
            "instance_state": "running",
            "instance_type": "t2.medium",
            "ipv6_address_count": 0,
            "ipv6_addresses": [],
            "key_name": "CIM_CDH_KAFKA_KEY",
            "monitoring": false,
            "network_interface": [],
            "network_interface_id": null,
            "password_data": "",
            "placement_group": "",
            "primary_network_interface_id": "eni-0c5fef0e1d7f90737",
            "private_dns": "ip-10-90-30-66.eu-central-1.compute.internal",
            "private_ip": "10.90.30.66",
            "public_dns": "",
            "public_ip": "",
            "root_block_device": [
              {
                "delete_on_termination": true,
                "encrypted": false,
                "iops": 3000,
                "kms_key_id": "",
                "volume_id": "vol-0a8e6283f9b696dc4",
                "volume_size": 1000,
                "volume_type": "gp2"
              }
            ],
            "security_groups": [],
            "source_dest_check": true,
            "subnet_id": "subnet-07c851afbb0ad8e73",
            "tags": {
              "AWSregion": "eucentral1",
              "AutoTurnOFF": "No",
              "BU": "LOCAL-MARKET",
              "BusinessService": "VFDE-AWS-BSS-CIM-CDH-PROD",
              "CodeRepo": "https://deployvip.dc-ratingen.de:8080/bitbucket/scm/sol/k2view_infra.git",
              "Component": "VFDE-CIM_CDH",
              "ComponentType": "Kafka",
              "Confidentiality": "C3",
              "Environment": "PROD",
              "GeneratedBy": "CIM CDH System Team - Terraform",
              "LMEntity": "VFDE",
              "LocalMarket": "VFDE",
              "ManagedBy": "m.schueller@vodafone.com",
              "Name": "VFDE-CIM_CDH-eu-central-1-ec2-PROD-kafka-zookeeper-005",
              "NetworkType": "IA",
              "POnumber": "PO1502033755",
              "Patch Group": "RHEL-PRD",
              "Project": "CIM-CDH",
              "Role": "ECR_Admin",
              "SSM_Ansible": "kafka-zookeeper",
              "SecurityZone": "A",
              "Service": "kafka-zookeeper",
              "ServiceLevelUnit": "AWSDE-CIM_CDH:PROD",
              "StartTime": "0500",
              "StopTime": "1600",
              "TaggingVersion": "V2.4",
              "TiMonitoring": "kafka_zookeeper"
            },
            "tenancy": "default",
            "timeouts": null,
            "user_data": null,
            "user_data_base64": null,
            "volume_tags": {
              "AWSregion": "eucentral1",
              "AutoTurnOFF": "No",
              "BU": "LOCAL-MARKET",
              "BusinessService": "VFDE-AWS-BSS-CIM-CDH-PROD",
              "CodeRepo": "https://deployvip.dc-ratingen.de:8080/bitbucket/scm/sol/k2view_infra.git",
              "Component": "CDH-PRD",
              "ComponentType": "Kafka",
              "Confidentiality": "C3",
              "Environment": "PROD",
              "GeneratedBy": "CIM CDH System Team - Terraform",
              "LMEntity": "VFDE",
              "LocalMarket": "VFDE",
              "ManagedBy": "m.schueller@vodafone.com",
              "NetworkType": "IA",
              "POnumber": "PO1502033755",
              "Patch Group": "RHEL-PRD",
              "Project": "CIM-CDH",
              "SecurityZone": "A",
              "ServiceLevelUnit": "AWSDE-CIM_CDH:PROD",
              "StartTime": "0500",
              "StopTime": "1600",
              "TaggingVersion": "V2.4"
            },
            "vpc_security_group_ids": [
              "sg-0b5c0a53c8b0c0d61"
            ]
          },
          "private": "eyJlMmJmYjczMC1lY2FhLTExZTYtOGY4OC0zNDM2M2JjN2M0YzAiOnsiY3JlYXRlIjo2MDAwMDAwMDAwMDAsImRlbGV0ZSI6MTIwMDAwMDAwMDAwMCwidXBkYXRlIjo2MDAwMDAwMDAwMDB9LCJzY2hlbWFfdmVyc2lvbiI6IjEifQ==",
          "dependencies": [
            "aws_iam_instance_profile.ec2-iam-kafka-ssm-profile",
            "module.zookeeper.aws_security_group.zookeeper"
          ]
        }
      ]
    },
    {
      "mode": "managed",
      "type": "aws_key_pair",
      "name": "generated_key",
      "provider": "provider.aws",
      "instances": [
        {
          "schema_version": 1,
          "attributes": {
            "fingerprint": "05:16:fb:1a:ac:a1:57:06:69:8c:aa:5d:5f:98:1e:21",
            "id": "CDH-PRD-Key",
            "key_name": "CDH-PRD-Key",
            "key_name_prefix": null,
            "public_key": "ssh-rsa AAAAB3NzaC1yc2EAAAADAQABAAACAQDQGpFEITEjCBTuYv09TyvjoCtevHQ0bkqCLAMSNX8ByuDnU5JRcMVrc3IDvvSCxbrNgQtQ3LS3f36j6BGlGz0c3KfZjGaYDCG5T9qqVGtOTGE9v46bF4vytn0+QgdYHYf8YdZl57BzTZHYi65yr6h0APWAaI6rJbK06oCPl0jom6bLLE0aFFCiENaBBJUQw2raI692/VFo4mV4jz/5MovweMC9Ea5U554lacljJcVefNg5h91YMR3Zu8cqAkI3CLktjYz6W67vbAocm3ZMsaqo1bbNOXXna3+Y6EROpXnVzHaWebuTnzA6Sc4aezb3/0JZs4tPFCWUR5QJj2PjCkGm9FxPFFD4bl8nzuuYQdXIDMyu+5cRh0dOachuL2zomuFCSJF9Z9mjaS2TVrAWUQ7Wj2lOEDtHNcsCi0Cv31YExPr5Ot3MxvcrCuxIW5cav9n5DjuIeE9mz++sCmgXonU3uo9Xs1kDz95/PahqT71nEcOnDZGS5g7n8A55uTnJdjpJ3KEjvTGIEbFfHsu2jff2kpYn1CsqbcTkq/1zoHMcrXD3HiXIoDhsi7f0jKUT5yssmquVc8nPag71RnkkzrLa8WVbmcog7hRhwON14t9Kfg8M+hwpsNuVj3y9G5WBXQVAHA+0eJaqbpBh+0tKZuHCZWHml0E3hxdOfPtbYsyFxw=="
          },
          "private": "eyJzY2hlbWFfdmVyc2lvbiI6IjEifQ==",
          "dependencies": [
            "tls_private_key.key_pair"
          ]
        }
      ]
    },
    {
      "module": "module.kafka",
      "mode": "managed",
      "type": "aws_kms_key",
      "name": "kafka_broker_kms",
      "provider": "provider.aws",
      "instances": [
        {
          "schema_version": 0,
          "attributes": {
            "arn": "arn:aws:kms:eu-central-1:375200909709:key/81f33f51-3faa-4d18-8bc2-6bb170e7c7c0",
            "deletion_window_in_days": 30,
            "description": "KMS-PROD-broker",
            "enable_key_rotation": false,
            "id": "81f33f51-3faa-4d18-8bc2-6bb170e7c7c0",
            "is_enabled": true,
            "key_id": "81f33f51-3faa-4d18-8bc2-6bb170e7c7c0",
            "key_usage": "ENCRYPT_DECRYPT",
            "policy": "{\"Id\":\"key-default-1\",\"Statement\":[{\"Action\":\"kms:*\",\"Effect\":\"Allow\",\"Principal\":{\"AWS\":\"arn:aws:iam::375200909709:root\"},\"Resource\":\"*\",\"Sid\":\"Enable IAM User Permissions\"}],\"Version\":\"2012-10-17\"}",
            "tags": {}
          },
          "private": "bnVsbA=="
        }
      ]
    },
    {
      "module": "module.zookeeper",
      "mode": "managed",
      "type": "aws_kms_key",
      "name": "kafka_zookeeper_kms",
      "provider": "provider.aws",
      "instances": [
        {
          "schema_version": 0,
          "attributes": {
            "arn": "arn:aws:kms:eu-central-1:375200909709:key/0f4abd81-c9ee-4c53-9660-73f00ceabd1a",
            "deletion_window_in_days": 30,
            "description": "KMS-PROD-zookeeper",
            "enable_key_rotation": false,
            "id": "0f4abd81-c9ee-4c53-9660-73f00ceabd1a",
            "is_enabled": true,
            "key_id": "0f4abd81-c9ee-4c53-9660-73f00ceabd1a",
            "key_usage": "ENCRYPT_DECRYPT",
            "policy": "{\"Id\":\"key-default-1\",\"Statement\":[{\"Action\":\"kms:*\",\"Effect\":\"Allow\",\"Principal\":{\"AWS\":\"arn:aws:iam::375200909709:root\"},\"Resource\":\"*\",\"Sid\":\"Enable IAM User Permissions\"}],\"Version\":\"2012-10-17\"}",
            "tags": {}
          },
          "private": "bnVsbA=="
        }
      ]
    },
    {
      "module": "module.control_center",
      "mode": "managed",
      "type": "aws_lb_target_group_attachment",
      "name": "kafka_cc_lb",
      "each": "list",
      "provider": "provider.aws",
      "instances": [
        {
          "index_key": 0,
          "schema_version": 0,
          "attributes": {
            "availability_zone": null,
            "id": "arn:aws:elasticloadbalancing:eu-central-1:375200909709:targetgroup/kafka-controlcenter-lb-tg/2ca3e9373008113b-20200214104732362600000005",
            "port": 9021,
            "target_group_arn": "arn:aws:elasticloadbalancing:eu-central-1:375200909709:targetgroup/kafka-controlcenter-lb-tg/2ca3e9373008113b",
            "target_id": "10.90.0.108"
          },
          "private": "bnVsbA==",
          "dependencies": [
            "aws_iam_instance_profile.ec2-iam-kafka-ssm-profile",
            "aws_iam_role.iam-ssm-kafka-host-role",
            "module.control_center.aws_instance.control_center",
            "module.control_center.aws_security_group.control_center"
          ]
        }
      ]
    },
    {
      "module": "module.kafka_connect",
      "mode": "managed",
      "type": "aws_lb_target_group_attachment",
      "name": "kafka_connect",
      "each": "list",
      "provider": "provider.aws",
      "instances": [
        {
          "index_key": 0,
          "schema_version": 0,
          "attributes": {
            "availability_zone": null,
            "id": "arn:aws:elasticloadbalancing:eu-central-1:375200909709:targetgroup/kafka-connect/aaa9bb06503516d7-20200214104939584500000015",
            "port": null,
            "target_group_arn": "arn:aws:elasticloadbalancing:eu-central-1:375200909709:targetgroup/kafka-connect/aaa9bb06503516d7",
            "target_id": "i-0378ead0e13364293"
          },
          "private": "bnVsbA==",
          "dependencies": [
            "aws_iam_instance_profile.ec2-iam-kafka-ssm-profile",
            "aws_iam_role.iam-ssm-kafka-host-role",
            "module.kafka_connect.aws_instance.kafka_connect",
            "module.kafka_connect.aws_security_group.kafka_connect"
          ]
        },
        {
          "index_key": 1,
          "schema_version": 0,
          "attributes": {
            "availability_zone": null,
            "id": "arn:aws:elasticloadbalancing:eu-central-1:375200909709:targetgroup/kafka-connect/aaa9bb06503516d7-20200214104939505400000014",
            "port": null,
            "target_group_arn": "arn:aws:elasticloadbalancing:eu-central-1:375200909709:targetgroup/kafka-connect/aaa9bb06503516d7",
            "target_id": "i-0c7510422e6ad2ec3"
          },
          "private": "bnVsbA==",
          "dependencies": [
            "aws_iam_instance_profile.ec2-iam-kafka-ssm-profile",
            "aws_iam_role.iam-ssm-kafka-host-role",
            "module.kafka_connect.aws_instance.kafka_connect",
            "module.kafka_connect.aws_security_group.kafka_connect"
          ]
        }
      ]
    },
    {
      "module": "module.schema_registry",
      "mode": "managed",
      "type": "aws_lb_target_group_attachment",
      "name": "schema_registry",
      "each": "list",
      "provider": "provider.aws",
      "instances": [
        {
          "index_key": 0,
          "schema_version": 0,
          "attributes": {
            "availability_zone": null,
            "id": "arn:aws:elasticloadbalancing:eu-central-1:375200909709:targetgroup/schema-registry/acff22c4e23922cf-20200214104732845200000009",
            "port": null,
            "target_group_arn": "arn:aws:elasticloadbalancing:eu-central-1:375200909709:targetgroup/schema-registry/acff22c4e23922cf",
            "target_id": "i-060788dd32c8511d5"
          },
          "private": "bnVsbA==",
          "dependencies": [
            "aws_iam_instance_profile.ec2-iam-kafka-ssm-profile",
            "aws_iam_role.iam-ssm-kafka-host-role",
            "module.schema_registry.aws_instance.schema_registry",
            "module.schema_registry.aws_security_group.schema_registry"
          ]
        },
        {
          "index_key": 1,
          "schema_version": 0,
          "attributes": {
            "availability_zone": null,
            "id": "arn:aws:elasticloadbalancing:eu-central-1:375200909709:targetgroup/schema-registry/acff22c4e23922cf-20200214104732630000000007",
            "port": null,
            "target_group_arn": "arn:aws:elasticloadbalancing:eu-central-1:375200909709:targetgroup/schema-registry/acff22c4e23922cf",
            "target_id": "i-0a7e906055e2f2baa"
          },
          "private": "bnVsbA==",
          "dependencies": [
            "aws_iam_instance_profile.ec2-iam-kafka-ssm-profile",
            "aws_iam_role.iam-ssm-kafka-host-role",
            "module.schema_registry.aws_instance.schema_registry",
            "module.schema_registry.aws_security_group.schema_registry"
          ]
        },
        {
          "index_key": 2,
          "schema_version": 0,
          "attributes": {
            "availability_zone": null,
            "id": "arn:aws:elasticloadbalancing:eu-central-1:375200909709:targetgroup/schema-registry/acff22c4e23922cf-20200214104732714500000008",
            "port": null,
            "target_group_arn": "arn:aws:elasticloadbalancing:eu-central-1:375200909709:targetgroup/schema-registry/acff22c4e23922cf",
            "target_id": "i-0b9c61593b2ff8bba"
          },
          "private": "bnVsbA==",
          "dependencies": [
            "aws_iam_instance_profile.ec2-iam-kafka-ssm-profile",
            "aws_iam_role.iam-ssm-kafka-host-role",
            "module.schema_registry.aws_instance.schema_registry",
            "module.schema_registry.aws_security_group.schema_registry"
          ]
        },
        {
          "index_key": 3,
          "schema_version": 0,
          "attributes": {
            "availability_zone": null,
            "id": "arn:aws:elasticloadbalancing:eu-central-1:375200909709:targetgroup/schema-registry/acff22c4e23922cf-20200214104732494300000006",
            "port": null,
            "target_group_arn": "arn:aws:elasticloadbalancing:eu-central-1:375200909709:targetgroup/schema-registry/acff22c4e23922cf",
            "target_id": "i-025abf7575477b2b6"
          },
          "private": "bnVsbA==",
          "dependencies": [
            "aws_iam_instance_profile.ec2-iam-kafka-ssm-profile",
            "aws_iam_role.iam-ssm-kafka-host-role",
            "module.schema_registry.aws_instance.schema_registry",
            "module.schema_registry.aws_security_group.schema_registry"
          ]
        }
      ]
    },
    {
      "module": "module.control_center",
      "mode": "managed",
      "type": "aws_route53_record",
      "name": "control-nodes",
      "each": "list",
      "provider": "provider.aws",
      "instances": [
        {
          "index_key": 0,
          "schema_version": 2,
          "attributes": {
            "alias": [],
            "allow_overwrite": null,
            "failover_routing_policy": [],
            "fqdn": "control-center-0.cdh-prd",
            "geolocation_routing_policy": [],
            "health_check_id": "",
            "id": "Z0516160ZDHSW6ARW651_control-center-0_A",
            "latency_routing_policy": [],
            "multivalue_answer_routing_policy": null,
            "name": "control-center-0",
            "records": [
              "10.90.0.108"
            ],
            "set_identifier": "",
            "ttl": 300,
            "type": "A",
            "weighted_routing_policy": [],
            "zone_id": "Z0516160ZDHSW6ARW651"
          },
          "private": "eyJzY2hlbWFfdmVyc2lvbiI6IjIifQ==",
          "dependencies": [
            "aws_iam_instance_profile.ec2-iam-kafka-ssm-profile",
            "aws_iam_role.iam-ssm-kafka-host-role",
            "aws_route53_zone.main_domain",
            "module.control_center.aws_instance.control_center",
            "module.control_center.aws_security_group.control_center"
          ]
        }
      ]
    },
    {
      "module": "module.kafka",
      "mode": "managed",
      "type": "aws_route53_record",
      "name": "kafka-loadBalancer",
      "provider": "provider.aws",
      "instances": [
        {
          "schema_version": 2,
          "attributes": {
            "alias": [
              {
                "evaluate_target_health": true,
                "name": "kafka-broker-lb-30fcfe28f81ab7ac.elb.eu-central-1.amazonaws.com",
                "zone_id": "Z3F0SRJ5LGBH90"
              }
            ],
            "allow_overwrite": null,
            "failover_routing_policy": [],
            "fqdn": "kafka-lb.cdh-prd",
            "geolocation_routing_policy": [],
            "health_check_id": "",
            "id": "Z0516160ZDHSW6ARW651_kafka-lb_A",
            "latency_routing_policy": [],
            "multivalue_answer_routing_policy": null,
            "name": "kafka-lb",
            "records": [],
            "set_identifier": "",
            "ttl": 0,
            "type": "A",
            "weighted_routing_policy": [],
            "zone_id": "Z0516160ZDHSW6ARW651"
          },
          "private": "eyJzY2hlbWFfdmVyc2lvbiI6IjIifQ==",
          "dependencies": [
            "aws_route53_zone.main_domain"
          ]
        }
      ]
    },
    {
      "module": "module.kafka",
      "mode": "managed",
      "type": "aws_route53_record",
      "name": "kafka-nodes",
      "each": "list",
      "provider": "provider.aws",
      "instances": [
        {
          "index_key": 0,
          "schema_version": 2,
          "attributes": {
            "alias": [],
            "allow_overwrite": null,
            "failover_routing_policy": [],
            "fqdn": "kafka-broker-0.cdh-prd",
            "geolocation_routing_policy": [],
            "health_check_id": "",
            "id": "Z0516160ZDHSW6ARW651_kafka-broker-0_A",
            "latency_routing_policy": [],
            "multivalue_answer_routing_policy": null,
            "name": "kafka-broker-0",
            "records": [
              "10.90.0.130"
            ],
            "set_identifier": "",
            "ttl": 300,
            "type": "A",
            "weighted_routing_policy": [],
            "zone_id": "Z0516160ZDHSW6ARW651"
          },
          "private": "eyJzY2hlbWFfdmVyc2lvbiI6IjIifQ==",
          "dependencies": [
            "aws_iam_instance_profile.ec2-iam-kafka-ssm-profile",
            "aws_iam_role.iam-ssm-kafka-host-role",
            "aws_route53_zone.main_domain",
            "module.kafka.aws_instance.kafka",
            "module.kafka.aws_security_group.kafka"
          ]
        },
        {
          "index_key": 1,
          "schema_version": 2,
          "attributes": {
            "alias": [],
            "allow_overwrite": null,
            "failover_routing_policy": [],
            "fqdn": "kafka-broker-1.cdh-prd",
            "geolocation_routing_policy": [],
            "health_check_id": "",
            "id": "Z0516160ZDHSW6ARW651_kafka-broker-1_A",
            "latency_routing_policy": [],
            "multivalue_answer_routing_policy": null,
            "name": "kafka-broker-1",
            "records": [
              "10.90.30.180"
            ],
            "set_identifier": "",
            "ttl": 300,
            "type": "A",
            "weighted_routing_policy": [],
            "zone_id": "Z0516160ZDHSW6ARW651"
          },
          "private": "eyJzY2hlbWFfdmVyc2lvbiI6IjIifQ==",
          "dependencies": [
            "aws_iam_instance_profile.ec2-iam-kafka-ssm-profile",
            "aws_iam_role.iam-ssm-kafka-host-role",
            "aws_route53_zone.main_domain",
            "module.kafka.aws_instance.kafka",
            "module.kafka.aws_security_group.kafka"
          ]
        },
        {
          "index_key": 2,
          "schema_version": 2,
          "attributes": {
            "alias": [],
            "allow_overwrite": null,
            "failover_routing_policy": [],
            "fqdn": "kafka-broker-2.cdh-prd",
            "geolocation_routing_policy": [],
            "health_check_id": "",
            "id": "Z0516160ZDHSW6ARW651_kafka-broker-2_A",
            "latency_routing_policy": [],
            "multivalue_answer_routing_policy": null,
            "name": "kafka-broker-2",
            "records": [
              "10.90.60.36"
            ],
            "set_identifier": "",
            "ttl": 300,
            "type": "A",
            "weighted_routing_policy": [],
            "zone_id": "Z0516160ZDHSW6ARW651"
          },
          "private": "eyJzY2hlbWFfdmVyc2lvbiI6IjIifQ==",
          "dependencies": [
            "aws_iam_instance_profile.ec2-iam-kafka-ssm-profile",
            "aws_iam_role.iam-ssm-kafka-host-role",
            "aws_route53_zone.main_domain",
            "module.kafka.aws_instance.kafka",
            "module.kafka.aws_security_group.kafka"
          ]
        },
        {
          "index_key": 3,
          "schema_version": 2,
          "attributes": {
            "alias": [],
            "allow_overwrite": null,
            "failover_routing_policy": [],
            "fqdn": "kafka-broker-3.cdh-prd",
            "geolocation_routing_policy": [],
            "health_check_id": "",
            "id": "Z0516160ZDHSW6ARW651_kafka-broker-3_A",
            "latency_routing_policy": [],
            "multivalue_answer_routing_policy": null,
            "name": "kafka-broker-3",
            "records": [
              "10.90.0.220"
            ],
            "set_identifier": "",
            "ttl": 300,
            "type": "A",
            "weighted_routing_policy": [],
            "zone_id": "Z0516160ZDHSW6ARW651"
          },
          "private": "eyJzY2hlbWFfdmVyc2lvbiI6IjIifQ==",
          "dependencies": [
            "aws_iam_instance_profile.ec2-iam-kafka-ssm-profile",
            "aws_iam_role.iam-ssm-kafka-host-role",
            "aws_route53_zone.main_domain",
            "module.kafka.aws_instance.kafka",
            "module.kafka.aws_security_group.kafka"
          ]
        },
        {
          "index_key": 4,
          "schema_version": 2,
          "attributes": {
            "alias": [],
            "allow_overwrite": null,
            "failover_routing_policy": [],
            "fqdn": "kafka-broker-4.cdh-prd",
            "geolocation_routing_policy": [],
            "health_check_id": "",
            "id": "Z0516160ZDHSW6ARW651_kafka-broker-4_A",
            "latency_routing_policy": [],
            "multivalue_answer_routing_policy": null,
            "name": "kafka-broker-4",
            "records": [
              "10.90.30.25"
            ],
            "set_identifier": "",
            "ttl": 300,
            "type": "A",
            "weighted_routing_policy": [],
            "zone_id": "Z0516160ZDHSW6ARW651"
          },
          "private": "eyJzY2hlbWFfdmVyc2lvbiI6IjIifQ==",
          "dependencies": [
            "aws_iam_instance_profile.ec2-iam-kafka-ssm-profile",
            "aws_iam_role.iam-ssm-kafka-host-role",
            "aws_route53_zone.main_domain",
            "module.kafka.aws_instance.kafka",
            "module.kafka.aws_security_group.kafka"
          ]
        }
      ]
    },
    {
      "module": "module.kafka_connect",
      "mode": "managed",
      "type": "aws_route53_record",
      "name": "kafka_connect-nodes",
      "each": "list",
      "provider": "provider.aws",
      "instances": [
        {
          "index_key": 0,
          "schema_version": 2,
          "attributes": {
            "alias": [],
            "allow_overwrite": null,
            "failover_routing_policy": [],
            "fqdn": "kafka_connect-0.cdh-prd",
            "geolocation_routing_policy": [],
            "health_check_id": "",
            "id": "Z0516160ZDHSW6ARW651_kafka_connect-0_A",
            "latency_routing_policy": [],
            "multivalue_answer_routing_policy": null,
            "name": "kafka_connect-0",
            "records": [
              "10.90.0.146"
            ],
            "set_identifier": "",
            "ttl": 300,
            "type": "A",
            "weighted_routing_policy": [],
            "zone_id": "Z0516160ZDHSW6ARW651"
          },
          "private": "eyJzY2hlbWFfdmVyc2lvbiI6IjIifQ==",
          "dependencies": [
            "aws_iam_instance_profile.ec2-iam-kafka-ssm-profile",
            "aws_iam_role.iam-ssm-kafka-host-role",
            "aws_route53_zone.main_domain",
            "module.kafka_connect.aws_instance.kafka_connect",
            "module.kafka_connect.aws_security_group.kafka_connect"
          ]
        },
        {
          "index_key": 1,
          "schema_version": 2,
          "attributes": {
            "alias": [],
            "allow_overwrite": null,
            "failover_routing_policy": [],
            "fqdn": "kafka_connect-1.cdh-prd",
            "geolocation_routing_policy": [],
            "health_check_id": "",
            "id": "Z0516160ZDHSW6ARW651_kafka_connect-1_A",
            "latency_routing_policy": [],
            "multivalue_answer_routing_policy": null,
            "name": "kafka_connect-1",
            "records": [
              "10.90.30.76"
            ],
            "set_identifier": "",
            "ttl": 300,
            "type": "A",
            "weighted_routing_policy": [],
            "zone_id": "Z0516160ZDHSW6ARW651"
          },
          "private": "eyJzY2hlbWFfdmVyc2lvbiI6IjIifQ==",
          "dependencies": [
            "aws_iam_instance_profile.ec2-iam-kafka-ssm-profile",
            "aws_iam_role.iam-ssm-kafka-host-role",
            "aws_route53_zone.main_domain",
            "module.kafka_connect.aws_instance.kafka_connect",
            "module.kafka_connect.aws_security_group.kafka_connect"
          ]
        }
      ]
    },
    {
      "module": "module.schema_registry",
      "mode": "managed",
      "type": "aws_route53_record",
      "name": "schema_registry-nodes",
      "each": "list",
      "provider": "provider.aws",
      "instances": [
        {
          "index_key": 0,
          "schema_version": 2,
          "attributes": {
            "alias": [],
            "allow_overwrite": null,
            "failover_routing_policy": [],
            "fqdn": "schema_registry-nodes-0.cdh-prd",
            "geolocation_routing_policy": [],
            "health_check_id": "",
            "id": "Z0516160ZDHSW6ARW651_schema_registry-nodes-0_A",
            "latency_routing_policy": [],
            "multivalue_answer_routing_policy": null,
            "name": "schema_registry-nodes-0",
            "records": [
              "10.90.0.74"
            ],
            "set_identifier": "",
            "ttl": 300,
            "type": "A",
            "weighted_routing_policy": [],
            "zone_id": "Z0516160ZDHSW6ARW651"
          },
          "private": "eyJzY2hlbWFfdmVyc2lvbiI6IjIifQ==",
          "dependencies": [
            "aws_iam_instance_profile.ec2-iam-kafka-ssm-profile",
            "aws_iam_role.iam-ssm-kafka-host-role",
            "aws_route53_zone.main_domain",
            "module.schema_registry.aws_instance.schema_registry",
            "module.schema_registry.aws_security_group.schema_registry"
          ]
        },
        {
          "index_key": 1,
          "schema_version": 2,
          "attributes": {
            "alias": [],
            "allow_overwrite": null,
            "failover_routing_policy": [],
            "fqdn": "schema_registry-nodes-1.cdh-prd",
            "geolocation_routing_policy": [],
            "health_check_id": "",
            "id": "Z0516160ZDHSW6ARW651_schema_registry-nodes-1_A",
            "latency_routing_policy": [],
            "multivalue_answer_routing_policy": null,
            "name": "schema_registry-nodes-1",
            "records": [
              "10.90.30.44"
            ],
            "set_identifier": "",
            "ttl": 300,
            "type": "A",
            "weighted_routing_policy": [],
            "zone_id": "Z0516160ZDHSW6ARW651"
          },
          "private": "eyJzY2hlbWFfdmVyc2lvbiI6IjIifQ==",
          "dependencies": [
            "aws_iam_instance_profile.ec2-iam-kafka-ssm-profile",
            "aws_iam_role.iam-ssm-kafka-host-role",
            "aws_route53_zone.main_domain",
            "module.schema_registry.aws_instance.schema_registry",
            "module.schema_registry.aws_security_group.schema_registry"
          ]
        },
        {
          "index_key": 2,
          "schema_version": 2,
          "attributes": {
            "alias": [],
            "allow_overwrite": null,
            "failover_routing_policy": [],
            "fqdn": "schema_registry-nodes-2.cdh-prd",
            "geolocation_routing_policy": [],
            "health_check_id": "",
            "id": "Z0516160ZDHSW6ARW651_schema_registry-nodes-2_A",
            "latency_routing_policy": [],
            "multivalue_answer_routing_policy": null,
            "name": "schema_registry-nodes-2",
            "records": [
              "10.90.60.231"
            ],
            "set_identifier": "",
            "ttl": 300,
            "type": "A",
            "weighted_routing_policy": [],
            "zone_id": "Z0516160ZDHSW6ARW651"
          },
          "private": "eyJzY2hlbWFfdmVyc2lvbiI6IjIifQ==",
          "dependencies": [
            "aws_iam_instance_profile.ec2-iam-kafka-ssm-profile",
            "aws_iam_role.iam-ssm-kafka-host-role",
            "aws_route53_zone.main_domain",
            "module.schema_registry.aws_instance.schema_registry",
            "module.schema_registry.aws_security_group.schema_registry"
          ]
        },
        {
          "index_key": 3,
          "schema_version": 2,
          "attributes": {
            "alias": [],
            "allow_overwrite": null,
            "failover_routing_policy": [],
            "fqdn": "schema_registry-nodes-3.cdh-prd",
            "geolocation_routing_policy": [],
            "health_check_id": "",
            "id": "Z0516160ZDHSW6ARW651_schema_registry-nodes-3_A",
            "latency_routing_policy": [],
            "multivalue_answer_routing_policy": null,
            "name": "schema_registry-nodes-3",
            "records": [
              "10.90.0.31"
            ],
            "set_identifier": "",
            "ttl": 300,
            "type": "A",
            "weighted_routing_policy": [],
            "zone_id": "Z0516160ZDHSW6ARW651"
          },
          "private": "eyJzY2hlbWFfdmVyc2lvbiI6IjIifQ==",
          "dependencies": [
            "aws_iam_instance_profile.ec2-iam-kafka-ssm-profile",
            "aws_iam_role.iam-ssm-kafka-host-role",
            "aws_route53_zone.main_domain",
            "module.schema_registry.aws_instance.schema_registry",
            "module.schema_registry.aws_security_group.schema_registry"
          ]
        }
      ]
    },
    {
      "module": "module.zookeeper",
      "mode": "managed",
      "type": "aws_route53_record",
      "name": "zookeeper",
      "each": "list",
      "provider": "provider.aws",
      "instances": [
        {
          "index_key": 0,
          "schema_version": 2,
          "attributes": {
            "alias": [],
            "allow_overwrite": null,
            "failover_routing_policy": [],
            "fqdn": "zookeeper-nodes-0.cdh-prd",
            "geolocation_routing_policy": [],
            "health_check_id": "",
            "id": "Z0516160ZDHSW6ARW651_zookeeper-nodes-0_A",
            "latency_routing_policy": [],
            "multivalue_answer_routing_policy": null,
            "name": "zookeeper-nodes-0",
            "records": [
              "10.90.0.194"
            ],
            "set_identifier": "",
            "ttl": 300,
            "type": "A",
            "weighted_routing_policy": [],
            "zone_id": "Z0516160ZDHSW6ARW651"
          },
          "private": "eyJzY2hlbWFfdmVyc2lvbiI6IjIifQ==",
          "dependencies": [
            "aws_iam_instance_profile.ec2-iam-kafka-ssm-profile",
            "aws_iam_role.iam-ssm-kafka-host-role",
            "aws_route53_zone.main_domain",
            "module.zookeeper.aws_instance.zookeeper",
            "module.zookeeper.aws_security_group.zookeeper"
          ]
        },
        {
          "index_key": 1,
          "schema_version": 2,
          "attributes": {
            "alias": [],
            "allow_overwrite": null,
            "failover_routing_policy": [],
            "fqdn": "zookeeper-nodes-1.cdh-prd",
            "geolocation_routing_policy": [],
            "health_check_id": "",
            "id": "Z0516160ZDHSW6ARW651_zookeeper-nodes-1_A",
            "latency_routing_policy": [],
            "multivalue_answer_routing_policy": null,
            "name": "zookeeper-nodes-1",
            "records": [
              "10.90.30.24"
            ],
            "set_identifier": "",
            "ttl": 300,
            "type": "A",
            "weighted_routing_policy": [],
            "zone_id": "Z0516160ZDHSW6ARW651"
          },
          "private": "eyJzY2hlbWFfdmVyc2lvbiI6IjIifQ==",
          "dependencies": [
            "aws_iam_instance_profile.ec2-iam-kafka-ssm-profile",
            "aws_iam_role.iam-ssm-kafka-host-role",
            "aws_route53_zone.main_domain",
            "module.zookeeper.aws_instance.zookeeper",
            "module.zookeeper.aws_security_group.zookeeper"
          ]
        },
        {
          "index_key": 2,
          "schema_version": 2,
          "attributes": {
            "alias": [],
            "allow_overwrite": null,
            "failover_routing_policy": [],
            "fqdn": "zookeeper-nodes-2.cdh-prd",
            "geolocation_routing_policy": [],
            "health_check_id": "",
            "id": "Z0516160ZDHSW6ARW651_zookeeper-nodes-2_A",
            "latency_routing_policy": [],
            "multivalue_answer_routing_policy": null,
            "name": "zookeeper-nodes-2",
            "records": [
              "10.90.60.137"
            ],
            "set_identifier": "",
            "ttl": 300,
            "type": "A",
            "weighted_routing_policy": [],
            "zone_id": "Z0516160ZDHSW6ARW651"
          },
          "private": "eyJzY2hlbWFfdmVyc2lvbiI6IjIifQ==",
          "dependencies": [
            "aws_iam_instance_profile.ec2-iam-kafka-ssm-profile",
            "aws_iam_role.iam-ssm-kafka-host-role",
            "aws_route53_zone.main_domain",
            "module.zookeeper.aws_instance.zookeeper",
            "module.zookeeper.aws_security_group.zookeeper"
          ]
        },
        {
          "index_key": 3,
          "schema_version": 2,
          "attributes": {
            "alias": [],
            "allow_overwrite": null,
            "failover_routing_policy": [],
            "fqdn": "zookeeper-nodes-3.cdh-prd",
            "geolocation_routing_policy": [],
            "health_check_id": "",
            "id": "Z0516160ZDHSW6ARW651_zookeeper-nodes-3_A",
            "latency_routing_policy": [],
            "multivalue_answer_routing_policy": null,
            "name": "zookeeper-nodes-3",
            "records": [
              "10.90.0.185"
            ],
            "set_identifier": "",
            "ttl": 300,
            "type": "A",
            "weighted_routing_policy": [],
            "zone_id": "Z0516160ZDHSW6ARW651"
          },
          "private": "eyJzY2hlbWFfdmVyc2lvbiI6IjIifQ==",
          "dependencies": [
            "aws_iam_instance_profile.ec2-iam-kafka-ssm-profile",
            "aws_iam_role.iam-ssm-kafka-host-role",
            "aws_route53_zone.main_domain",
            "module.zookeeper.aws_instance.zookeeper",
            "module.zookeeper.aws_security_group.zookeeper"
          ]
        },
        {
          "index_key": 4,
          "schema_version": 2,
          "attributes": {
            "alias": [],
            "allow_overwrite": null,
            "failover_routing_policy": [],
            "fqdn": "zookeeper-nodes-4.cdh-prd",
            "geolocation_routing_policy": [],
            "health_check_id": "",
            "id": "Z0516160ZDHSW6ARW651_zookeeper-nodes-4_A",
            "latency_routing_policy": [],
            "multivalue_answer_routing_policy": null,
            "name": "zookeeper-nodes-4",
            "records": [
              "10.90.30.66"
            ],
            "set_identifier": "",
            "ttl": 300,
            "type": "A",
            "weighted_routing_policy": [],
            "zone_id": "Z0516160ZDHSW6ARW651"
          },
          "private": "eyJzY2hlbWFfdmVyc2lvbiI6IjIifQ==",
          "dependencies": [
            "aws_iam_instance_profile.ec2-iam-kafka-ssm-profile",
            "aws_iam_role.iam-ssm-kafka-host-role",
            "aws_route53_zone.main_domain",
            "module.zookeeper.aws_instance.zookeeper",
            "module.zookeeper.aws_security_group.zookeeper"
          ]
        }
      ]
    },
    {
      "mode": "managed",
      "type": "aws_route53_zone",
      "name": "main_domain",
      "provider": "provider.aws",
      "instances": [
        {
          "schema_version": 0,
          "attributes": {
            "comment": "Managed by Terraform",
            "delegation_set_id": "",
            "force_destroy": false,
            "id": "Z0516160ZDHSW6ARW651",
            "name": "cdh-prd.",
            "name_servers": [
              "ns-0.awsdns-00.com.",
              "ns-1024.awsdns-00.org.",
              "ns-1536.awsdns-00.co.uk.",
              "ns-512.awsdns-00.net."
            ],
            "tags": {},
            "vpc": [
              {
                "vpc_id": "vpc-0f4be40686a77bf6f",
                "vpc_region": "eu-central-1"
              }
            ],
            "vpc_id": null,
            "vpc_region": null,
            "zone_id": "Z0516160ZDHSW6ARW651"
          },
          "private": "bnVsbA=="
        }
      ]
    },
    {
      "module": "module.control_center",
      "mode": "managed",
      "type": "aws_security_group",
      "name": "control_center",
      "provider": "provider.aws",
      "instances": [
        {
          "schema_version": 1,
          "attributes": {
            "arn": "arn:aws:ec2:eu-central-1:375200909709:security-group/sg-03a7250fccb2c71fc",
            "description": "Allow control_center VFDE-CIM_CDH traffic",
            "egress": [
              {
                "cidr_blocks": [
                  "0.0.0.0/0"
                ],
                "description": "",
                "from_port": 0,
                "ipv6_cidr_blocks": [],
                "prefix_list_ids": [],
                "protocol": "-1",
                "security_groups": [],
                "self": false,
                "to_port": 0
              }
            ],
            "id": "sg-03a7250fccb2c71fc",
            "ingress": [
              {
                "cidr_blocks": [
                  "10.90.60.106/32",
                  "10.90.0.195/32",
                  "10.90.30.229/32"
                ],
                "description": "Access from LB to port 9021 for control center access",
                "from_port": 9021,
                "ipv6_cidr_blocks": [],
                "prefix_list_ids": [],
                "protocol": "tcp",
                "security_groups": [],
                "self": false,
                "to_port": 9021
              },
              {
                "cidr_blocks": [],
                "description": "",
                "from_port": 22,
                "ipv6_cidr_blocks": [],
                "prefix_list_ids": [],
                "protocol": "tcp",
                "security_groups": [
                  "sg-0726ee6007367e682",
                  "sg-0c995a3c65b1841ca"
                ],
                "self": false,
                "to_port": 22
              },
              {
                "cidr_blocks": [],
                "description": "",
                "from_port": 9021,
                "ipv6_cidr_blocks": [],
                "prefix_list_ids": [],
                "protocol": "tcp",
                "security_groups": [],
                "self": true,
                "to_port": 9021
              },
              {
                "cidr_blocks": [],
                "description": "",
                "from_port": 9100,
                "ipv6_cidr_blocks": [],
                "prefix_list_ids": [],
                "protocol": "tcp",
                "security_groups": [],
                "self": true,
                "to_port": 9100
              },
              {
                "cidr_blocks": [],
                "description": "test for control center",
                "from_port": 9021,
                "ipv6_cidr_blocks": [],
                "prefix_list_ids": [],
                "protocol": "tcp",
                "security_groups": [
                  "sg-0a0677b50097cbe12"
                ],
                "self": false,
                "to_port": 9021
              }
            ],
            "name": "VFDE-CIM_CDH-eu-central-1-sg-PROD-kafka-control-center-ec2-ia",
            "name_prefix": null,
            "owner_id": "375200909709",
            "revoke_rules_on_delete": false,
            "tags": {
              "AWSregion": "eucentral1",
              "AutoTurnOFF": "No",
              "BU": "LOCAL-MARKET",
              "BusinessService": "VFDE-AWS-BSS-CIM-CDH-PROD",
              "CodeRepo": "https://deployvip.dc-ratingen.de:8080/bitbucket/scm/sol/k2view_infra.git",
              "Component": "CDH-PRD",
              "ComponentType": "Kafka",
              "Confidentiality": "C3",
              "Environment": "PROD",
              "GeneratedBy": "CIM CDH System Team - Terraform",
              "LMEntity": "VFDE",
              "LocalMarket": "VFDE",
              "ManagedBy": "m.schueller@vodafone.com",
              "Name": "VFDE-CIM_CDH-eu-central-1-sg-PROD-kafka-control-center-ec2-ia",
              "NetworkType": "IA",
              "POnumber": "PO1502033755",
              "Patch Group": "RHEL-PRD",
              "Project": "CIM-CDH",
              "SecurityZone": "A",
              "ServiceLevelUnit": "AWSDE-CIM_CDH:PROD",
              "StartTime": "0500",
              "StopTime": "1600",
              "TaggingVersion": "V2.4"
            },
            "timeouts": null,
            "vpc_id": "vpc-0f4be40686a77bf6f"
          },
          "private": "eyJlMmJmYjczMC1lY2FhLTExZTYtOGY4OC0zNDM2M2JjN2M0YzAiOnsiY3JlYXRlIjo2MDAwMDAwMDAwMDAsImRlbGV0ZSI6NjAwMDAwMDAwMDAwfSwic2NoZW1hX3ZlcnNpb24iOiIxIn0="
        }
      ]
    },
    {
      "module": "module.kafka",
      "mode": "managed",
      "type": "aws_security_group",
      "name": "kafka",
      "provider": "provider.aws",
      "instances": [
        {
          "schema_version": 1,
          "attributes": {
            "arn": "arn:aws:ec2:eu-central-1:375200909709:security-group/sg-0a0677b50097cbe12",
            "description": "Allow kafka VFDE-CIM_CDH traffic",
            "egress": [
              {
                "cidr_blocks": [
                  "0.0.0.0/0"
                ],
                "description": "",
                "from_port": 0,
                "ipv6_cidr_blocks": [],
                "prefix_list_ids": [],
                "protocol": "-1",
                "security_groups": [],
                "self": false,
                "to_port": 0
              }
            ],
            "id": "sg-0a0677b50097cbe12",
            "ingress": [
              {
                "cidr_blocks": [
                  "10.90.0.101/32",
                  "10.90.60.225/32",
                  "10.90.30.96/32"
                ],
                "description": "Access from LB to port 9000 for kafka service discovery",
                "from_port": 9000,
                "ipv6_cidr_blocks": [],
                "prefix_list_ids": [],
                "protocol": "tcp",
                "security_groups": [],
                "self": false,
                "to_port": 9000
              },
              {
                "cidr_blocks": [
                  "10.90.0.101/32",
                  "10.90.60.225/32",
                  "10.90.30.96/32"
                ],
                "description": "Access from LB to port 900x for working ports between clients and brokers",
                "from_port": 9001,
                "ipv6_cidr_blocks": [],
                "prefix_list_ids": [],
                "protocol": "tcp",
                "security_groups": [],
                "self": false,
                "to_port": 9006
              },
              {
                "cidr_blocks": [
                  "10.90.30.40/32",
                  "10.90.0.239/32",
                  "10.90.0.56/32",
                  "10.90.0.224/32",
                  "10.90.30.8/32",
                  "10.90.0.154/32",
                  "10.90.30.194/32",
                  "10.90.0.142/32",
                  "10.90.30.26/32",
                  "10.90.30.186/32"
                ],
                "description": "",
                "from_port": 9000,
                "ipv6_cidr_blocks": [],
                "prefix_list_ids": [],
                "protocol": "tcp",
                "security_groups": [],
                "self": false,
                "to_port": 9006
              },
              {
                "cidr_blocks": [],
                "description": "",
                "from_port": 22,
                "ipv6_cidr_blocks": [],
                "prefix_list_ids": [],
                "protocol": "tcp",
                "security_groups": [
                  "sg-0726ee6007367e682",
                  "sg-0c995a3c65b1841ca"
                ],
                "self": false,
                "to_port": 22
              },
              {
                "cidr_blocks": [],
                "description": "",
                "from_port": 9000,
                "ipv6_cidr_blocks": [],
                "prefix_list_ids": [],
                "protocol": "tcp",
                "security_groups": [
                  "sg-00b5985ee49a015b1",
                  "sg-03a7250fccb2c71fc",
                  "sg-0b5c0a53c8b0c0d61",
                  "sg-0cd108f2b83d73453"
                ],
                "self": false,
                "to_port": 9000
              },
              {
                "cidr_blocks": [],
                "description": "",
                "from_port": 9000,
                "ipv6_cidr_blocks": [],
                "prefix_list_ids": [],
                "protocol": "tcp",
                "security_groups": [],
                "self": true,
                "to_port": 9006
              },
              {
                "cidr_blocks": [],
                "description": "",
                "from_port": 9090,
                "ipv6_cidr_blocks": [],
                "prefix_list_ids": [],
                "protocol": "tcp",
                "security_groups": [],
                "self": true,
                "to_port": 9090
              },
              {
                "cidr_blocks": [],
                "description": "",
                "from_port": 9093,
                "ipv6_cidr_blocks": [],
                "prefix_list_ids": [],
                "protocol": "tcp",
                "security_groups": [],
                "self": true,
                "to_port": 9093
              },
              {
                "cidr_blocks": [],
                "description": "",
                "from_port": 9100,
                "ipv6_cidr_blocks": [],
                "prefix_list_ids": [],
                "protocol": "tcp",
                "security_groups": [],
                "self": true,
                "to_port": 9100
              }
            ],
            "name": "VFDE-CIM_CDH-eu-central-1-sg-PROD-kafka-broker-ec2-ia",
            "name_prefix": null,
            "owner_id": "375200909709",
            "revoke_rules_on_delete": false,
            "tags": {
              "AWSregion": "eucentral1",
              "AutoTurnOFF": "No",
              "BU": "LOCAL-MARKET",
              "BusinessService": "VFDE-AWS-BSS-CIM-CDH-PROD",
              "CodeRepo": "https://deployvip.dc-ratingen.de:8080/bitbucket/scm/sol/k2view_infra.git",
              "Component": "CDH-PRD",
              "ComponentType": "Kafka",
              "Confidentiality": "C3",
              "Environment": "PROD",
              "GeneratedBy": "CIM CDH System Team - Terraform",
              "LMEntity": "VFDE",
              "LocalMarket": "VFDE",
              "ManagedBy": "m.schueller@vodafone.com",
              "Name": "VFDE-CIM_CDH-eu-central-1-sg-PROD-kafka-broker-ec2-ia",
              "NetworkType": "IA",
              "POnumber": "PO1502033755",
              "Patch Group": "RHEL-PRD",
              "Project": "CIM-CDH",
              "SecurityZone": "A",
              "ServiceLevelUnit": "AWSDE-CIM_CDH:PROD",
              "StartTime": "0500",
              "StopTime": "1600",
              "TaggingVersion": "V2.4"
            },
            "timeouts": null,
            "vpc_id": "vpc-0f4be40686a77bf6f"
          },
          "private": "eyJlMmJmYjczMC1lY2FhLTExZTYtOGY4OC0zNDM2M2JjN2M0YzAiOnsiY3JlYXRlIjo2MDAwMDAwMDAwMDAsImRlbGV0ZSI6NjAwMDAwMDAwMDAwfSwic2NoZW1hX3ZlcnNpb24iOiIxIn0="
        }
      ]
    },
    {
      "module": "module.kafka_connect",
      "mode": "managed",
      "type": "aws_security_group",
      "name": "kafka_connect",
      "provider": "provider.aws",
      "instances": [
        {
          "schema_version": 1,
          "attributes": {
            "arn": "arn:aws:ec2:eu-central-1:375200909709:security-group/sg-0cd108f2b83d73453",
            "description": "Allow kafka_connect VFDE-CIM_CDH traffic",
            "egress": [
              {
                "cidr_blocks": [
                  "0.0.0.0/0"
                ],
                "description": "",
                "from_port": 0,
                "ipv6_cidr_blocks": [],
                "prefix_list_ids": [],
                "protocol": "-1",
                "security_groups": [],
                "self": false,
                "to_port": 0
              }
            ],
            "id": "sg-0cd108f2b83d73453",
            "ingress": [
              {
                "cidr_blocks": [
                  "10.90.0.101/32",
                  "10.90.60.225/32",
                  "10.90.30.96/32"
                ],
                "description": "Access from LB to port 8082 for  kafka connect",
                "from_port": 8082,
                "ipv6_cidr_blocks": [],
                "prefix_list_ids": [],
                "protocol": "tcp",
                "security_groups": [],
                "self": false,
                "to_port": 8082
              },
              {
                "cidr_blocks": [],
                "description": "",
                "from_port": 22,
                "ipv6_cidr_blocks": [],
                "prefix_list_ids": [],
                "protocol": "tcp",
                "security_groups": [
                  "sg-0726ee6007367e682",
                  "sg-0c995a3c65b1841ca"
                ],
                "self": false,
                "to_port": 22
              },
              {
                "cidr_blocks": [],
                "description": "",
                "from_port": 8082,
                "ipv6_cidr_blocks": [],
                "prefix_list_ids": [],
                "protocol": "tcp",
                "security_groups": [
                  "sg-0051060aaabc60158"
                ],
                "self": false,
                "to_port": 8083
              },
              {
                "cidr_blocks": [],
                "description": "",
                "from_port": 8082,
                "ipv6_cidr_blocks": [],
                "prefix_list_ids": [],
                "protocol": "tcp",
                "security_groups": [],
                "self": true,
                "to_port": 8083
              },
              {
                "cidr_blocks": [],
                "description": "",
                "from_port": 9100,
                "ipv6_cidr_blocks": [],
                "prefix_list_ids": [],
                "protocol": "tcp",
                "security_groups": [],
                "self": true,
                "to_port": 9100
              }
            ],
            "name": "VFDE-CIM_CDH-eu-central-1-sg-PROD-kafka-connect-ec2-ia",
            "name_prefix": null,
            "owner_id": "375200909709",
            "revoke_rules_on_delete": false,
            "tags": {
              "AWSregion": "eucentral1",
              "AutoTurnOFF": "No",
              "BU": "LOCAL-MARKET",
              "BusinessService": "VFDE-AWS-BSS-CIM-CDH-PROD",
              "CodeRepo": "https://deployvip.dc-ratingen.de:8080/bitbucket/scm/sol/k2view_infra.git",
              "Component": "CDH-PRD",
              "ComponentType": "Kafka",
              "Confidentiality": "C3",
              "Environment": "PROD",
              "GeneratedBy": "CIM CDH System Team - Terraform",
              "LMEntity": "VFDE",
              "LocalMarket": "VFDE",
              "ManagedBy": "m.schueller@vodafone.com",
              "Name": "VFDE-CIM_CDH-eu-central-1-sg-PROD-kafka-connect-ec2-ia",
              "NetworkType": "IA",
              "POnumber": "PO1502033755",
              "Patch Group": "RHEL-PRD",
              "Project": "CIM-CDH",
              "SecurityZone": "A",
              "ServiceLevelUnit": "AWSDE-CIM_CDH:PROD",
              "StartTime": "0500",
              "StopTime": "1600",
              "TaggingVersion": "V2.4"
            },
            "timeouts": null,
            "vpc_id": "vpc-0f4be40686a77bf6f"
          },
          "private": "eyJlMmJmYjczMC1lY2FhLTExZTYtOGY4OC0zNDM2M2JjN2M0YzAiOnsiY3JlYXRlIjo2MDAwMDAwMDAwMDAsImRlbGV0ZSI6NjAwMDAwMDAwMDAwfSwic2NoZW1hX3ZlcnNpb24iOiIxIn0="
        }
      ]
    },
    {
      "module": "module.kafka",
      "mode": "managed",
      "type": "aws_security_group",
      "name": "lb_kafka",
      "provider": "provider.aws",
      "instances": [
        {
          "schema_version": 1,
          "attributes": {
            "arn": "arn:aws:ec2:eu-central-1:375200909709:security-group/sg-0b40aeb0198032e2a",
            "description": "Allow kafka LoadBalancer VFDE-CIM_CDH traffic",
            "egress": [
              {
                "cidr_blocks": [
                  "0.0.0.0/0"
                ],
                "description": "",
                "from_port": 0,
                "ipv6_cidr_blocks": [],
                "prefix_list_ids": [],
                "protocol": "tcp",
                "security_groups": [],
                "self": false,
                "to_port": 65535
              }
            ],
            "id": "sg-0b40aeb0198032e2a",
            "ingress": [
              {
                "cidr_blocks": [],
                "description": "",
                "from_port": 9000,
                "ipv6_cidr_blocks": [],
                "prefix_list_ids": [],
                "protocol": "tcp",
                "security_groups": [
                  "sg-0051060aaabc60158"
                ],
                "self": false,
                "to_port": 9006
              },
              {
                "cidr_blocks": [],
                "description": "",
                "from_port": 9000,
                "ipv6_cidr_blocks": [],
                "prefix_list_ids": [],
                "protocol": "tcp",
                "security_groups": [],
                "self": true,
                "to_port": 9000
              },
              {
                "cidr_blocks": [],
                "description": "",
                "from_port": 9001,
                "ipv6_cidr_blocks": [],
                "prefix_list_ids": [],
                "protocol": "tcp",
                "security_groups": [],
                "self": true,
                "to_port": 9006
              }
            ],
            "name": "VFDE-CIM_CDH-eu-central-1-sg-PROD-kafka-lodbalancer",
            "name_prefix": null,
            "owner_id": "375200909709",
            "revoke_rules_on_delete": false,
            "tags": {
              "AWSregion": "eucentral1",
              "AutoTurnOFF": "No",
              "BU": "LOCAL-MARKET",
              "BusinessService": "VFDE-AWS-BSS-CIM-CDH-PROD",
              "CodeRepo": "https://deployvip.dc-ratingen.de:8080/bitbucket/scm/sol/k2view_infra.git",
              "Component": "CDH-PRD",
              "ComponentType": "Kafka",
              "Confidentiality": "C3",
              "Environment": "PROD",
              "GeneratedBy": "CIM CDH System Team - Terraform",
              "LMEntity": "VFDE",
              "LocalMarket": "VFDE",
              "ManagedBy": "m.schueller@vodafone.com",
              "Name": "VFDE-CIM_CDH-eu-central-1-sg-PROD-kafka-lodbalancer",
              "NetworkType": "IA",
              "POnumber": "PO1502033755",
              "Patch Group": "RHEL-PRD",
              "Project": "CIM-CDH",
              "SecurityZone": "A",
              "ServiceLevelUnit": "AWSDE-CIM_CDH:PROD",
              "StartTime": "0500",
              "StopTime": "1600",
              "TaggingVersion": "V2.4"
            },
            "timeouts": null,
            "vpc_id": "vpc-0f4be40686a77bf6f"
          },
          "private": "eyJlMmJmYjczMC1lY2FhLTExZTYtOGY4OC0zNDM2M2JjN2M0YzAiOnsiY3JlYXRlIjo2MDAwMDAwMDAwMDAsImRlbGV0ZSI6NjAwMDAwMDAwMDAwfSwic2NoZW1hX3ZlcnNpb24iOiIxIn0="
        }
      ]
    },
    {
      "module": "module.schema_registry",
      "mode": "managed",
      "type": "aws_security_group",
      "name": "schema_registry",
      "provider": "provider.aws",
      "instances": [
        {
          "schema_version": 1,
          "attributes": {
            "arn": "arn:aws:ec2:eu-central-1:375200909709:security-group/sg-00b5985ee49a015b1",
            "description": "Allow schema_registry VFDE-CIM_CDH traffic",
            "egress": [
              {
                "cidr_blocks": [
                  "0.0.0.0/0"
                ],
                "description": "",
                "from_port": 0,
                "ipv6_cidr_blocks": [],
                "prefix_list_ids": [],
                "protocol": "-1",
                "security_groups": [],
                "self": false,
                "to_port": 0
              }
            ],
            "id": "sg-00b5985ee49a015b1",
            "ingress": [
              {
                "cidr_blocks": [
                  "10.90.0.101/32",
                  "10.90.60.225/32",
                  "10.90.30.96/32"
                ],
                "description": "Access from LB to port 8081 for kafka schema_registry",
                "from_port": 8081,
                "ipv6_cidr_blocks": [],
                "prefix_list_ids": [],
                "protocol": "tcp",
                "security_groups": [],
                "self": false,
                "to_port": 8081
              },
              {
                "cidr_blocks": [],
                "description": "",
                "from_port": 22,
                "ipv6_cidr_blocks": [],
                "prefix_list_ids": [],
                "protocol": "tcp",
                "security_groups": [
                  "sg-0726ee6007367e682",
                  "sg-0c995a3c65b1841ca"
                ],
                "self": false,
                "to_port": 22
              },
              {
                "cidr_blocks": [],
                "description": "",
                "from_port": 8081,
                "ipv6_cidr_blocks": [],
                "prefix_list_ids": [],
                "protocol": "tcp",
                "security_groups": [
                  "sg-0051060aaabc60158"
                ],
                "self": false,
                "to_port": 8081
              },
              {
                "cidr_blocks": [],
                "description": "",
                "from_port": 8081,
                "ipv6_cidr_blocks": [],
                "prefix_list_ids": [],
                "protocol": "tcp",
                "security_groups": [],
                "self": true,
                "to_port": 8081
              },
              {
                "cidr_blocks": [],
                "description": "",
                "from_port": 9100,
                "ipv6_cidr_blocks": [],
                "prefix_list_ids": [],
                "protocol": "tcp",
                "security_groups": [],
                "self": true,
                "to_port": 9100
              }
            ],
            "name": "VFDE-CIM_CDH-eu-central-1-sg-PROD-kafka-schema-registry-ec2-ia",
            "name_prefix": null,
            "owner_id": "375200909709",
            "revoke_rules_on_delete": false,
            "tags": {
              "AWSregion": "eucentral1",
              "AutoTurnOFF": "No",
              "BU": "LOCAL-MARKET",
              "BusinessService": "VFDE-AWS-BSS-CIM-CDH-PROD",
              "CodeRepo": "https://deployvip.dc-ratingen.de:8080/bitbucket/scm/sol/k2view_infra.git",
              "Component": "CDH-PRD",
              "ComponentType": "Kafka",
              "Confidentiality": "C3",
              "Environment": "PROD",
              "GeneratedBy": "CIM CDH System Team - Terraform",
              "LMEntity": "VFDE",
              "LocalMarket": "VFDE",
              "ManagedBy": "m.schueller@vodafone.com",
              "Name": "VFDE-CIM_CDH-eu-central-1-sg-PROD-kafka-schema-registry-ec2-ia",
              "NetworkType": "IA",
              "POnumber": "PO1502033755",
              "Patch Group": "RHEL-PRD",
              "Project": "CIM-CDH",
              "SecurityZone": "A",
              "ServiceLevelUnit": "AWSDE-CIM_CDH:PROD",
              "StartTime": "0500",
              "StopTime": "1600",
              "TaggingVersion": "V2.4"
            },
            "timeouts": null,
            "vpc_id": "vpc-0f4be40686a77bf6f"
          },
          "private": "eyJlMmJmYjczMC1lY2FhLTExZTYtOGY4OC0zNDM2M2JjN2M0YzAiOnsiY3JlYXRlIjo2MDAwMDAwMDAwMDAsImRlbGV0ZSI6NjAwMDAwMDAwMDAwfSwic2NoZW1hX3ZlcnNpb24iOiIxIn0="
        }
      ]
    },
    {
      "module": "module.zookeeper",
      "mode": "managed",
      "type": "aws_security_group",
      "name": "zookeeper",
      "provider": "provider.aws",
      "instances": [
        {
          "schema_version": 1,
          "attributes": {
            "arn": "arn:aws:ec2:eu-central-1:375200909709:security-group/sg-0b5c0a53c8b0c0d61",
            "description": "Allow Zookeeper traffic for VFDE-CIM_CDH",
            "egress": [
              {
                "cidr_blocks": [
                  "0.0.0.0/0"
                ],
                "description": "",
                "from_port": 0,
                "ipv6_cidr_blocks": [],
                "prefix_list_ids": [],
                "protocol": "-1",
                "security_groups": [],
                "self": false,
                "to_port": 0
              }
            ],
            "id": "sg-0b5c0a53c8b0c0d61",
            "ingress": [
              {
                "cidr_blocks": [
                  "0.0.0.0/0"
                ],
                "description": "",
                "from_port": 9100,
                "ipv6_cidr_blocks": [],
                "prefix_list_ids": [],
                "protocol": "tcp",
                "security_groups": [],
                "self": false,
                "to_port": 9100
              },
              {
                "cidr_blocks": [],
                "description": "",
                "from_port": 2181,
                "ipv6_cidr_blocks": [],
                "prefix_list_ids": [],
                "protocol": "tcp",
                "security_groups": [
                  "sg-0a0677b50097cbe12"
                ],
                "self": true,
                "to_port": 2181
              },
              {
                "cidr_blocks": [],
                "description": "",
                "from_port": 22,
                "ipv6_cidr_blocks": [],
                "prefix_list_ids": [],
                "protocol": "tcp",
                "security_groups": [
                  "sg-0726ee6007367e682",
                  "sg-0c995a3c65b1841ca"
                ],
                "self": false,
                "to_port": 22
              },
              {
                "cidr_blocks": [],
                "description": "",
                "from_port": 2888,
                "ipv6_cidr_blocks": [],
                "prefix_list_ids": [],
                "protocol": "tcp",
                "security_groups": [],
                "self": true,
                "to_port": 2888
              },
              {
                "cidr_blocks": [],
                "description": "",
                "from_port": 3888,
                "ipv6_cidr_blocks": [],
                "prefix_list_ids": [],
                "protocol": "tcp",
                "security_groups": [],
                "self": true,
                "to_port": 3888
              },
              {
                "cidr_blocks": [],
                "description": "",
                "from_port": 9090,
                "ipv6_cidr_blocks": [],
                "prefix_list_ids": [],
                "protocol": "tcp",
                "security_groups": [],
                "self": true,
                "to_port": 9090
              }
            ],
            "name": "VFDE-CIM_CDH-eu-central-1-sg-PROD-kafka-zookeeper-ec2-ia",
            "name_prefix": null,
            "owner_id": "375200909709",
            "revoke_rules_on_delete": false,
            "tags": {
              "AWSregion": "eucentral1",
              "AutoTurnOFF": "No",
              "BU": "LOCAL-MARKET",
              "BusinessService": "VFDE-AWS-BSS-CIM-CDH-PROD",
              "CodeRepo": "https://deployvip.dc-ratingen.de:8080/bitbucket/scm/sol/k2view_infra.git",
              "Component": "CDH-PRD",
              "ComponentType": "Kafka",
              "Confidentiality": "C3",
              "Environment": "PROD",
              "GeneratedBy": "CIM CDH System Team - Terraform",
              "LMEntity": "VFDE",
              "LocalMarket": "VFDE",
              "ManagedBy": "m.schueller@vodafone.com",
              "Name": "VFDE-CIM_CDH-eu-central-1-sg-PROD-kafka-zookeeper-ec2-ia",
              "NetworkType": "IA",
              "POnumber": "PO1502033755",
              "Patch Group": "RHEL-PRD",
              "Project": "CIM-CDH",
              "SecurityZone": "A",
              "ServiceLevelUnit": "AWSDE-CIM_CDH:PROD",
              "StartTime": "0500",
              "StopTime": "1600",
              "TaggingVersion": "V2.4"
            },
            "timeouts": null,
            "vpc_id": "vpc-0f4be40686a77bf6f"
          },
          "private": "eyJlMmJmYjczMC1lY2FhLTExZTYtOGY4OC0zNDM2M2JjN2M0YzAiOnsiY3JlYXRlIjo2MDAwMDAwMDAwMDAsImRlbGV0ZSI6NjAwMDAwMDAwMDAwfSwic2NoZW1hX3ZlcnNpb24iOiIxIn0="
        }
      ]
    },
    {
      "module": "module.kafka",
      "mode": "managed",
      "type": "aws_security_group_rule",
      "name": "allow_broker_intercommunication",
      "provider": "provider.aws",
      "instances": [
        {
          "schema_version": 2,
          "attributes": {
            "cidr_blocks": [],
            "description": "",
            "from_port": 9000,
            "id": "sgrule-3371107057",
            "ipv6_cidr_blocks": [],
            "prefix_list_ids": [],
            "protocol": "tcp",
            "security_group_id": "sg-0a0677b50097cbe12",
            "self": true,
            "source_security_group_id": "sg-0a0677b50097cbe12",
            "to_port": 9006,
            "type": "ingress"
          },
          "private": "eyJzY2hlbWFfdmVyc2lvbiI6IjIifQ==",
          "dependencies": [
            "module.kafka.aws_security_group.kafka"
          ]
        }
      ]
    },
    {
      "module": "module.kafka",
      "mode": "managed",
      "type": "aws_security_group_rule",
      "name": "allow_broker_port_range",
      "provider": "provider.aws",
      "instances": [
        {
          "schema_version": 2,
          "attributes": {
            "cidr_blocks": [],
            "description": "",
            "from_port": 9001,
            "id": "sgrule-1355971514",
            "ipv6_cidr_blocks": [],
            "prefix_list_ids": [],
            "protocol": "tcp",
            "security_group_id": "sg-0b40aeb0198032e2a",
            "self": true,
            "source_security_group_id": "sg-0b40aeb0198032e2a",
            "to_port": 9006,
            "type": "ingress"
          },
          "private": "eyJzY2hlbWFfdmVyc2lvbiI6IjIifQ==",
          "dependencies": [
            "module.kafka.aws_security_group.lb_kafka"
          ]
        }
      ]
    },
    {
      "module": "module.kafka",
      "mode": "managed",
      "type": "aws_security_group_rule",
      "name": "allow_broker_port_range_NEW",
      "provider": "provider.aws",
      "instances": [
        {
          "schema_version": 2,
          "attributes": {
            "cidr_blocks": [
              "10.90.0.101/32",
              "10.90.60.225/32",
              "10.90.30.96/32"
            ],
            "description": "Access from LB to port 900x for working ports between clients and brokers",
            "from_port": 9001,
            "id": "sgrule-531944232",
            "ipv6_cidr_blocks": [],
            "prefix_list_ids": [],
            "protocol": "tcp",
            "security_group_id": "sg-0a0677b50097cbe12",
            "self": false,
            "source_security_group_id": null,
            "to_port": 9006,
            "type": "ingress"
          },
          "private": "eyJzY2hlbWFfdmVyc2lvbiI6IjIifQ==",
          "dependencies": [
            "module.kafka.aws_security_group.kafka"
          ]
        }
      ]
    },
    {
      "module": "module.kafka",
      "mode": "managed",
      "type": "aws_security_group_rule",
      "name": "allow_broker_port_sd",
      "provider": "provider.aws",
      "instances": [
        {
          "schema_version": 2,
          "attributes": {
            "cidr_blocks": [],
            "description": "",
            "from_port": 9000,
            "id": "sgrule-1896160487",
            "ipv6_cidr_blocks": [],
            "prefix_list_ids": [],
            "protocol": "tcp",
            "security_group_id": "sg-0b40aeb0198032e2a",
            "self": true,
            "source_security_group_id": "sg-0b40aeb0198032e2a",
            "to_port": 9000,
            "type": "ingress"
          },
          "private": "eyJzY2hlbWFfdmVyc2lvbiI6IjIifQ==",
          "dependencies": [
            "module.kafka.aws_security_group.lb_kafka"
          ]
        }
      ]
    },
    {
      "module": "module.kafka",
      "mode": "managed",
      "type": "aws_security_group_rule",
      "name": "allow_broker_port_sd_NEW",
      "provider": "provider.aws",
      "instances": [
        {
          "schema_version": 2,
          "attributes": {
            "cidr_blocks": [
              "10.90.0.101/32",
              "10.90.60.225/32",
              "10.90.30.96/32"
            ],
            "description": "Access from LB to port 9000 for kafka service discovery",
            "from_port": 9000,
            "id": "sgrule-1277471791",
            "ipv6_cidr_blocks": [],
            "prefix_list_ids": [],
            "protocol": "tcp",
            "security_group_id": "sg-0a0677b50097cbe12",
            "self": false,
            "source_security_group_id": null,
            "to_port": 9000,
            "type": "ingress"
          },
          "private": "eyJzY2hlbWFfdmVyc2lvbiI6IjIifQ==",
          "dependencies": [
            "module.kafka.aws_security_group.kafka"
          ]
        }
      ]
    },
    {
      "module": "module.control_center",
      "mode": "managed",
      "type": "aws_security_group_rule",
      "name": "allow_cc_port_sd",
      "provider": "provider.aws",
      "instances": [
        {
          "schema_version": 2,
          "attributes": {
            "cidr_blocks": [
              "10.90.60.106/32",
              "10.90.0.195/32",
              "10.90.30.229/32"
            ],
            "description": "Access from LB to port 9021 for control center access",
            "from_port": 9021,
            "id": "sgrule-1281827444",
            "ipv6_cidr_blocks": [],
            "prefix_list_ids": [],
            "protocol": "tcp",
            "security_group_id": "sg-03a7250fccb2c71fc",
            "self": false,
            "source_security_group_id": null,
            "to_port": 9021,
            "type": "ingress"
          },
          "private": "eyJzY2hlbWFfdmVyc2lvbiI6IjIifQ==",
          "dependencies": [
            "module.control_center.aws_security_group.control_center"
          ]
        }
      ]
    },
    {
      "module": "module.control_center",
      "mode": "managed",
      "type": "aws_security_group_rule",
      "name": "allow_http_access",
      "provider": "provider.aws",
      "instances": [
        {
          "schema_version": 2,
          "attributes": {
            "cidr_blocks": [],
            "description": "",
            "from_port": 9021,
            "id": "sgrule-1166270295",
            "ipv6_cidr_blocks": [],
            "prefix_list_ids": [],
            "protocol": "tcp",
            "security_group_id": "sg-03a7250fccb2c71fc",
            "self": true,
            "source_security_group_id": "sg-03a7250fccb2c71fc",
            "to_port": 9021,
            "type": "ingress"
          },
          "private": "eyJzY2hlbWFfdmVyc2lvbiI6IjIifQ==",
          "dependencies": [
            "module.control_center.aws_security_group.control_center"
          ]
        }
      ]
    },
    {
      "module": "module.kafka",
      "mode": "managed",
      "type": "aws_security_group_rule",
      "name": "allow_jmx_port",
      "provider": "provider.aws",
      "instances": [
        {
          "schema_version": 2,
          "attributes": {
            "cidr_blocks": [],
            "description": "",
            "from_port": 9090,
            "id": "sgrule-4124835637",
            "ipv6_cidr_blocks": [],
            "prefix_list_ids": [],
            "protocol": "tcp",
            "security_group_id": "sg-0a0677b50097cbe12",
            "self": true,
            "source_security_group_id": "sg-0a0677b50097cbe12",
            "to_port": 9090,
            "type": "ingress"
          },
          "private": "eyJzY2hlbWFfdmVyc2lvbiI6IjIifQ==",
          "dependencies": [
            "module.kafka.aws_security_group.kafka"
          ]
        }
      ]
    },
    {
      "module": "module.zookeeper",
      "mode": "managed",
      "type": "aws_security_group_rule",
      "name": "allow_jmx_port",
      "provider": "provider.aws",
      "instances": [
        {
          "schema_version": 2,
          "attributes": {
            "cidr_blocks": [],
            "description": "",
            "from_port": 9090,
            "id": "sgrule-3870631431",
            "ipv6_cidr_blocks": [],
            "prefix_list_ids": [],
            "protocol": "tcp",
            "security_group_id": "sg-0b5c0a53c8b0c0d61",
            "self": true,
            "source_security_group_id": "sg-0b5c0a53c8b0c0d61",
            "to_port": 9090,
            "type": "ingress"
          },
          "private": "eyJzY2hlbWFfdmVyc2lvbiI6IjIifQ==",
          "dependencies": [
            "module.zookeeper.aws_security_group.zookeeper"
          ]
        }
      ]
    },
    {
      "module": "module.kafka_connect",
      "mode": "managed",
      "type": "aws_security_group_rule",
      "name": "allow_kafka_connect",
      "provider": "provider.aws",
      "instances": [
        {
          "schema_version": 2,
          "attributes": {
            "cidr_blocks": [],
            "description": "",
            "from_port": 8082,
            "id": "sgrule-2120416778",
            "ipv6_cidr_blocks": [],
            "prefix_list_ids": [],
            "protocol": "tcp",
            "security_group_id": "sg-0cd108f2b83d73453",
            "self": true,
            "source_security_group_id": "sg-0cd108f2b83d73453",
            "to_port": 8083,
            "type": "ingress"
          },
          "private": "eyJzY2hlbWFfdmVyc2lvbiI6IjIifQ==",
          "dependencies": [
            "module.kafka_connect.aws_security_group.kafka_connect"
          ]
        }
      ]
    },
    {
      "module": "module.kafka",
      "mode": "managed",
      "type": "aws_security_group_rule",
      "name": "allow_kafka_ssl",
      "provider": "provider.aws",
      "instances": [
        {
          "schema_version": 2,
          "attributes": {
            "cidr_blocks": [],
            "description": "",
            "from_port": 9093,
            "id": "sgrule-1920086889",
            "ipv6_cidr_blocks": [],
            "prefix_list_ids": [],
            "protocol": "tcp",
            "security_group_id": "sg-0a0677b50097cbe12",
            "self": true,
            "source_security_group_id": "sg-0a0677b50097cbe12",
            "to_port": 9093,
            "type": "ingress"
          },
          "private": "eyJzY2hlbWFfdmVyc2lvbiI6IjIifQ==",
          "dependencies": [
            "module.kafka.aws_security_group.kafka"
          ]
        }
      ]
    },
    {
      "module": "module.kafka_connect",
      "mode": "managed",
      "type": "aws_security_group_rule",
      "name": "allow_kafkaconnect_port_LB",
      "provider": "provider.aws",
      "instances": [
        {
          "schema_version": 2,
          "attributes": {
            "cidr_blocks": [
              "10.90.0.101/32",
              "10.90.60.225/32",
              "10.90.30.96/32"
            ],
            "description": "Access from LB to port 8082 for  kafka connect",
            "from_port": 8082,
            "id": "sgrule-1724018810",
            "ipv6_cidr_blocks": [],
            "prefix_list_ids": [],
            "protocol": "tcp",
            "security_group_id": "sg-0cd108f2b83d73453",
            "self": false,
            "source_security_group_id": null,
            "to_port": 8082,
            "type": "ingress"
          },
          "private": "eyJzY2hlbWFfdmVyc2lvbiI6IjIifQ==",
          "dependencies": [
            "module.kafka_connect.aws_security_group.kafka_connect"
          ]
        }
      ]
    },
    {
      "module": "module.control_center",
      "mode": "managed",
      "type": "aws_security_group_rule",
      "name": "allow_node_exporter_port",
      "provider": "provider.aws",
      "instances": [
        {
          "schema_version": 2,
          "attributes": {
            "cidr_blocks": [],
            "description": "",
            "from_port": 9100,
            "id": "sgrule-2985080728",
            "ipv6_cidr_blocks": [],
            "prefix_list_ids": [],
            "protocol": "tcp",
            "security_group_id": "sg-03a7250fccb2c71fc",
            "self": true,
            "source_security_group_id": "sg-03a7250fccb2c71fc",
            "to_port": 9100,
            "type": "ingress"
          },
          "private": "eyJzY2hlbWFfdmVyc2lvbiI6IjIifQ==",
          "dependencies": [
            "module.control_center.aws_security_group.control_center"
          ]
        }
      ]
    },
    {
      "module": "module.kafka_connect",
      "mode": "managed",
      "type": "aws_security_group_rule",
      "name": "allow_node_exporter_port",
      "provider": "provider.aws",
      "instances": [
        {
          "schema_version": 2,
          "attributes": {
            "cidr_blocks": [],
            "description": "",
            "from_port": 9100,
            "id": "sgrule-1792738284",
            "ipv6_cidr_blocks": [],
            "prefix_list_ids": [],
            "protocol": "tcp",
            "security_group_id": "sg-0cd108f2b83d73453",
            "self": true,
            "source_security_group_id": "sg-0cd108f2b83d73453",
            "to_port": 9100,
            "type": "ingress"
          },
          "private": "eyJzY2hlbWFfdmVyc2lvbiI6IjIifQ==",
          "dependencies": [
            "module.kafka_connect.aws_security_group.kafka_connect"
          ]
        }
      ]
    },
    {
      "module": "module.schema_registry",
      "mode": "managed",
      "type": "aws_security_group_rule",
      "name": "allow_node_exporter_port",
      "provider": "provider.aws",
      "instances": [
        {
          "schema_version": 2,
          "attributes": {
            "cidr_blocks": [],
            "description": "",
            "from_port": 9100,
            "id": "sgrule-2514438774",
            "ipv6_cidr_blocks": [],
            "prefix_list_ids": [],
            "protocol": "tcp",
            "security_group_id": "sg-00b5985ee49a015b1",
            "self": true,
            "source_security_group_id": "sg-00b5985ee49a015b1",
            "to_port": 9100,
            "type": "ingress"
          },
          "private": "eyJzY2hlbWFfdmVyc2lvbiI6IjIifQ==",
          "dependencies": [
            "module.schema_registry.aws_security_group.schema_registry"
          ]
        }
      ]
    },
    {
      "module": "module.kafka",
      "mode": "managed",
      "type": "aws_security_group_rule",
      "name": "allow_node_exporter_port",
      "provider": "provider.aws",
      "instances": [
        {
          "schema_version": 2,
          "attributes": {
            "cidr_blocks": [],
            "description": "",
            "from_port": 9100,
            "id": "sgrule-3417636372",
            "ipv6_cidr_blocks": [],
            "prefix_list_ids": [],
            "protocol": "tcp",
            "security_group_id": "sg-0a0677b50097cbe12",
            "self": true,
            "source_security_group_id": "sg-0a0677b50097cbe12",
            "to_port": 9100,
            "type": "ingress"
          },
          "private": "eyJzY2hlbWFfdmVyc2lvbiI6IjIifQ==",
          "dependencies": [
            "module.kafka.aws_security_group.kafka"
          ]
        }
      ]
    },
    {
      "module": "module.zookeeper",
      "mode": "managed",
      "type": "aws_security_group_rule",
      "name": "allow_node_exporter_port",
      "provider": "provider.aws",
      "instances": [
        {
          "schema_version": 2,
          "attributes": {
            "cidr_blocks": [
              "0.0.0.0/0"
            ],
            "description": "",
            "from_port": 9100,
            "id": "sgrule-3548884157",
            "ipv6_cidr_blocks": [],
            "prefix_list_ids": [],
            "protocol": "tcp",
            "security_group_id": "sg-0b5c0a53c8b0c0d61",
            "self": false,
            "source_security_group_id": null,
            "to_port": 9100,
            "type": "ingress"
          },
          "private": "eyJzY2hlbWFfdmVyc2lvbiI6IjIifQ==",
          "dependencies": [
            "module.zookeeper.aws_security_group.zookeeper"
          ]
        }
      ]
    },
    {
      "module": "module.control_center",
      "mode": "managed",
      "type": "aws_security_group_rule",
      "name": "allow_ping_from_jump_host_ip_self_bastion_egress",
      "provider": "provider.aws",
      "instances": [
        {
          "schema_version": 2,
          "attributes": {
            "cidr_blocks": [
              "0.0.0.0/0"
            ],
            "description": "",
            "from_port": 0,
            "id": "sgrule-2700365736",
            "ipv6_cidr_blocks": [],
            "prefix_list_ids": [],
            "protocol": "-1",
            "security_group_id": "sg-03a7250fccb2c71fc",
            "self": false,
            "source_security_group_id": null,
            "to_port": 0,
            "type": "egress"
          },
          "private": "eyJzY2hlbWFfdmVyc2lvbiI6IjIifQ==",
          "dependencies": [
            "module.control_center.aws_security_group.control_center"
          ]
        }
      ]
    },
    {
      "module": "module.kafka_connect",
      "mode": "managed",
      "type": "aws_security_group_rule",
      "name": "allow_ping_from_jump_host_ip_self_bastion_egress",
      "provider": "provider.aws",
      "instances": [
        {
          "schema_version": 2,
          "attributes": {
            "cidr_blocks": [
              "0.0.0.0/0"
            ],
            "description": "",
            "from_port": 0,
            "id": "sgrule-1969006944",
            "ipv6_cidr_blocks": [],
            "prefix_list_ids": [],
            "protocol": "-1",
            "security_group_id": "sg-0cd108f2b83d73453",
            "self": false,
            "source_security_group_id": null,
            "to_port": 0,
            "type": "egress"
          },
          "private": "eyJzY2hlbWFfdmVyc2lvbiI6IjIifQ==",
          "dependencies": [
            "module.kafka_connect.aws_security_group.kafka_connect"
          ]
        }
      ]
    },
    {
      "module": "module.schema_registry",
      "mode": "managed",
      "type": "aws_security_group_rule",
      "name": "allow_ping_from_jump_host_ip_self_bastion_egress",
      "provider": "provider.aws",
      "instances": [
        {
          "schema_version": 2,
          "attributes": {
            "cidr_blocks": [
              "0.0.0.0/0"
            ],
            "description": "",
            "from_port": 0,
            "id": "sgrule-880847893",
            "ipv6_cidr_blocks": [],
            "prefix_list_ids": [],
            "protocol": "-1",
            "security_group_id": "sg-00b5985ee49a015b1",
            "self": false,
            "source_security_group_id": null,
            "to_port": 0,
            "type": "egress"
          },
          "private": "eyJzY2hlbWFfdmVyc2lvbiI6IjIifQ==",
          "dependencies": [
            "module.schema_registry.aws_security_group.schema_registry"
          ]
        }
      ]
    },
    {
      "module": "module.kafka",
      "mode": "managed",
      "type": "aws_security_group_rule",
      "name": "allow_ping_from_jump_host_ip_self_bastion_egress",
      "provider": "provider.aws",
      "instances": [
        {
          "schema_version": 2,
          "attributes": {
            "cidr_blocks": [
              "0.0.0.0/0"
            ],
            "description": "",
            "from_port": 0,
            "id": "sgrule-1040466506",
            "ipv6_cidr_blocks": [],
            "prefix_list_ids": [],
            "protocol": "-1",
            "security_group_id": "sg-0a0677b50097cbe12",
            "self": false,
            "source_security_group_id": null,
            "to_port": 0,
            "type": "egress"
          },
          "private": "eyJzY2hlbWFfdmVyc2lvbiI6IjIifQ==",
          "dependencies": [
            "module.kafka.aws_security_group.kafka"
          ]
        }
      ]
    },
    {
      "module": "module.zookeeper",
      "mode": "managed",
      "type": "aws_security_group_rule",
      "name": "allow_ping_from_jump_host_ip_self_bastion_egress",
      "provider": "provider.aws",
      "instances": [
        {
          "schema_version": 2,
          "attributes": {
            "cidr_blocks": [
              "0.0.0.0/0"
            ],
            "description": "",
            "from_port": 0,
            "id": "sgrule-101931041",
            "ipv6_cidr_blocks": [],
            "prefix_list_ids": [],
            "protocol": "-1",
            "security_group_id": "sg-0b5c0a53c8b0c0d61",
            "self": false,
            "source_security_group_id": null,
            "to_port": 0,
            "type": "egress"
          },
          "private": "eyJzY2hlbWFfdmVyc2lvbiI6IjIifQ==",
          "dependencies": [
            "module.zookeeper.aws_security_group.zookeeper"
          ]
        }
      ]
    },
    {
      "module": "module.schema_registry",
      "mode": "managed",
      "type": "aws_security_group_rule",
      "name": "allow_sg_port_LB",
      "provider": "provider.aws",
      "instances": [
        {
          "schema_version": 2,
          "attributes": {
            "cidr_blocks": [
              "10.90.0.101/32",
              "10.90.60.225/32",
              "10.90.30.96/32"
            ],
            "description": "Access from LB to port 8081 for kafka schema_registry",
            "from_port": 8081,
            "id": "sgrule-2126186544",
            "ipv6_cidr_blocks": [],
            "prefix_list_ids": [],
            "protocol": "tcp",
            "security_group_id": "sg-00b5985ee49a015b1",
            "self": false,
            "source_security_group_id": null,
            "to_port": 8081,
            "type": "ingress"
          },
          "private": "eyJzY2hlbWFfdmVyc2lvbiI6IjIifQ==",
          "dependencies": [
            "module.schema_registry.aws_security_group.schema_registry"
          ]
        }
      ]
    },
    {
      "module": "module.zookeeper",
      "mode": "managed",
      "type": "aws_security_group_rule",
      "name": "allow_zookeeper_internal_communication",
      "provider": "provider.aws",
      "instances": [
        {
          "schema_version": 2,
          "attributes": {
            "cidr_blocks": [],
            "description": "",
            "from_port": 2888,
            "id": "sgrule-1187060190",
            "ipv6_cidr_blocks": [],
            "prefix_list_ids": [],
            "protocol": "tcp",
            "security_group_id": "sg-0b5c0a53c8b0c0d61",
            "self": true,
            "source_security_group_id": "sg-0b5c0a53c8b0c0d61",
            "to_port": 2888,
            "type": "ingress"
          },
          "private": "eyJzY2hlbWFfdmVyc2lvbiI6IjIifQ==",
          "dependencies": [
            "module.zookeeper.aws_security_group.zookeeper"
          ]
        }
      ]
    },
    {
      "module": "module.zookeeper",
      "mode": "managed",
      "type": "aws_security_group_rule",
      "name": "allow_zookeeper_leader_election",
      "provider": "provider.aws",
      "instances": [
        {
          "schema_version": 2,
          "attributes": {
            "cidr_blocks": [],
            "description": "",
            "from_port": 3888,
            "id": "sgrule-576727573",
            "ipv6_cidr_blocks": [],
            "prefix_list_ids": [],
            "protocol": "tcp",
            "security_group_id": "sg-0b5c0a53c8b0c0d61",
            "self": true,
            "source_security_group_id": "sg-0b5c0a53c8b0c0d61",
            "to_port": 3888,
            "type": "ingress"
          },
          "private": "eyJzY2hlbWFfdmVyc2lvbiI6IjIifQ==",
          "dependencies": [
            "module.zookeeper.aws_security_group.zookeeper"
          ]
        }
      ]
    },
    {
      "module": "module.zookeeper",
      "mode": "managed",
      "type": "aws_security_group_rule",
      "name": "allow_zookeeper_quorum",
      "provider": "provider.aws",
      "instances": [
        {
          "schema_version": 2,
          "attributes": {
            "cidr_blocks": [],
            "description": "",
            "from_port": 2181,
            "id": "sgrule-1317551196",
            "ipv6_cidr_blocks": [],
            "prefix_list_ids": [],
            "protocol": "tcp",
            "security_group_id": "sg-0b5c0a53c8b0c0d61",
            "self": true,
            "source_security_group_id": "sg-0b5c0a53c8b0c0d61",
            "to_port": 2181,
            "type": "ingress"
          },
          "private": "eyJzY2hlbWFfdmVyc2lvbiI6IjIifQ==",
          "dependencies": [
            "module.zookeeper.aws_security_group.zookeeper"
          ]
        }
      ]
    },
    {
      "module": "module.schema_registry",
      "mode": "managed",
      "type": "aws_security_group_rule",
      "name": "http_schema_registry_access",
      "provider": "provider.aws",
      "instances": [
        {
          "schema_version": 2,
          "attributes": {
            "cidr_blocks": [],
            "description": "",
            "from_port": 8081,
            "id": "sgrule-2478813017",
            "ipv6_cidr_blocks": [],
            "prefix_list_ids": [],
            "protocol": "tcp",
            "security_group_id": "sg-00b5985ee49a015b1",
            "self": true,
            "source_security_group_id": "sg-00b5985ee49a015b1",
            "to_port": 8081,
            "type": "ingress"
          },
          "private": "eyJzY2hlbWFfdmVyc2lvbiI6IjIifQ==",
          "dependencies": [
            "module.schema_registry.aws_security_group.schema_registry"
          ]
        }
      ]
    },
    {
      "module": "module.kafka",
      "mode": "managed",
      "type": "aws_volume_attachment",
      "name": "ebs-volume-1-attachment",
      "each": "list",
      "provider": "provider.aws",
      "instances": [
        {
          "index_key": 0,
          "schema_version": 0,
          "attributes": {
            "device_name": "/dev/sdf",
            "force_detach": true,
            "id": "vai-2578676320",
            "instance_id": "i-0ca0d39123917e617",
            "skip_destroy": null,
            "volume_id": "vol-0cfbc9bc7e340a0f8"
          },
          "private": "bnVsbA==",
          "dependencies": [
            "aws_iam_instance_profile.ec2-iam-kafka-ssm-profile",
            "aws_iam_role.iam-ssm-kafka-host-role",
            "module.kafka.aws_ebs_volume.ebs-kafka-broker-data",
            "module.kafka.aws_instance.kafka",
            "module.kafka.aws_kms_key.kafka_broker_kms",
            "module.kafka.aws_security_group.kafka"
          ]
        },
        {
          "index_key": 1,
          "schema_version": 0,
          "attributes": {
            "device_name": "/dev/sdf",
            "force_detach": true,
            "id": "vai-1915595887",
            "instance_id": "i-03f1a7d4431ff52d7",
            "skip_destroy": null,
            "volume_id": "vol-079b6439fd9f2f366"
          },
          "private": "bnVsbA==",
          "dependencies": [
            "aws_iam_instance_profile.ec2-iam-kafka-ssm-profile",
            "aws_iam_role.iam-ssm-kafka-host-role",
            "module.kafka.aws_ebs_volume.ebs-kafka-broker-data",
            "module.kafka.aws_instance.kafka",
            "module.kafka.aws_kms_key.kafka_broker_kms",
            "module.kafka.aws_security_group.kafka"
          ]
        },
        {
          "index_key": 2,
          "schema_version": 0,
          "attributes": {
            "device_name": "/dev/sdf",
            "force_detach": true,
            "id": "vai-3849133715",
            "instance_id": "i-0836bb8a670328f95",
            "skip_destroy": null,
            "volume_id": "vol-0d8e89b17b10c4d7e"
          },
          "private": "bnVsbA==",
          "dependencies": [
            "aws_iam_instance_profile.ec2-iam-kafka-ssm-profile",
            "aws_iam_role.iam-ssm-kafka-host-role",
            "module.kafka.aws_ebs_volume.ebs-kafka-broker-data",
            "module.kafka.aws_instance.kafka",
            "module.kafka.aws_kms_key.kafka_broker_kms",
            "module.kafka.aws_security_group.kafka"
          ]
        },
        {
          "index_key": 3,
          "schema_version": 0,
          "attributes": {
            "device_name": "/dev/sdf",
            "force_detach": true,
            "id": "vai-4191586445",
            "instance_id": "i-0eb2baa34e86ee5cb",
            "skip_destroy": null,
            "volume_id": "vol-0ee0a8b6ec506da83"
          },
          "private": "bnVsbA==",
          "dependencies": [
            "aws_iam_instance_profile.ec2-iam-kafka-ssm-profile",
            "aws_iam_role.iam-ssm-kafka-host-role",
            "module.kafka.aws_ebs_volume.ebs-kafka-broker-data",
            "module.kafka.aws_instance.kafka",
            "module.kafka.aws_kms_key.kafka_broker_kms",
            "module.kafka.aws_security_group.kafka"
          ]
        },
        {
          "index_key": 4,
          "schema_version": 0,
          "attributes": {
            "device_name": "/dev/sdf",
            "force_detach": true,
            "id": "vai-3676649973",
            "instance_id": "i-003faad9cf29da3f9",
            "skip_destroy": null,
            "volume_id": "vol-06e611fcd668f7e56"
          },
          "private": "bnVsbA==",
          "dependencies": [
            "aws_iam_instance_profile.ec2-iam-kafka-ssm-profile",
            "aws_iam_role.iam-ssm-kafka-host-role",
            "module.kafka.aws_ebs_volume.ebs-kafka-broker-data",
            "module.kafka.aws_instance.kafka",
            "module.kafka.aws_kms_key.kafka_broker_kms",
            "module.kafka.aws_security_group.kafka"
          ]
        }
      ]
    },
    {
      "module": "module.zookeeper",
      "mode": "managed",
      "type": "aws_volume_attachment",
      "name": "ebs-volume-1-attachment",
      "each": "list",
      "provider": "provider.aws",
      "instances": [
        {
          "index_key": 0,
          "schema_version": 0,
          "attributes": {
            "device_name": "/dev/sdf",
            "force_detach": true,
            "id": "vai-1505107577",
            "instance_id": "i-0d27ac19ec8b9f71c",
            "skip_destroy": null,
            "volume_id": "vol-053b53bfaeb255fd1"
          },
          "private": "bnVsbA==",
          "dependencies": [
            "aws_iam_instance_profile.ec2-iam-kafka-ssm-profile",
            "aws_iam_role.iam-ssm-kafka-host-role",
            "module.zookeeper.aws_ebs_volume.ebs-zookeeper-data",
            "module.zookeeper.aws_instance.zookeeper",
            "module.zookeeper.aws_kms_key.kafka_zookeeper_kms",
            "module.zookeeper.aws_security_group.zookeeper"
          ]
        },
        {
          "index_key": 1,
          "schema_version": 0,
          "attributes": {
            "device_name": "/dev/sdf",
            "force_detach": true,
            "id": "vai-4203587364",
            "instance_id": "i-056f8e22cacc4859d",
            "skip_destroy": null,
            "volume_id": "vol-0016aa233d718423d"
          },
          "private": "bnVsbA==",
          "dependencies": [
            "aws_iam_instance_profile.ec2-iam-kafka-ssm-profile",
            "aws_iam_role.iam-ssm-kafka-host-role",
            "module.zookeeper.aws_ebs_volume.ebs-zookeeper-data",
            "module.zookeeper.aws_instance.zookeeper",
            "module.zookeeper.aws_kms_key.kafka_zookeeper_kms",
            "module.zookeeper.aws_security_group.zookeeper"
          ]
        },
        {
          "index_key": 2,
          "schema_version": 0,
          "attributes": {
            "device_name": "/dev/sdf",
            "force_detach": true,
            "id": "vai-2500466528",
            "instance_id": "i-0e22efb498d722cd9",
            "skip_destroy": null,
            "volume_id": "vol-0219d22d3ca67ec51"
          },
          "private": "bnVsbA==",
          "dependencies": [
            "aws_iam_instance_profile.ec2-iam-kafka-ssm-profile",
            "aws_iam_role.iam-ssm-kafka-host-role",
            "module.zookeeper.aws_ebs_volume.ebs-zookeeper-data",
            "module.zookeeper.aws_instance.zookeeper",
            "module.zookeeper.aws_kms_key.kafka_zookeeper_kms",
            "module.zookeeper.aws_security_group.zookeeper"
          ]
        },
        {
          "index_key": 3,
          "schema_version": 0,
          "attributes": {
            "device_name": "/dev/sdf",
            "force_detach": true,
            "id": "vai-1588110351",
            "instance_id": "i-0830720007b4416d4",
            "skip_destroy": null,
            "volume_id": "vol-0b69a36ae45b34c10"
          },
          "private": "bnVsbA==",
          "dependencies": [
            "aws_iam_instance_profile.ec2-iam-kafka-ssm-profile",
            "aws_iam_role.iam-ssm-kafka-host-role",
            "module.zookeeper.aws_ebs_volume.ebs-zookeeper-data",
            "module.zookeeper.aws_instance.zookeeper",
            "module.zookeeper.aws_kms_key.kafka_zookeeper_kms",
            "module.zookeeper.aws_security_group.zookeeper"
          ]
        },
        {
          "index_key": 4,
          "schema_version": 0,
          "attributes": {
            "device_name": "/dev/sdf",
            "force_detach": true,
            "id": "vai-2219620513",
            "instance_id": "i-05a3f6b453d16508e",
            "skip_destroy": null,
            "volume_id": "vol-0d3523b349cb5dc7a"
          },
          "private": "bnVsbA==",
          "dependencies": [
            "aws_iam_instance_profile.ec2-iam-kafka-ssm-profile",
            "aws_iam_role.iam-ssm-kafka-host-role",
            "module.zookeeper.aws_ebs_volume.ebs-zookeeper-data",
            "module.zookeeper.aws_instance.zookeeper",
            "module.zookeeper.aws_kms_key.kafka_zookeeper_kms",
            "module.zookeeper.aws_security_group.zookeeper"
          ]
        }
      ]
    },
    {
      "mode": "managed",
      "type": "local_file",
      "name": "private_key",
      "provider": "provider.local",
      "instances": [
        {
          "schema_version": 0,
          "attributes": {
            "content": "-----BEGIN RSA PRIVATE KEY-----\nMIIJKQIBAAKCAgEA0BqRRCExIwgU7mL9PU8r46ArXrx0NG5KgiwDEjV/Acrg51OS\nUXDFa3NyA770gsW6zYELUNy0t39+o+gRpRs9HNyn2YxmmAwhuU/aqlRrTkxhPb+O\nmxeL8rZ9PkIHWB2H/GHWZeewc02R2Iuucq+odAD1gGiOqyWytOqAj5dI6JumyyxN\nGhRQohDWgQSVEMNq2iOvdv1RaOJleI8/+TKL8HjAvRGuVOeeJWnJYyXFXnzYOYfd\nWDEd2bvHKgJCNwi5LY2M+luu72wKHJt2TLGqqNW2zTl152t/mOhETqV51cx2lnm7\nk58wOknOGns29/9CWbOLTxQllEeUCY9j4wpBpvRcTxRQ+G5fJ87rmEHVyAzMrvuX\nEYdHTmnIbi9s6JrhQkiRfWfZo2ktk1awFlEO1o9pThA7RzXLAotAr99WBMT6+Trd\nzMb3KwrsSFuXGr/Z+Q47iHhPZs/vrApoF6J1N7qPV7NZA8/efz2oak+9ZxHDpw2R\nkuYO5/AOebk5yXY6SdyhI70xiBGxXx7Lto339pKWJ9QrKm3E5Kv9c6BzHK1w9x4l\nyKA4bIu39IylE+crLJqrlXPJz2oO9UZ5JM6y2vFlW5nKIO4UYcDjdeLfSn4PDPoc\nKbDblY98vRuVgV0FQBwPtHiWqm6QYftLSmbhwmVh5pdBN4cXTnz7W2LMhccCAwEA\nAQKCAgAs81AlczX15yz+QQuKTqugQ1ya3gILwTb+3xrauAtzC6uAzCByzvUVvJ4I\nCRsvlB5BfXpAQSwX5sYoCVymWTfeIBtxdk5C0XwHVyRYXlu/Ueg/Oj1HatKj3p82\n73Q+qEJTVZ7F7EHE5iB2sdVAmIi+ZeahkfQfK8lqIq0aVwc8l0Jz6GHPHEw+dXyf\n6al5MXzHGaYxAY6wJRbd77NV1IE9tBeNv1/0nwMd+beyXto/CqB57Mr23cUg3tqq\nTEqZMJ0vJcAp49vpg2C7xSjMcCP4zBDsS1kYX7P0B1eZ1Ux3ze5fmnPV8zCrpn2K\nYssAznY6gfm5XxSu7rcfSYW96N09GqKzMGysibLSIH3TQJiALr4GGbclY3pbpLyw\nv69WLYmyCp2rabV5B5myw7Tl9/BBz4P2LfSqdhK/zCSJWZwJDVMygVPd++HuJUA0\nSZ9cF0LtAX0g8fhJtesZmuRQJ7TRiAz0ShLG1+a8HFlD5HKBlvsrSitnpcpAp/mF\nM6cDvhwK4kCjW/5EL+e0U4vVLfPTnkqkCnSCoicote696F/PAOffkrvd2HwSYQvD\n6eRUdq6nCuz4Rwv+fOycMIHLxDtUMijZ2KMExJezYLmWPXAYooWsKOGWCtuphWoK\nyYBUZHjh9e/z9n/KpWDUGm8yZzj4NbEmygKeIGSM2+/hGsfCYQKCAQEA0VAqLq9Y\n2KOXqt1Pc/CkwOQeG7fCSzc5hzdELWD28drIuSFNKHdOirAlsc7xXuMcqynqGVJy\nN9Mh4mwzwQ2eM1Nw5/2wMyViQw8n+CW2UP504E/NQD7njEbVmwTurtJmRi3/2WvM\nqKIi+t6wP2ZGZyEvLt6hkJX1BseMlwms6KBu3QTX0Vl9AiAwhxXXRjhuuNb9Brwt\nTYycfUIdtYPQxPUT5MbQ2bxS3Lw5MidiIU25FkKloG4KKxcprQOgCnNPEf7PSaQe\nK4k1rjTwMZzKfLBCkojYmEOQq3Hf7iiwOCdjlT0us3xPYR2NtYtcHy4tvOFTxvQp\njnYi3kNAoD/aiwKCAQEA/oVY/s6ZdzfXQqe3JX/aLXyyTH/p1+GDNwzn0CH5GFqc\nNDoLOO4b662iWilg5efXss883jDxu4qK9dzZUlcb9xDuKhteMQJJHvy1ux8dR06Z\ncFwZRe5Jn3C2f6DhaQVkEMzB16D0sxtNYEbK9a1Q9extgGU4WNaCK5IQH5R0Ife7\nDnK+/2r0veabi6CXj+wPzjRPh55Zhi6uhPeYVsIGYSl8v35aAJvgceRsCtgAIa0r\n4A94eDWMhG13mKCgXNKr9poNQ0HDQVdzrcEhqxGim3pyeBvofS76q/1C0aVHHGFT\nZbrVg1ps5gjUNqTclg24/tkIYExUJ+Oyl3jdAjC1NQKCAQEAxgXjgntdwMc0i/AI\nZRW7qMmoOmzlIifDA0uj8pKTzkhAMfVxe+Ezqz3uy4OPE0gmLUDgOsinSm0y13Wq\nmO/7RW+hl7mIYzrw9aR3GesDyyiRBk45Tpi0kx/IonpOHZLsM2T9coLsAnYyRck8\nUR6/aH4al2sEyzczsxBCz/nVXde6Stt0GplhDQvLHWHqYoKtLa4nf6Gz8nQe8NoG\nJV3puwxpn70AhZ4HftGMAwkDa6KOgqLW8ypn8FBfm1GcrYZdvhaloXPlHycWZBOt\nUiKV5tUShnN1BsiVK732LujLnrSVH/HcJu5qYuSE1sZbhxw3JUS/76+7SQ42+rQB\nhhoi9QKCAQEAxuFX2zOAw6GEuPboq4qt52FKyXAiP6hdqcSR1xbU1+zlpgG9By03\n7/7rn9w5dSymZXh+LXi9SzhEwT1jK24Z0gMOtyRPg6gvjuEU+DSl4jROvXeZ4AUE\nzmt6j1wdBr1Jpb75sQ56ZwHsglCPA038t02Zevyc/P4RFQ67PpH39Rrota+AA4GF\n4GW0IXTJOZLR/uTtSCG5/pm3kPsPtKtD5ORQMCoBFfy3cwd0TTzfTXFNmXU9Q2FE\nfa40B7Vr2VxdNwLFXkqi0goNwDXrowrSrv8NN0FHd5ogEgiCD+NAH7MFQbauZEdi\nVJWNjW1hWHc8mRbp7qV2FP1dbfLpb260CQKCAQBGcAku5gTTyKWJzd/wXaFwWNna\noIeI+cOpUIHxW+yK4kx8W+C60d8txtIboFA6Y13m1sy7YKE/NWl8GGvhzpXLfQYa\n3BxwcmSf/wSpMqER3qhxJ5VfyzWx0qf6vneUdvHjgDS1nubWlT2xlPLkpUrX3OQw\ntSIl0iFB8IpkbW7J1jo8HaVNhjg/WaeXO5U9M1iDXIX3MRkUimcejmBoXqlbmGIL\nsRH9d9Skef8izWT3b1DON0QQ0NKb+zRdTVOLna9eYBSGA0TmcAbk7P0Mm1NN4huR\nJlrZxQTCk/hjzY5OTL+XCWrl67FwbM80XNWJK9soZ8bqOI4mr5G3jwWgwaqg\n-----END RSA PRIVATE KEY-----\n",
            "content_base64": null,
            "directory_permission": "0777",
            "file_permission": "0777",
            "filename": "./../../secret/cert.pem",
            "id": "70229c832031ee2116ca486b7c95385b71618ec7",
            "sensitive_content": null
          },
          "private": "bnVsbA==",
          "dependencies": [
            "tls_private_key.key_pair"
          ]
        }
      ]
    },
    {
      "mode": "managed",
      "type": "null_resource",
      "name": "private_key_permissions",
      "provider": "provider.null",
      "instances": [
        {
          "schema_version": 0,
          "attributes": {
            "id": "4354532985587895396",
            "triggers": null
          },
          "dependencies": [
            "local_file.private_key",
            "tls_private_key.key_pair"
          ]
        }
      ]
    },
    {
      "mode": "managed",
      "type": "tls_private_key",
      "name": "key_pair",
      "provider": "provider.tls",
      "instances": [
        {
          "schema_version": 0,
          "attributes": {
            "algorithm": "RSA",
            "ecdsa_curve": "P224",
            "id": "6a9f2ae9457e2e8344fa692bb8ec09b3a20c8347",
            "private_key_pem": "-----BEGIN RSA PRIVATE KEY-----\nMIIJKQIBAAKCAgEA0BqRRCExIwgU7mL9PU8r46ArXrx0NG5KgiwDEjV/Acrg51OS\nUXDFa3NyA770gsW6zYELUNy0t39+o+gRpRs9HNyn2YxmmAwhuU/aqlRrTkxhPb+O\nmxeL8rZ9PkIHWB2H/GHWZeewc02R2Iuucq+odAD1gGiOqyWytOqAj5dI6JumyyxN\nGhRQohDWgQSVEMNq2iOvdv1RaOJleI8/+TKL8HjAvRGuVOeeJWnJYyXFXnzYOYfd\nWDEd2bvHKgJCNwi5LY2M+luu72wKHJt2TLGqqNW2zTl152t/mOhETqV51cx2lnm7\nk58wOknOGns29/9CWbOLTxQllEeUCY9j4wpBpvRcTxRQ+G5fJ87rmEHVyAzMrvuX\nEYdHTmnIbi9s6JrhQkiRfWfZo2ktk1awFlEO1o9pThA7RzXLAotAr99WBMT6+Trd\nzMb3KwrsSFuXGr/Z+Q47iHhPZs/vrApoF6J1N7qPV7NZA8/efz2oak+9ZxHDpw2R\nkuYO5/AOebk5yXY6SdyhI70xiBGxXx7Lto339pKWJ9QrKm3E5Kv9c6BzHK1w9x4l\nyKA4bIu39IylE+crLJqrlXPJz2oO9UZ5JM6y2vFlW5nKIO4UYcDjdeLfSn4PDPoc\nKbDblY98vRuVgV0FQBwPtHiWqm6QYftLSmbhwmVh5pdBN4cXTnz7W2LMhccCAwEA\nAQKCAgAs81AlczX15yz+QQuKTqugQ1ya3gILwTb+3xrauAtzC6uAzCByzvUVvJ4I\nCRsvlB5BfXpAQSwX5sYoCVymWTfeIBtxdk5C0XwHVyRYXlu/Ueg/Oj1HatKj3p82\n73Q+qEJTVZ7F7EHE5iB2sdVAmIi+ZeahkfQfK8lqIq0aVwc8l0Jz6GHPHEw+dXyf\n6al5MXzHGaYxAY6wJRbd77NV1IE9tBeNv1/0nwMd+beyXto/CqB57Mr23cUg3tqq\nTEqZMJ0vJcAp49vpg2C7xSjMcCP4zBDsS1kYX7P0B1eZ1Ux3ze5fmnPV8zCrpn2K\nYssAznY6gfm5XxSu7rcfSYW96N09GqKzMGysibLSIH3TQJiALr4GGbclY3pbpLyw\nv69WLYmyCp2rabV5B5myw7Tl9/BBz4P2LfSqdhK/zCSJWZwJDVMygVPd++HuJUA0\nSZ9cF0LtAX0g8fhJtesZmuRQJ7TRiAz0ShLG1+a8HFlD5HKBlvsrSitnpcpAp/mF\nM6cDvhwK4kCjW/5EL+e0U4vVLfPTnkqkCnSCoicote696F/PAOffkrvd2HwSYQvD\n6eRUdq6nCuz4Rwv+fOycMIHLxDtUMijZ2KMExJezYLmWPXAYooWsKOGWCtuphWoK\nyYBUZHjh9e/z9n/KpWDUGm8yZzj4NbEmygKeIGSM2+/hGsfCYQKCAQEA0VAqLq9Y\n2KOXqt1Pc/CkwOQeG7fCSzc5hzdELWD28drIuSFNKHdOirAlsc7xXuMcqynqGVJy\nN9Mh4mwzwQ2eM1Nw5/2wMyViQw8n+CW2UP504E/NQD7njEbVmwTurtJmRi3/2WvM\nqKIi+t6wP2ZGZyEvLt6hkJX1BseMlwms6KBu3QTX0Vl9AiAwhxXXRjhuuNb9Brwt\nTYycfUIdtYPQxPUT5MbQ2bxS3Lw5MidiIU25FkKloG4KKxcprQOgCnNPEf7PSaQe\nK4k1rjTwMZzKfLBCkojYmEOQq3Hf7iiwOCdjlT0us3xPYR2NtYtcHy4tvOFTxvQp\njnYi3kNAoD/aiwKCAQEA/oVY/s6ZdzfXQqe3JX/aLXyyTH/p1+GDNwzn0CH5GFqc\nNDoLOO4b662iWilg5efXss883jDxu4qK9dzZUlcb9xDuKhteMQJJHvy1ux8dR06Z\ncFwZRe5Jn3C2f6DhaQVkEMzB16D0sxtNYEbK9a1Q9extgGU4WNaCK5IQH5R0Ife7\nDnK+/2r0veabi6CXj+wPzjRPh55Zhi6uhPeYVsIGYSl8v35aAJvgceRsCtgAIa0r\n4A94eDWMhG13mKCgXNKr9poNQ0HDQVdzrcEhqxGim3pyeBvofS76q/1C0aVHHGFT\nZbrVg1ps5gjUNqTclg24/tkIYExUJ+Oyl3jdAjC1NQKCAQEAxgXjgntdwMc0i/AI\nZRW7qMmoOmzlIifDA0uj8pKTzkhAMfVxe+Ezqz3uy4OPE0gmLUDgOsinSm0y13Wq\nmO/7RW+hl7mIYzrw9aR3GesDyyiRBk45Tpi0kx/IonpOHZLsM2T9coLsAnYyRck8\nUR6/aH4al2sEyzczsxBCz/nVXde6Stt0GplhDQvLHWHqYoKtLa4nf6Gz8nQe8NoG\nJV3puwxpn70AhZ4HftGMAwkDa6KOgqLW8ypn8FBfm1GcrYZdvhaloXPlHycWZBOt\nUiKV5tUShnN1BsiVK732LujLnrSVH/HcJu5qYuSE1sZbhxw3JUS/76+7SQ42+rQB\nhhoi9QKCAQEAxuFX2zOAw6GEuPboq4qt52FKyXAiP6hdqcSR1xbU1+zlpgG9By03\n7/7rn9w5dSymZXh+LXi9SzhEwT1jK24Z0gMOtyRPg6gvjuEU+DSl4jROvXeZ4AUE\nzmt6j1wdBr1Jpb75sQ56ZwHsglCPA038t02Zevyc/P4RFQ67PpH39Rrota+AA4GF\n4GW0IXTJOZLR/uTtSCG5/pm3kPsPtKtD5ORQMCoBFfy3cwd0TTzfTXFNmXU9Q2FE\nfa40B7Vr2VxdNwLFXkqi0goNwDXrowrSrv8NN0FHd5ogEgiCD+NAH7MFQbauZEdi\nVJWNjW1hWHc8mRbp7qV2FP1dbfLpb260CQKCAQBGcAku5gTTyKWJzd/wXaFwWNna\noIeI+cOpUIHxW+yK4kx8W+C60d8txtIboFA6Y13m1sy7YKE/NWl8GGvhzpXLfQYa\n3BxwcmSf/wSpMqER3qhxJ5VfyzWx0qf6vneUdvHjgDS1nubWlT2xlPLkpUrX3OQw\ntSIl0iFB8IpkbW7J1jo8HaVNhjg/WaeXO5U9M1iDXIX3MRkUimcejmBoXqlbmGIL\nsRH9d9Skef8izWT3b1DON0QQ0NKb+zRdTVOLna9eYBSGA0TmcAbk7P0Mm1NN4huR\nJlrZxQTCk/hjzY5OTL+XCWrl67FwbM80XNWJK9soZ8bqOI4mr5G3jwWgwaqg\n-----END RSA PRIVATE KEY-----\n",
            "public_key_fingerprint_md5": "e2:d0:73:13:8d:ed:b2:5f:9d:dc:23:f8:39:b5:63:46",
            "public_key_openssh": "ssh-rsa AAAAB3NzaC1yc2EAAAADAQABAAACAQDQGpFEITEjCBTuYv09TyvjoCtevHQ0bkqCLAMSNX8ByuDnU5JRcMVrc3IDvvSCxbrNgQtQ3LS3f36j6BGlGz0c3KfZjGaYDCG5T9qqVGtOTGE9v46bF4vytn0+QgdYHYf8YdZl57BzTZHYi65yr6h0APWAaI6rJbK06oCPl0jom6bLLE0aFFCiENaBBJUQw2raI692/VFo4mV4jz/5MovweMC9Ea5U554lacljJcVefNg5h91YMR3Zu8cqAkI3CLktjYz6W67vbAocm3ZMsaqo1bbNOXXna3+Y6EROpXnVzHaWebuTnzA6Sc4aezb3/0JZs4tPFCWUR5QJj2PjCkGm9FxPFFD4bl8nzuuYQdXIDMyu+5cRh0dOachuL2zomuFCSJF9Z9mjaS2TVrAWUQ7Wj2lOEDtHNcsCi0Cv31YExPr5Ot3MxvcrCuxIW5cav9n5DjuIeE9mz++sCmgXonU3uo9Xs1kDz95/PahqT71nEcOnDZGS5g7n8A55uTnJdjpJ3KEjvTGIEbFfHsu2jff2kpYn1CsqbcTkq/1zoHMcrXD3HiXIoDhsi7f0jKUT5yssmquVc8nPag71RnkkzrLa8WVbmcog7hRhwON14t9Kfg8M+hwpsNuVj3y9G5WBXQVAHA+0eJaqbpBh+0tKZuHCZWHml0E3hxdOfPtbYsyFxw==\n",
            "public_key_pem": "-----BEGIN PUBLIC KEY-----\nMIICIjANBgkqhkiG9w0BAQEFAAOCAg8AMIICCgKCAgEA0BqRRCExIwgU7mL9PU8r\n46ArXrx0NG5KgiwDEjV/Acrg51OSUXDFa3NyA770gsW6zYELUNy0t39+o+gRpRs9\nHNyn2YxmmAwhuU/aqlRrTkxhPb+OmxeL8rZ9PkIHWB2H/GHWZeewc02R2Iuucq+o\ndAD1gGiOqyWytOqAj5dI6JumyyxNGhRQohDWgQSVEMNq2iOvdv1RaOJleI8/+TKL\n8HjAvRGuVOeeJWnJYyXFXnzYOYfdWDEd2bvHKgJCNwi5LY2M+luu72wKHJt2TLGq\nqNW2zTl152t/mOhETqV51cx2lnm7k58wOknOGns29/9CWbOLTxQllEeUCY9j4wpB\npvRcTxRQ+G5fJ87rmEHVyAzMrvuXEYdHTmnIbi9s6JrhQkiRfWfZo2ktk1awFlEO\n1o9pThA7RzXLAotAr99WBMT6+TrdzMb3KwrsSFuXGr/Z+Q47iHhPZs/vrApoF6J1\nN7qPV7NZA8/efz2oak+9ZxHDpw2RkuYO5/AOebk5yXY6SdyhI70xiBGxXx7Lto33\n9pKWJ9QrKm3E5Kv9c6BzHK1w9x4lyKA4bIu39IylE+crLJqrlXPJz2oO9UZ5JM6y\n2vFlW5nKIO4UYcDjdeLfSn4PDPocKbDblY98vRuVgV0FQBwPtHiWqm6QYftLSmbh\nwmVh5pdBN4cXTnz7W2LMhccCAwEAAQ==\n-----END PUBLIC KEY-----\n",
            "rsa_bits": 4096
          },
          "private": "bnVsbA=="
        }
      ]
    }
  ]
}
